<?xml version="1.0" encoding="utf-8"?>
<Project ToolsVersion="4.0" xmlns="http://schemas.microsoft.com/developer/msbuild/2003">
  <ItemGroup>
    <Filter Include="99.Default">
      <UniqueIdentifier>{281a772e-d89a-4db3-b94f-86dae70994b8}</UniqueIdentifier>
    </Filter>
    <Filter Include="00.ToolApp">
      <UniqueIdentifier>{06c10d09-454b-4ac3-b20a-629f2d08e138}</UniqueIdentifier>
    </Filter>
    <Filter Include="01.MainFrame">
      <UniqueIdentifier>{9cd29803-f179-4bb3-a089-c4bd8c813189}</UniqueIdentifier>
    </Filter>
    <Filter Include="02.ToolView">
      <UniqueIdentifier>{e0371b65-bd02-437d-a609-a5b4efed458e}</UniqueIdentifier>
    </Filter>
    <Filter Include="03.ToolDoc">
      <UniqueIdentifier>{43294817-fd87-4ff2-b642-f4fd5855948b}</UniqueIdentifier>
    </Filter>
    <Filter Include="98.Headers">
      <UniqueIdentifier>{93995380-89BD-4b04-88EB-625FBE52EBFB}</UniqueIdentifier>
      <Extensions>h;hh;hpp;hxx;h++;hm;inl;inc;ipp;xsd</Extensions>
    </Filter>
    <Filter Include="04.Form">
      <UniqueIdentifier>{13add188-425e-4683-848b-3c18a17c4761}</UniqueIdentifier>
    </Filter>
    <Filter Include="04.Form\02.NavigationTool">
      <UniqueIdentifier>{1ba8a96f-b7d5-4b5d-9f90-ed0b9f31e616}</UniqueIdentifier>
    </Filter>
    <Filter Include="04.Form\03.ActionCamTool">
      <UniqueIdentifier>{0cbc5080-806b-4340-b21c-add651cfc07b}</UniqueIdentifier>
    </Filter>
    <Filter Include="05.ToolObject">
      <UniqueIdentifier>{f72721d5-4940-4399-8234-b489c64d8f41}</UniqueIdentifier>
    </Filter>
    <Filter Include="04.Form\00.ObjectTool">
      <UniqueIdentifier>{78510ed9-4a03-447c-a266-d6b9596fc83e}</UniqueIdentifier>
    </Filter>
    <Filter Include="04.Form\01.MapTool">
      <UniqueIdentifier>{a419399f-d23d-46cd-91a4-c33cfc8da869}</UniqueIdentifier>
    </Filter>
    <Filter Include="04.Form\04.UITool">
      <UniqueIdentifier>{5ff6a1b5-8844-4f69-adfd-f252f785e10c}</UniqueIdentifier>
    </Filter>
    <Filter Include="97.ShaderFile">
      <UniqueIdentifier>{3afb8c5d-5124-4c8a-841a-5ce55c1613ba}</UniqueIdentifier>
    </Filter>
    <Filter Include="05.ToolObject\00.ToolObject">
      <UniqueIdentifier>{523db5aa-9e7e-45e6-903b-4dd5b342fee1}</UniqueIdentifier>
    </Filter>
    <Filter Include="05.ToolObject\01.ToolCamera">
      <UniqueIdentifier>{e7296700-33d5-43da-b8b2-e28519127404}</UniqueIdentifier>
    </Filter>
    <Filter Include="05.ToolObject\02.ToolUI">
      <UniqueIdentifier>{577778df-0e3b-4e87-82dd-88e69ba3f796}</UniqueIdentifier>
    </Filter>
    <Filter Include="05.ToolObject\03.ToolMouse">
      <UniqueIdentifier>{0bf08ea7-13b7-4eab-a385-e4d3f57f30f2}</UniqueIdentifier>
    </Filter>
    <Filter Include="05.ToolObject\04.ToolTerrain">
      <UniqueIdentifier>{7ab672a6-1114-4d3b-bda4-e36b984b912c}</UniqueIdentifier>
    </Filter>
    <Filter Include="05.ToolObject\05.ToolCell">
      <UniqueIdentifier>{570d622c-a64c-4716-9d46-cac51fe20a52}</UniqueIdentifier>
    </Filter>
    <Filter Include="05.ToolObject\05.ToolCell\00.ToolPoint">
      <UniqueIdentifier>{712c0776-7ff0-4135-9fcc-bb60280c7fac}</UniqueIdentifier>
    </Filter>
  </ItemGroup>
  <ItemGroup>
    <ClInclude Include="pch.h">
      <Filter>98.Headers</Filter>
    </ClInclude>
    <ClInclude Include="MainFrm.h">
      <Filter>01.MainFrame</Filter>
    </ClInclude>
    <ClInclude Include="ToolDoc.h">
      <Filter>03.ToolDoc</Filter>
    </ClInclude>
    <ClInclude Include="ToolView.h">
      <Filter>02.ToolView</Filter>
    </ClInclude>
    <ClInclude Include="Tool.h">
      <Filter>00.ToolApp</Filter>
    </ClInclude>
    <ClInclude Include="framework.h">
      <Filter>99.Default</Filter>
    </ClInclude>
    <ClInclude Include="Resource.h">
      <Filter>99.Default</Filter>
    </ClInclude>
    <ClInclude Include="targetver.h">
      <Filter>99.Default</Filter>
    </ClInclude>
    <ClInclude Include="..\Default\Tool_Include.h">
      <Filter>98.Headers</Filter>
    </ClInclude>
    <ClInclude Include="..\Default\Tool_Define.h">
      <Filter>98.Headers</Filter>
    </ClInclude>
    <ClInclude Include="Form.h">
      <Filter>04.Form</Filter>
    </ClInclude>
    <ClInclude Include="ActionCamTool.h">
      <Filter>04.Form\03.ActionCamTool</Filter>
    </ClInclude>
    <ClInclude Include="NavigationTool.h">
      <Filter>04.Form\02.NavigationTool</Filter>
    </ClInclude>
    <ClInclude Include="MapTool.h">
      <Filter>04.Form\01.MapTool</Filter>
    </ClInclude>
    <ClInclude Include="ObjectTool.h">
      <Filter>04.Form\00.ObjectTool</Filter>
    </ClInclude>
    <ClInclude Include="..\Default\Tool_Struct.h">
      <Filter>98.Headers</Filter>
    </ClInclude>
    <ClInclude Include="..\Default\Tool_Enum.h">
      <Filter>98.Headers</Filter>
    </ClInclude>
    <ClInclude Include="..\Default\Tool_Function.h">
      <Filter>98.Headers</Filter>
    </ClInclude>
    <ClInclude Include="..\Code\ToolObject.h">
      <Filter>05.ToolObject\00.ToolObject</Filter>
    </ClInclude>
    <ClInclude Include="..\Code\ToolCamera.h">
      <Filter>05.ToolObject\01.ToolCamera</Filter>
    </ClInclude>
    <ClInclude Include="UITool.h">
      <Filter>04.Form\04.UITool</Filter>
    </ClInclude>
    <ClInclude Include="..\Code\ToolUI.h">
      <Filter>05.ToolObject\02.ToolUI</Filter>
    </ClInclude>
    <ClInclude Include="..\Code\ToolMouse.h">
      <Filter>05.ToolObject\03.ToolMouse</Filter>
    </ClInclude>
    <ClInclude Include="..\Code\ToolTerrain.h">
      <Filter>05.ToolObject\04.ToolTerrain</Filter>
    </ClInclude>
    <ClInclude Include="..\bin\ShaderFile\Shader_RenderState.hpp">
      <Filter>97.ShaderFile</Filter>
    </ClInclude>
    <ClInclude Include="..\Code\ToolCell.h">
      <Filter>05.ToolObject\05.ToolCell</Filter>
    </ClInclude>
    <ClInclude Include="..\Code\ToolPoint.h">
      <Filter>05.ToolObject\05.ToolCell\00.ToolPoint</Filter>
    </ClInclude>
  </ItemGroup>
  <ItemGroup>
    <ClCompile Include="MainFrm.cpp">
      <Filter>01.MainFrame</Filter>
    </ClCompile>
    <ClCompile Include="ToolDoc.cpp">
      <Filter>03.ToolDoc</Filter>
    </ClCompile>
    <ClCompile Include="ToolView.cpp">
      <Filter>02.ToolView</Filter>
    </ClCompile>
    <ClCompile Include="Tool.cpp">
      <Filter>00.ToolApp</Filter>
    </ClCompile>
    <ClCompile Include="pch.cpp">
      <Filter>99.Default</Filter>
    </ClCompile>
    <ClCompile Include="Form.cpp">
      <Filter>04.Form</Filter>
    </ClCompile>
    <ClCompile Include="ActionCamTool.cpp">
      <Filter>04.Form\03.ActionCamTool</Filter>
    </ClCompile>
    <ClCompile Include="NavigationTool.cpp">
      <Filter>04.Form\02.NavigationTool</Filter>
    </ClCompile>
    <ClCompile Include="MapTool.cpp">
      <Filter>04.Form\01.MapTool</Filter>
    </ClCompile>
    <ClCompile Include="ObjectTool.cpp">
      <Filter>04.Form\00.ObjectTool</Filter>
    </ClCompile>
    <ClCompile Include="..\Code\ToolObject.cpp">
      <Filter>05.ToolObject\00.ToolObject</Filter>
    </ClCompile>
    <ClCompile Include="..\Code\ToolCamera.cpp">
      <Filter>05.ToolObject\01.ToolCamera</Filter>
    </ClCompile>
    <ClCompile Include="UITool.cpp">
      <Filter>04.Form\04.UITool</Filter>
    </ClCompile>
    <ClCompile Include="..\Code\ToolUI.cpp">
      <Filter>05.ToolObject\02.ToolUI</Filter>
    </ClCompile>
    <ClCompile Include="..\Code\ToolMouse.cpp">
      <Filter>05.ToolObject\03.ToolMouse</Filter>
    </ClCompile>
    <ClCompile Include="..\Code\ToolTerrain.cpp">
      <Filter>05.ToolObject\04.ToolTerrain</Filter>
    </ClCompile>
    <ClCompile Include="..\Code\ToolCell.cpp">
      <Filter>05.ToolObject\05.ToolCell</Filter>
    </ClCompile>
    <ClCompile Include="..\Code\ToolPoint.cpp">
      <Filter>05.ToolObject\05.ToolCell\00.ToolPoint</Filter>
    </ClCompile>
  </ItemGroup>
  <ItemGroup>
    <Image Include="res\Tool.ico">
      <Filter>99.Default</Filter>
    </Image>
    <Image Include="res\Toolbar.bmp">
      <Filter>99.Default</Filter>
    </Image>
    <Image Include="res\ToolDoc.ico">
      <Filter>99.Default</Filter>
    </Image>
  </ItemGroup>
  <ItemGroup>
    <ResourceCompile Include="Tool.rc">
      <Filter>99.Default</Filter>
    </ResourceCompile>
  </ItemGroup>
  <ItemGroup>
    <None Include="res\Tool.rc2">
      <Filter>99.Default</Filter>
    </None>
  </ItemGroup>
  <ItemGroup>
    <FxCompile Include="..\bin\ShaderFile\Shader_Cube.hlsl">
      <Filter>97.ShaderFile</Filter>
    </FxCompile>
    <FxCompile Include="..\bin\ShaderFile\Shader_Mesh.hlsl">
      <Filter>97.ShaderFile</Filter>
    </FxCompile>
    <FxCompile Include="..\bin\ShaderFile\Shader_Rect.hlsl">
      <Filter>97.ShaderFile</Filter>
    </FxCompile>
    <FxCompile Include="..\bin\ShaderFile\Shader_Terrain.hlsl">
      <Filter>97.ShaderFile</Filter>
    </FxCompile>
  </ItemGroup>
</Project>