<?xml version="1.0" encoding="utf-8"?>
<Project ToolsVersion="4.0" xmlns="http://schemas.microsoft.com/developer/msbuild/2003">
  <ItemGroup>
    <Filter Include="00.Utility">
      <UniqueIdentifier>{1a6781b7-5e85-4ea9-8eff-306258acfd3c}</UniqueIdentifier>
    </Filter>
    <Filter Include="01.System">
      <UniqueIdentifier>{7dd0d7ba-edf3-447c-a85e-839d73cd9953}</UniqueIdentifier>
    </Filter>
    <Filter Include="00.Utility\99.SuperClass">
      <UniqueIdentifier>{4c7f682e-2c9e-4e45-8533-c0a44ec8b3dc}</UniqueIdentifier>
    </Filter>
    <Filter Include="99.Defines">
      <UniqueIdentifier>{665a2748-01cb-40d8-9903-5bbba066d024}</UniqueIdentifier>
    </Filter>
    <Filter Include="01.System\00.Device">
      <UniqueIdentifier>{261c460c-25ed-4570-8ede-a2535858165f}</UniqueIdentifier>
    </Filter>
    <Filter Include="01.System\00.Device\Graphic">
      <UniqueIdentifier>{421b1d88-a842-450e-872f-bf2b841434b1}</UniqueIdentifier>
    </Filter>
    <Filter Include="01.System\00.Device\Input">
      <UniqueIdentifier>{5616ba1c-748f-4901-96c6-055568d50171}</UniqueIdentifier>
    </Filter>
    <Filter Include="01.System\00.Device\Sound">
      <UniqueIdentifier>{c2bc0560-eb4a-479c-a4bb-55c2b37bb946}</UniqueIdentifier>
    </Filter>
    <Filter Include="00.Utility\00.GameInstance">
      <UniqueIdentifier>{d07aa3dc-4fd0-4815-9830-95903c1c3d77}</UniqueIdentifier>
    </Filter>
    <Filter Include="00.Utility\01.Level">
      <UniqueIdentifier>{06e1b7a1-aafa-4cb2-a0c0-be409f60773d}</UniqueIdentifier>
    </Filter>
    <Filter Include="01.System\00.Device\Timer">
      <UniqueIdentifier>{9de4a30e-0e49-4a2c-854a-dc13d3dd1791}</UniqueIdentifier>
    </Filter>
    <Filter Include="00.Utility\02.GameObject">
      <UniqueIdentifier>{02113e4f-5751-4059-bd69-2a8569ce0e7a}</UniqueIdentifier>
    </Filter>
    <Filter Include="00.Utility\03.Component">
      <UniqueIdentifier>{5680c1a8-8074-418f-8055-8ca7d7352d1d}</UniqueIdentifier>
    </Filter>
    <Filter Include="00.Utility\06.DebugDraw">
      <UniqueIdentifier>{88ba24fe-dc15-4c6e-8bab-b08b3bb5190b}</UniqueIdentifier>
    </Filter>
    <Filter Include="00.Utility\04.Manager">
      <UniqueIdentifier>{1e446294-8b7d-4dd3-914b-7a11b78af10d}</UniqueIdentifier>
    </Filter>
    <Filter Include="00.Utility\04.Manager\00.PipeLine">
      <UniqueIdentifier>{adb5f830-14a5-47ff-be34-9833843760c2}</UniqueIdentifier>
    </Filter>
    <Filter Include="00.Utility\04.Manager\01.FontManager">
      <UniqueIdentifier>{56b2b1e2-b30d-41a0-848e-a51803d91514}</UniqueIdentifier>
    </Filter>
    <Filter Include="00.Utility\04.Manager\01.FontManager\00.Font">
      <UniqueIdentifier>{08738671-780d-49a6-a613-f0a53c25aff1}</UniqueIdentifier>
    </Filter>
    <Filter Include="00.Utility\04.Manager\02. LightManager">
      <UniqueIdentifier>{1fcfc307-815d-4e75-b148-98ab32871678}</UniqueIdentifier>
    </Filter>
    <Filter Include="00.Utility\04.Manager\02. LightManager\Light">
      <UniqueIdentifier>{571ed3e5-a325-4217-9bd2-1267df4db675}</UniqueIdentifier>
    </Filter>
    <Filter Include="00.Utility\04.Manager\03. RenderTargetManager">
      <UniqueIdentifier>{8104dec8-4d95-469c-9173-44bb25df1d68}</UniqueIdentifier>
    </Filter>
    <Filter Include="00.Utility\04.Manager\03. RenderTargetManager\00.RenderTarget">
      <UniqueIdentifier>{a0cde25b-3064-4cb9-87ab-e374733e9207}</UniqueIdentifier>
    </Filter>
    <Filter Include="00.Utility\04.Manager\04.ComponentManager">
      <UniqueIdentifier>{c7bd2587-9525-4ceb-a011-2c4209830b04}</UniqueIdentifier>
    </Filter>
    <Filter Include="00.Utility\04.Manager\05.GameObectManager">
      <UniqueIdentifier>{cbc26e05-8936-4bc7-a647-4df54c45879e}</UniqueIdentifier>
    </Filter>
    <Filter Include="00.Utility\04.Manager\06.LevelManager">
      <UniqueIdentifier>{acb99d7d-81b6-4835-aadb-f1e317cb780d}</UniqueIdentifier>
    </Filter>
    <Filter Include="00.Utility\04.Manager\07.SaveManager">
      <UniqueIdentifier>{43785e42-186f-415d-b7e7-6247e6b21b3d}</UniqueIdentifier>
    </Filter>
    <Filter Include="00.Utility\04.Manager\08. SoundManager">
      <UniqueIdentifier>{28d19886-6c26-4069-baed-17d064d73140}</UniqueIdentifier>
    </Filter>
    <Filter Include="00.Utility\04.Manager\09.Frustum">
      <UniqueIdentifier>{648536de-8e99-4454-8ba5-fbaad312b780}</UniqueIdentifier>
    </Filter>
    <Filter Include="00.Utility\04.Manager\10.TextureManager">
      <UniqueIdentifier>{834783af-6f57-4574-99f0-5641d0e0c7c9}</UniqueIdentifier>
    </Filter>
    <Filter Include="00.Utility\03.Component\00. Collider">
      <UniqueIdentifier>{9dca0461-debc-4c6c-860d-819ce7f0726d}</UniqueIdentifier>
    </Filter>
    <Filter Include="00.Utility\03.Component\01.Navigation">
      <UniqueIdentifier>{2a500d30-2624-40d7-a810-2d39efee41f8}</UniqueIdentifier>
    </Filter>
    <Filter Include="00.Utility\03.Component\01.Navigation\Cell">
      <UniqueIdentifier>{77714804-301d-457e-9a5d-5fc21e1feaf3}</UniqueIdentifier>
    </Filter>
    <Filter Include="00.Utility\03.Component\02.Renderer">
      <UniqueIdentifier>{08c7dca9-f7fc-41f6-9585-4500cff6754b}</UniqueIdentifier>
    </Filter>
    <Filter Include="00.Utility\03.Component\03.Texture">
      <UniqueIdentifier>{b90aa41e-6d2d-4ba7-a108-9b7aaef357ad}</UniqueIdentifier>
    </Filter>
    <Filter Include="00.Utility\03.Component\04.Transform">
      <UniqueIdentifier>{6d543e45-230a-437c-8b68-df9a975a8c93}</UniqueIdentifier>
    </Filter>
    <Filter Include="00.Utility\03.Component\05.VIBuffer">
      <UniqueIdentifier>{11e7f14c-5cb9-4490-9030-2db85c844991}</UniqueIdentifier>
    </Filter>
    <Filter Include="00.Utility\03.Component\05.VIBuffer\02.Rect">
      <UniqueIdentifier>{bd1f7e79-d40e-4dcd-9cae-553ba76e90f0}</UniqueIdentifier>
    </Filter>
    <Filter Include="00.Utility\03.Component\05.VIBuffer\05.Terrain">
      <UniqueIdentifier>{6e15e9d1-536a-4d74-b3d8-705d9973309d}</UniqueIdentifier>
    </Filter>
    <Filter Include="00.Utility\03.Component\05.VIBuffer\05.Terrain\QuadTree">
      <UniqueIdentifier>{5cf4d5c9-80c8-4498-9d02-c0602b73246c}</UniqueIdentifier>
    </Filter>
    <Filter Include="00.Utility\03.Component\05.VIBuffer\00.Cube">
      <UniqueIdentifier>{75c49422-c37a-4c1b-8156-aa3329a4c4c2}</UniqueIdentifier>
    </Filter>
    <Filter Include="00.Utility\03.Component\05.VIBuffer\06.Triangle">
      <UniqueIdentifier>{04fea5c6-4c6b-4dad-82f1-03de12890edd}</UniqueIdentifier>
    </Filter>
    <Filter Include="00.Utility\03.Component\05.VIBuffer\06.Triangle\Shader">
      <UniqueIdentifier>{6c5c40da-8382-48e7-a638-15860f1ac0ab}</UniqueIdentifier>
    </Filter>
    <Filter Include="00.Utility\03.Component\05.VIBuffer\03.RectInstance">
      <UniqueIdentifier>{fdede92b-a732-4a18-8d4d-e1b95b75a871}</UniqueIdentifier>
    </Filter>
    <Filter Include="00.Utility\03.Component\05.VIBuffer\01.PointInstance">
      <UniqueIdentifier>{88dc5b6e-abb6-4263-b179-594044f2a135}</UniqueIdentifier>
    </Filter>
    <Filter Include="00.Utility\03.Component\05.VIBuffer\04.RectViewport">
      <UniqueIdentifier>{06c7204f-95e4-4e9b-bdd3-b12dc0dacd27}</UniqueIdentifier>
    </Filter>
    <Filter Include="00.Utility\03.Component\05.VIBuffer\07.Model">
      <UniqueIdentifier>{024cea8e-15a1-49c2-922c-f2a2e48d523f}</UniqueIdentifier>
    </Filter>
    <Filter Include="00.Utility\03.Component\05.VIBuffer\07.Model\MeshContainer">
      <UniqueIdentifier>{7fedc3a4-54cb-4c70-bd57-8901cce6b021}</UniqueIdentifier>
    </Filter>
    <Filter Include="00.Utility\03.Component\05.VIBuffer\07.Model\Animation">
      <UniqueIdentifier>{577840cd-0f05-4774-af55-69de66a0108b}</UniqueIdentifier>
    </Filter>
    <Filter Include="00.Utility\03.Component\05.VIBuffer\07.Model\Animation\Channel">
      <UniqueIdentifier>{dc2604d4-5596-48b4-b985-f84ad490de92}</UniqueIdentifier>
    </Filter>
    <Filter Include="00.Utility\03.Component\05.VIBuffer\07.Model\HierarchyNode">
      <UniqueIdentifier>{c922e3e8-35fd-4933-9790-1382464c7430}</UniqueIdentifier>
    </Filter>
    <Filter Include="00.Utility\03.Component\06.Camera">
      <UniqueIdentifier>{54be378a-1b48-405a-ab79-310bb60858af}</UniqueIdentifier>
    </Filter>
    <Filter Include="00.Utility\02.GameObject\00.Layer">
      <UniqueIdentifier>{e2deeaff-7c98-45ac-a934-d77c82e0962e}</UniqueIdentifier>
    </Filter>
    <Filter Include="00.Utility\02.GameObject\01.UI">
      <UniqueIdentifier>{26b199a5-d747-435a-8a76-e82364faf843}</UniqueIdentifier>
    </Filter>
    <Filter Include="00.Utility\02.GameObject\02.Actor">
      <UniqueIdentifier>{76160bea-8e45-4e6e-9a5e-13bd3f34d44f}</UniqueIdentifier>
    </Filter>
    <Filter Include="00.Utility\02.GameObject\03.Effect">
      <UniqueIdentifier>{2cf37c07-d599-44eb-927c-50d78d47248e}</UniqueIdentifier>
    </Filter>
    <Filter Include="00.Utility\02.GameObject\04.LandScape">
      <UniqueIdentifier>{80f7751e-c8c1-436c-8b55-4bc5a7a0df45}</UniqueIdentifier>
    </Filter>
    <Filter Include="00.Utility\02.GameObject\05.Mouse">
      <UniqueIdentifier>{1b95795f-4541-4014-9a9d-da8ef4ca3aca}</UniqueIdentifier>
    </Filter>
    <Filter Include="00.Utility\03.Component\05.VIBuffer\08.Plane">
      <UniqueIdentifier>{01726ab9-e617-4063-b8f1-9417c63ad625}</UniqueIdentifier>
    </Filter>
    <Filter Include="00.Utility\04.Manager\11. PhsyicX">
      <UniqueIdentifier>{dcacacc8-e908-43f8-a712-29490a7b5ade}</UniqueIdentifier>
    </Filter>
    <Filter Include="00.Utility\03.Component\05.VIBuffer\09.InstanceExplosion">
      <UniqueIdentifier>{e8867ac6-25ad-483d-9401-60d4c28145ab}</UniqueIdentifier>
    </Filter>
    <Filter Include="00.Utility\03.Component\00. Collider\00.BoxCollider">
      <UniqueIdentifier>{94d49518-faf6-4a66-b9bf-a5fd3e8eaa5d}</UniqueIdentifier>
    </Filter>
    <Filter Include="00.Utility\03.Component\00. Collider\01.SphereCollider">
      <UniqueIdentifier>{cd25d787-bf8e-4b6e-962d-5ea20bc5e930}</UniqueIdentifier>
    </Filter>
    <Filter Include="00.Utility\03.Component\00. Collider\02.CapsuleCollider">
      <UniqueIdentifier>{8b44c132-8485-4399-a7c9-b437309230db}</UniqueIdentifier>
    </Filter>
    <Filter Include="00.Utility\03.Component\99.StateController">
      <UniqueIdentifier>{653655c4-81a7-4d5f-a934-1b7ed0e71dc6}</UniqueIdentifier>
    </Filter>
    <Filter Include="00.Utility\98.State">
      <UniqueIdentifier>{a8a8688a-21a7-42e8-ba50-4b382001b6a8}</UniqueIdentifier>
    </Filter>
  </ItemGroup>
  <ItemGroup>
    <ClInclude Include="..\public\Base.h">
      <Filter>00.Utility\99.SuperClass</Filter>
    </ClInclude>
    <ClInclude Include="..\public\Engine_Defines.h">
      <Filter>99.Defines</Filter>
    </ClInclude>
    <ClInclude Include="..\public\Engine_Macro.h">
      <Filter>99.Defines</Filter>
    </ClInclude>
    <ClInclude Include="..\public\Engine_Function.h">
      <Filter>99.Defines</Filter>
    </ClInclude>
    <ClInclude Include="..\public\Engine_Typedef.h">
      <Filter>99.Defines</Filter>
    </ClInclude>
    <ClInclude Include="..\public\Graphic_Device.h">
      <Filter>01.System\00.Device\Graphic</Filter>
    </ClInclude>
    <ClInclude Include="..\public\GameInstance.h">
      <Filter>00.Utility\00.GameInstance</Filter>
    </ClInclude>
    <ClInclude Include="..\public\Level.h">
      <Filter>00.Utility\01.Level</Filter>
    </ClInclude>
    <ClInclude Include="..\public\Timer.h">
      <Filter>01.System\00.Device\Timer</Filter>
    </ClInclude>
    <ClInclude Include="..\public\GameObject.h">
      <Filter>00.Utility\02.GameObject</Filter>
    </ClInclude>
    <ClInclude Include="..\public\Layer.h">
      <Filter>00.Utility\02.GameObject\00.Layer</Filter>
    </ClInclude>
    <ClInclude Include="..\public\Component.h">
      <Filter>00.Utility\03.Component</Filter>
    </ClInclude>
    <ClInclude Include="..\public\Renderer.h">
      <Filter>00.Utility\03.Component\02.Renderer</Filter>
    </ClInclude>
    <ClInclude Include="..\public\VIBuffer.h">
      <Filter>00.Utility\03.Component\05.VIBuffer</Filter>
    </ClInclude>
    <ClInclude Include="..\public\VIBuffer_Rect.h">
      <Filter>00.Utility\03.Component\05.VIBuffer\02.Rect</Filter>
    </ClInclude>
    <ClInclude Include="..\public\Engine_Struct.h">
      <Filter>99.Defines</Filter>
    </ClInclude>
    <ClInclude Include="..\public\Texture.h">
      <Filter>00.Utility\03.Component\03.Texture</Filter>
    </ClInclude>
    <ClInclude Include="..\public\VIBuffer_Terrain.h">
      <Filter>00.Utility\03.Component\05.VIBuffer\05.Terrain</Filter>
    </ClInclude>
    <ClInclude Include="..\public\Transform.h">
      <Filter>00.Utility\03.Component\04.Transform</Filter>
    </ClInclude>
    <ClInclude Include="..\public\PipeLine.h">
      <Filter>00.Utility\04.Manager\00.PipeLine</Filter>
    </ClInclude>
    <ClInclude Include="..\public\VIBuffer_Cube.h">
      <Filter>00.Utility\03.Component\05.VIBuffer\00.Cube</Filter>
    </ClInclude>
    <ClInclude Include="..\public\Model.h">
      <Filter>00.Utility\03.Component\05.VIBuffer\07.Model</Filter>
    </ClInclude>
    <ClInclude Include="..\public\MeshContainer.h">
      <Filter>00.Utility\03.Component\05.VIBuffer\07.Model\MeshContainer</Filter>
    </ClInclude>
    <ClInclude Include="..\public\Light.h">
      <Filter>00.Utility\04.Manager\02. LightManager\Light</Filter>
    </ClInclude>
    <ClInclude Include="..\public\HierarchyNode.h">
      <Filter>00.Utility\03.Component\05.VIBuffer\07.Model\HierarchyNode</Filter>
    </ClInclude>
    <ClInclude Include="..\public\Animation.h">
      <Filter>00.Utility\03.Component\05.VIBuffer\07.Model\Animation</Filter>
    </ClInclude>
    <ClInclude Include="..\public\Channel.h">
      <Filter>00.Utility\03.Component\05.VIBuffer\07.Model\Animation\Channel</Filter>
    </ClInclude>
    <ClInclude Include="..\public\DebugDraw.h">
      <Filter>00.Utility\06.DebugDraw</Filter>
    </ClInclude>
    <ClInclude Include="..\public\Collider.h">
      <Filter>00.Utility\03.Component\00. Collider</Filter>
    </ClInclude>
    <ClInclude Include="..\public\Navigation.h">
      <Filter>00.Utility\03.Component\01.Navigation</Filter>
    </ClInclude>
    <ClInclude Include="..\public\Cell.h">
      <Filter>00.Utility\03.Component\01.Navigation\Cell</Filter>
    </ClInclude>
    <ClInclude Include="..\public\VIBuffer_Triangle.h">
      <Filter>00.Utility\03.Component\05.VIBuffer\06.Triangle</Filter>
    </ClInclude>
    <ClInclude Include="..\public\VIBuffer_RectInstance.h">
      <Filter>00.Utility\03.Component\05.VIBuffer\03.RectInstance</Filter>
    </ClInclude>
    <ClInclude Include="..\public\VIBuffer_PointInstance.h">
      <Filter>00.Utility\03.Component\05.VIBuffer\01.PointInstance</Filter>
    </ClInclude>
    <ClInclude Include="..\public\VIBuffer_RectViewPort.h">
      <Filter>00.Utility\03.Component\05.VIBuffer\04.RectViewport</Filter>
    </ClInclude>
    <ClInclude Include="..\public\Frustum.h">
      <Filter>00.Utility\04.Manager\09.Frustum</Filter>
    </ClInclude>
    <ClInclude Include="..\public\QuadTree.h">
      <Filter>00.Utility\03.Component\05.VIBuffer\05.Terrain\QuadTree</Filter>
    </ClInclude>
    <ClInclude Include="..\public\Font_Manager.h">
      <Filter>00.Utility\04.Manager\01.FontManager</Filter>
    </ClInclude>
    <ClInclude Include="..\public\CustumFont.h">
      <Filter>00.Utility\04.Manager\01.FontManager\00.Font</Filter>
    </ClInclude>
    <ClInclude Include="..\public\Light_Manager.h">
      <Filter>00.Utility\04.Manager\02. LightManager</Filter>
    </ClInclude>
    <ClInclude Include="..\public\RenderTarget.h">
      <Filter>00.Utility\04.Manager\03. RenderTargetManager\00.RenderTarget</Filter>
    </ClInclude>
    <ClInclude Include="..\public\Target_Manager.h">
      <Filter>00.Utility\04.Manager\03. RenderTargetManager</Filter>
    </ClInclude>
    <ClInclude Include="..\public\Component_Manager.h">
      <Filter>00.Utility\04.Manager\04.ComponentManager</Filter>
    </ClInclude>
    <ClInclude Include="..\public\Object_Manager.h">
      <Filter>00.Utility\04.Manager\05.GameObectManager</Filter>
    </ClInclude>
    <ClInclude Include="..\public\Level_Manager.h">
      <Filter>00.Utility\04.Manager\06.LevelManager</Filter>
    </ClInclude>
    <ClInclude Include="..\public\SingleTon.h">
      <Filter>00.Utility\04.Manager</Filter>
    </ClInclude>
    <ClInclude Include="..\public\Timer_Manager.h">
      <Filter>01.System\00.Device\Timer</Filter>
    </ClInclude>
    <ClInclude Include="..\public\SaveManager.h">
      <Filter>00.Utility\04.Manager\07.SaveManager</Filter>
    </ClInclude>
    <ClInclude Include="..\public\SoundMgr.h">
      <Filter>00.Utility\04.Manager\08. SoundManager</Filter>
    </ClInclude>
    <ClInclude Include="..\public\TextureManager.h">
      <Filter>00.Utility\04.Manager\10.TextureManager</Filter>
    </ClInclude>
    <ClInclude Include="..\public\Engine_Enum.h">
      <Filter>99.Defines</Filter>
    </ClInclude>
    <ClInclude Include="..\public\Camera.h">
      <Filter>00.Utility\03.Component\06.Camera</Filter>
    </ClInclude>
    <ClInclude Include="..\public\Actor.h">
      <Filter>00.Utility\02.GameObject\02.Actor</Filter>
    </ClInclude>
    <ClInclude Include="..\public\Effect.h">
      <Filter>00.Utility\02.GameObject\03.Effect</Filter>
    </ClInclude>
    <ClInclude Include="..\public\LandScape.h">
      <Filter>00.Utility\02.GameObject\04.LandScape</Filter>
    </ClInclude>
    <ClInclude Include="..\public\Mouse.h">
      <Filter>00.Utility\02.GameObject\05.Mouse</Filter>
    </ClInclude>
    <ClInclude Include="..\public\UI.h">
      <Filter>00.Utility\02.GameObject\01.UI</Filter>
    </ClInclude>
    <ClInclude Include="..\public\InputDev.h">
      <Filter>01.System\00.Device\Input</Filter>
    </ClInclude>
    <ClInclude Include="..\public\VIBuffer_Plane.h">
      <Filter>00.Utility\03.Component\05.VIBuffer\08.Plane</Filter>
    </ClInclude>
    <ClInclude Include="..\public\PhysicsXSystem.h">
      <Filter>00.Utility\04.Manager\11. PhsyicX</Filter>
    </ClInclude>
    <ClInclude Include="..\public\VIBuffer_PointInstance_Explosion.h">
      <Filter>00.Utility\03.Component\05.VIBuffer\09.InstanceExplosion</Filter>
    </ClInclude>
    <ClInclude Include="..\public\BoxCollider.h">
      <Filter>00.Utility\03.Component\00. Collider\00.BoxCollider</Filter>
    </ClInclude>
    <ClInclude Include="..\public\SphereCollider.h">
      <Filter>00.Utility\03.Component\00. Collider\01.SphereCollider</Filter>
    </ClInclude>
    <ClInclude Include="..\public\CapsuleCollider.h">
      <Filter>00.Utility\03.Component\00. Collider\02.CapsuleCollider</Filter>
   </ClInclude>
    <ClInclude Include="..\public\State.h">
      <Filter>00.Utility\98.State</Filter>
    </ClInclude>
    <ClInclude Include="..\public\StateController.h">
      <Filter>00.Utility\03.Component\99.StateController</Filter>
    </ClInclude>
  </ItemGroup>
  <ItemGroup>
    <ClCompile Include="..\private\Base.cpp">
      <Filter>00.Utility\99.SuperClass</Filter>
    </ClCompile>
    <ClCompile Include="..\private\Graphic_Device.cpp">
      <Filter>01.System\00.Device\Graphic</Filter>
    </ClCompile>
    <ClCompile Include="..\private\GameInstance.cpp">
      <Filter>00.Utility\00.GameInstance</Filter>
    </ClCompile>
    <ClCompile Include="..\private\Level.cpp">
      <Filter>00.Utility\01.Level</Filter>
    </ClCompile>
    <ClCompile Include="..\private\Timer.cpp">
      <Filter>01.System\00.Device\Timer</Filter>
    </ClCompile>
    <ClCompile Include="..\private\GameObject.cpp">
      <Filter>00.Utility\02.GameObject</Filter>
    </ClCompile>
    <ClCompile Include="..\private\Layer.cpp">
      <Filter>00.Utility\02.GameObject\00.Layer</Filter>
    </ClCompile>
    <ClCompile Include="..\private\Component.cpp">
      <Filter>00.Utility\03.Component</Filter>
    </ClCompile>
    <ClCompile Include="..\private\Renderer.cpp">
      <Filter>00.Utility\03.Component\02.Renderer</Filter>
    </ClCompile>
    <ClCompile Include="..\private\VIBuffer.cpp">
      <Filter>00.Utility\03.Component\05.VIBuffer</Filter>
    </ClCompile>
    <ClCompile Include="..\private\VIBuffer_Rect.cpp">
      <Filter>00.Utility\03.Component\05.VIBuffer\02.Rect</Filter>
    </ClCompile>
    <ClCompile Include="..\private\Texture.cpp">
      <Filter>00.Utility\03.Component\03.Texture</Filter>
    </ClCompile>
    <ClCompile Include="..\private\VIBuffer_Terrain.cpp">
      <Filter>00.Utility\03.Component\05.VIBuffer\05.Terrain</Filter>
    </ClCompile>
    <ClCompile Include="..\private\Transform.cpp">
      <Filter>00.Utility\03.Component\04.Transform</Filter>
    </ClCompile>
    <ClCompile Include="..\private\PipeLine.cpp">
      <Filter>00.Utility\04.Manager\00.PipeLine</Filter>
    </ClCompile>
    <ClCompile Include="..\private\VIBuffer_Cube.cpp">
      <Filter>00.Utility\03.Component\05.VIBuffer\00.Cube</Filter>
    </ClCompile>
    <ClCompile Include="..\private\Model.cpp">
      <Filter>00.Utility\03.Component\05.VIBuffer\07.Model</Filter>
    </ClCompile>
    <ClCompile Include="..\private\MeshContainer.cpp">
      <Filter>00.Utility\03.Component\05.VIBuffer\07.Model\MeshContainer</Filter>
    </ClCompile>
    <ClCompile Include="..\private\Light.cpp">
      <Filter>00.Utility\04.Manager\02. LightManager\Light</Filter>
    </ClCompile>
    <ClCompile Include="..\private\HierarchyNode.cpp">
      <Filter>00.Utility\03.Component\05.VIBuffer\07.Model\HierarchyNode</Filter>
    </ClCompile>
    <ClCompile Include="..\private\Animation.cpp">
      <Filter>00.Utility\03.Component\05.VIBuffer\07.Model\Animation</Filter>
    </ClCompile>
    <ClCompile Include="..\private\Channel.cpp">
      <Filter>00.Utility\03.Component\05.VIBuffer\07.Model\Animation\Channel</Filter>
    </ClCompile>
    <ClCompile Include="..\private\DebugDraw.cpp">
      <Filter>00.Utility\06.DebugDraw</Filter>
    </ClCompile>
    <ClCompile Include="..\private\Collider.cpp">
      <Filter>00.Utility\03.Component\00. Collider</Filter>
    </ClCompile>
    <ClCompile Include="..\private\Navigation.cpp">
      <Filter>00.Utility\03.Component\01.Navigation</Filter>
    </ClCompile>
    <ClCompile Include="..\private\Cell.cpp">
      <Filter>00.Utility\03.Component\01.Navigation\Cell</Filter>
    </ClCompile>
    <ClCompile Include="..\private\VIBuffer_Triangle.cpp">
      <Filter>00.Utility\03.Component\05.VIBuffer\06.Triangle</Filter>
    </ClCompile>
    <ClCompile Include="..\private\VIBuffer_RectInstance.cpp">
      <Filter>00.Utility\03.Component\05.VIBuffer\03.RectInstance</Filter>
    </ClCompile>
    <ClCompile Include="..\private\VIBuffer_PointInstance.cpp">
      <Filter>00.Utility\03.Component\05.VIBuffer\01.PointInstance</Filter>
    </ClCompile>
    <ClCompile Include="..\private\VIBuffer_RectViewPort.cpp">
      <Filter>00.Utility\03.Component\05.VIBuffer\04.RectViewport</Filter>
    </ClCompile>
    <ClCompile Include="..\private\Frustum.cpp">
      <Filter>00.Utility\04.Manager\09.Frustum</Filter>
    </ClCompile>
    <ClCompile Include="..\private\QuadTree.cpp">
      <Filter>00.Utility\03.Component\05.VIBuffer\05.Terrain\QuadTree</Filter>
    </ClCompile>
    <ClCompile Include="..\private\Font_Manager.cpp">
      <Filter>00.Utility\04.Manager\01.FontManager</Filter>
    </ClCompile>
    <ClCompile Include="..\private\CustumFont.cpp">
      <Filter>00.Utility\04.Manager\01.FontManager\00.Font</Filter>
    </ClCompile>
    <ClCompile Include="..\private\Light_Manager.cpp">
      <Filter>00.Utility\04.Manager\02. LightManager</Filter>
    </ClCompile>
    <ClCompile Include="..\private\RenderTarget.cpp">
      <Filter>00.Utility\04.Manager\03. RenderTargetManager\00.RenderTarget</Filter>
    </ClCompile>
    <ClCompile Include="..\private\Target_Manager.cpp">
      <Filter>00.Utility\04.Manager\03. RenderTargetManager</Filter>
    </ClCompile>
    <ClCompile Include="..\private\Component_Manager.cpp">
      <Filter>00.Utility\04.Manager\04.ComponentManager</Filter>
    </ClCompile>
    <ClCompile Include="..\private\Object_Manager.cpp">
      <Filter>00.Utility\04.Manager\05.GameObectManager</Filter>
    </ClCompile>
    <ClCompile Include="..\private\Level_Manager.cpp">
      <Filter>00.Utility\04.Manager\06.LevelManager</Filter>
    </ClCompile>
    <ClCompile Include="..\private\Timer_Manager.cpp">
      <Filter>01.System\00.Device\Timer</Filter>
    </ClCompile>
    <ClCompile Include="..\private\SaveManager.cpp">
      <Filter>00.Utility\04.Manager\07.SaveManager</Filter>
    </ClCompile>
    <ClCompile Include="..\private\SoundMgr.cpp">
      <Filter>00.Utility\04.Manager\08. SoundManager</Filter>
    </ClCompile>
    <ClCompile Include="..\private\TextureManager.cpp">
      <Filter>00.Utility\04.Manager\10.TextureManager</Filter>
    </ClCompile>
    <ClCompile Include="..\private\Camera.cpp">
      <Filter>00.Utility\03.Component\06.Camera</Filter>
    </ClCompile>
    <ClCompile Include="..\private\UI.cpp">
      <Filter>00.Utility\02.GameObject\01.UI</Filter>
    </ClCompile>
    <ClCompile Include="..\private\Actor.cpp">
      <Filter>00.Utility\02.GameObject\02.Actor</Filter>
    </ClCompile>
    <ClCompile Include="..\private\Effect.cpp">
      <Filter>00.Utility\02.GameObject\03.Effect</Filter>
    </ClCompile>
    <ClCompile Include="..\private\LandScape.cpp">
      <Filter>00.Utility\02.GameObject\04.LandScape</Filter>
    </ClCompile>
    <ClCompile Include="..\private\Mouse.cpp">
      <Filter>00.Utility\02.GameObject\05.Mouse</Filter>
    </ClCompile>
    <ClCompile Include="..\private\InputDev.cpp">
      <Filter>01.System\00.Device\Input</Filter>
    </ClCompile>
    <ClCompile Include="..\private\VIBuffer_Plane.cpp">
      <Filter>00.Utility\03.Component\05.VIBuffer\08.Plane</Filter>
    </ClCompile>
    <ClCompile Include="..\private\PhysicsXSystem.cpp">
      <Filter>00.Utility\04.Manager\11. PhsyicX</Filter>
    </ClCompile>
    <ClCompile Include="..\private\VIBuffer_PointInstance_Explosion.cpp">
      <Filter>00.Utility\03.Component\05.VIBuffer\09.InstanceExplosion</Filter>
    </ClCompile>
    <ClCompile Include="..\private\BoxCollider.cpp">
      <Filter>00.Utility\03.Component\00. Collider\00.BoxCollider</Filter>
    </ClCompile>
    <ClCompile Include="..\private\SphereCollider.cpp">
      <Filter>00.Utility\03.Component\00. Collider\01.SphereCollider</Filter>
    </ClCompile>
    <ClCompile Include="..\private\CapsuleCollider.cpp">
      <Filter>00.Utility\03.Component\00. Collider\02.CapsuleCollider</Filter>
    </ClCompile>
    <ClCompile Include="..\private\State.cpp">
      <Filter>00.Utility\98.State</Filter>
    </ClCompile>
    <ClCompile Include="..\private\StateController.cpp">
      <Filter>00.Utility\03.Component\99.StateController</Filter>
    </ClCompile>
  </ItemGroup>
  <ItemGroup>
    <FxCompile Include="..\bin\ShaderFiles\Shader_Triangle.hlsl">
      <Filter>00.Utility\03.Component\05.VIBuffer\06.Triangle\Shader</Filter>
    </FxCompile>
    <FxCompile Include="..\bin\ShaderFiles\Shader_RectViewport.hlsl">
      <Filter>00.Utility\04.Manager\03. RenderTargetManager</Filter>
    </FxCompile>
  </ItemGroup>
</Project>