<?xml version="1.0" encoding="utf-8"?>
<Project ToolsVersion="4.0" xmlns="http://schemas.microsoft.com/developer/msbuild/2003">
  <ItemGroup>
    <Filter Include="00.MainFrm">
      <UniqueIdentifier>{21910e43-5c53-4c19-858b-9226ad397e49}</UniqueIdentifier>
    </Filter>
    <Filter Include="01.View">
      <UniqueIdentifier>{c25503e7-29d1-45e2-acbc-aaa5f1b48e04}</UniqueIdentifier>
    </Filter>
    <Filter Include="02.Document">
      <UniqueIdentifier>{9e10d5ab-2f8d-40e2-b1ba-93f2604a1b8d}</UniqueIdentifier>
    </Filter>
    <Filter Include="03.Dialogs">
      <UniqueIdentifier>{04e5aac2-5882-4214-884a-76110dbb4ddd}</UniqueIdentifier>
    </Filter>
    <Filter Include="99.Default">
      <UniqueIdentifier>{82cea4ab-1546-4b15-92fd-f7651c977bcd}</UniqueIdentifier>
    </Filter>
    <Filter Include="01.View\FormView">
      <UniqueIdentifier>{c3d30494-b935-4496-99b6-d3208777add2}</UniqueIdentifier>
    </Filter>
    <Filter Include="98.Headers">
      <UniqueIdentifier>{9466d298-a650-44ca-88ee-ccd5a6a8f8ed}</UniqueIdentifier>
    </Filter>
    <Filter Include="04.Object">
      <UniqueIdentifier>{c42e021a-7f14-477a-bd2b-c15e7ae03a40}</UniqueIdentifier>
    </Filter>
    <Filter Include="04.Object\00.Camera">
      <UniqueIdentifier>{86157280-3ba2-4b1e-ab3d-de78409ea5c7}</UniqueIdentifier>
    </Filter>
    <Filter Include="04.Object\01.UI">
      <UniqueIdentifier>{52c11962-4420-4ac3-a2d0-afa6790a74b4}</UniqueIdentifier>
    </Filter>
    <Filter Include="00.MFCMainApp">
      <UniqueIdentifier>{c93c659a-57b0-47cb-b3c5-60c07a97aa45}</UniqueIdentifier>
    </Filter>
    <Filter Include="05.Level">
      <UniqueIdentifier>{6f9794fb-6f57-4ed2-a5ad-20a0d84795cf}</UniqueIdentifier>
    </Filter>
    <Filter Include="03.Dialogs\UI">
      <UniqueIdentifier>{cf01d0c5-14c4-4f53-b4f9-0507bdb3e915}</UniqueIdentifier>
    </Filter>
    <Filter Include="03.Dialogs\Effect">
      <UniqueIdentifier>{4fdd28a7-769c-4322-a749-3e105f7f9746}</UniqueIdentifier>
    </Filter>
    <Filter Include="04.Object\00.Camera\ORTHO">
      <UniqueIdentifier>{5c931bc1-30ba-455b-b531-d56c7b61aabc}</UniqueIdentifier>
    </Filter>
    <Filter Include="04.Object\00.Camera\PROJ">
      <UniqueIdentifier>{43004f90-92ac-40fc-b427-6b799fa36951}</UniqueIdentifier>
    </Filter>
    <Filter Include="04.Object\02.Effect">
      <UniqueIdentifier>{9653456b-150e-466f-ae95-99a56539c0bc}</UniqueIdentifier>
    </Filter>
    <Filter Include="04.Object\03.Terrain">
      <UniqueIdentifier>{cc7a4746-69d8-4b0d-87e4-573c462a4ef1}</UniqueIdentifier>
    </Filter>
    <Filter Include="05.Level\UI">
      <UniqueIdentifier>{c783d54f-80be-4bd0-b5af-fca8b726683c}</UniqueIdentifier>
    </Filter>
    <Filter Include="05.Level\Effect">
      <UniqueIdentifier>{2896475c-aac4-4f70-9959-9da15d79502c}</UniqueIdentifier>
    </Filter>
    <Filter Include="04.Object\02.Effect\Floating">
      <UniqueIdentifier>{5c6426a2-70c4-4be3-97dc-4e84839d8046}</UniqueIdentifier>
    </Filter>
    <Filter Include="04.Object\02.Effect\Env_Floating">
      <UniqueIdentifier>{3fefaa1d-e465-4205-a006-61b06452ac29}</UniqueIdentifier>
    </Filter>
    <Filter Include="04.Object\02.Effect\Respawn">
      <UniqueIdentifier>{a096ee32-1f65-4f8f-8939-3cf837f554a0}</UniqueIdentifier>
    </Filter>
    <Filter Include="04.Object\02.Effect\Floating\00.Normal">
      <UniqueIdentifier>{6adc910a-cf05-45b8-bc01-5e501973b8ed}</UniqueIdentifier>
    </Filter>
    <Filter Include="04.Object\02.Effect\Floating\01.Speed">
      <UniqueIdentifier>{7d870cff-da4e-4ae0-a53e-9c8fcf1121fd}</UniqueIdentifier>
    </Filter>
  </ItemGroup>
  <ItemGroup>
    <ClInclude Include="MainFrm.h">
      <Filter>00.MainFrm</Filter>
    </ClInclude>
    <ClInclude Include="UIToolDoc.h">
      <Filter>02.Document</Filter>
    </ClInclude>
    <ClInclude Include="UIToolView.h">
      <Filter>01.View</Filter>
    </ClInclude>
    <ClInclude Include="framework.h">
      <Filter>99.Default</Filter>
    </ClInclude>
    <ClInclude Include="pch.h">
      <Filter>99.Default</Filter>
    </ClInclude>
    <ClInclude Include="Resource.h">
      <Filter>99.Default</Filter>
    </ClInclude>
    <ClInclude Include="targetver.h">
      <Filter>99.Default</Filter>
    </ClInclude>
    <ClInclude Include="UITool.h">
      <Filter>99.Default</Filter>
    </ClInclude>
    <ClInclude Include="MyFormView.h">
      <Filter>01.View\FormView</Filter>
    </ClInclude>
    <ClInclude Include="UI_Tool_Define.h">
      <Filter>98.Headers</Filter>
    </ClInclude>
    <ClInclude Include="MFCObject_UI.h">
      <Filter>04.Object\01.UI</Filter>
    </ClInclude>
    <ClInclude Include="MFCMainApp.h">
      <Filter>00.MFCMainApp</Filter>
    </ClInclude>
    <ClInclude Include="UITool_Dlg.h">
      <Filter>03.Dialogs\UI</Filter>
    </ClInclude>
    <ClInclude Include="EffectTool_Dlg.h">
      <Filter>03.Dialogs\Effect</Filter>
    </ClInclude>
    <ClInclude Include="MFCCamera.h">
      <Filter>04.Object\00.Camera\ORTHO</Filter>
    </ClInclude>
    <ClInclude Include="MFCCamera_Proj.h">
      <Filter>04.Object\00.Camera\PROJ</Filter>
    </ClInclude>
    <ClInclude Include="MFCEffect.h">
      <Filter>04.Object\02.Effect</Filter>
    </ClInclude>
    <ClInclude Include="MFCTerrain.h">
      <Filter>04.Object\03.Terrain</Filter>
    </ClInclude>
    <ClInclude Include="MFCLevel_Logo.h">
      <Filter>05.Level\UI</Filter>
    </ClInclude>
    <ClInclude Include="MFCLevel_Play.h">
      <Filter>05.Level\Effect</Filter>
    </ClInclude>
    <ClInclude Include="MFCEffect_Env_floating.h">
      <Filter>04.Object\02.Effect\Env_Floating</Filter>
    </ClInclude>
    <ClInclude Include="MFCEffect_Respawn.h">
      <Filter>04.Object\02.Effect\Respawn</Filter>
    </ClInclude>
    <ClInclude Include="MFCEffect_floating.h">
      <Filter>04.Object\02.Effect\Floating\00.Normal</Filter>
    </ClInclude>
    <ClInclude Include="MFCEffect_floating_Speed.h">
      <Filter>04.Object\02.Effect\Floating\01.Speed</Filter>
    </ClInclude>
  </ItemGroup>
  <ItemGroup>
    <ClCompile Include="MainFrm.cpp">
      <Filter>00.MainFrm</Filter>
    </ClCompile>
    <ClCompile Include="UIToolDoc.cpp">
      <Filter>02.Document</Filter>
    </ClCompile>
    <ClCompile Include="UIToolView.cpp">
      <Filter>01.View</Filter>
    </ClCompile>
    <ClCompile Include="UITool.cpp">
      <Filter>99.Default</Filter>
    </ClCompile>
    <ClCompile Include="pch.cpp">
      <Filter>99.Default</Filter>
    </ClCompile>
    <ClCompile Include="MyFormView.cpp">
      <Filter>01.View\FormView</Filter>
    </ClCompile>
    <ClCompile Include="MFCObject_UI.cpp">
      <Filter>04.Object\01.UI</Filter>
    </ClCompile>
    <ClCompile Include="MFCMainApp.cpp">
      <Filter>00.MFCMainApp</Filter>
    </ClCompile>
    <ClCompile Include="UITool_Dlg.cpp">
      <Filter>03.Dialogs\UI</Filter>
    </ClCompile>
    <ClCompile Include="EffectTool_Dlg.cpp">
      <Filter>03.Dialogs\Effect</Filter>
    </ClCompile>
    <ClCompile Include="MFCCamera.cpp">
      <Filter>04.Object\00.Camera\ORTHO</Filter>
    </ClCompile>
    <ClCompile Include="MFCCamera_Proj.cpp">
      <Filter>04.Object\00.Camera\PROJ</Filter>
    </ClCompile>
    <ClCompile Include="MFCEffect.cpp">
      <Filter>04.Object\02.Effect</Filter>
    </ClCompile>
    <ClCompile Include="MFCTerrain.cpp">
      <Filter>04.Object\03.Terrain</Filter>
    </ClCompile>
    <ClCompile Include="MFCLevel_Logo.cpp">
      <Filter>05.Level\UI</Filter>
    </ClCompile>
    <ClCompile Include="MFCLevel_Play.cpp">
      <Filter>05.Level\Effect</Filter>
    </ClCompile>
    <ClCompile Include="MFCEffect_Env_floating.cpp">
      <Filter>04.Object\02.Effect\Env_Floating</Filter>
    </ClCompile>
    <ClCompile Include="MFCEffect_Respawn.cpp">
      <Filter>04.Object\02.Effect\Respawn</Filter>
    </ClCompile>
    <ClCompile Include="MFCEffect_floating.cpp">
      <Filter>04.Object\02.Effect\Floating\00.Normal</Filter>
    </ClCompile>
    <ClCompile Include="MFCEffect_floating_Speed.cpp">
      <Filter>04.Object\02.Effect\Floating\01.Speed</Filter>
    </ClCompile>
  </ItemGroup>
  <ItemGroup>
    <Image Include="res\UITool.ico">
      <Filter>99.Default</Filter>
    </Image>
    <Image Include="res\UIToolDoc.ico">
      <Filter>99.Default</Filter>
    </Image>
  </ItemGroup>
  <ItemGroup>
    <ResourceCompile Include="UITool.rc">
      <Filter>99.Default</Filter>
    </ResourceCompile>
  </ItemGroup>
  <ItemGroup>
    <None Include="res\UITool.rc2">
      <Filter>99.Default</Filter>
    </None>
  </ItemGroup>
</Project>