<?xml version="1.0" encoding="utf-8"?>
<Project ToolsVersion="4.0" xmlns="http://schemas.microsoft.com/developer/msbuild/2003">
  <ItemGroup>
    <Filter Include="99.Default">
      <UniqueIdentifier>{4c615150-21ae-4a5c-b481-71b70d76748b}</UniqueIdentifier>
    </Filter>
    <Filter Include="98.Headers">
      <UniqueIdentifier>{96eda15f-74ed-47dc-ba01-308cf57bfc5c}</UniqueIdentifier>
    </Filter>
    <Filter Include="00.MainGame">
      <UniqueIdentifier>{77744ede-73e8-4a86-9387-22f105cb42bb}</UniqueIdentifier>
    </Filter>
    <Filter Include="01.Scene">
      <UniqueIdentifier>{9e263673-2d49-4631-b81e-17e3fed66b69}</UniqueIdentifier>
    </Filter>
    <Filter Include="01.Scene\00.Logo">
      <UniqueIdentifier>{cac3034c-dd8b-47e8-afc7-da6cb3e9501e}</UniqueIdentifier>
    </Filter>
    <Filter Include="01.Scene\01.Loading">
      <UniqueIdentifier>{7422941d-4d51-474c-be5e-f6a0e862edd3}</UniqueIdentifier>
    </Filter>
    <Filter Include="01.Scene\01.Loading\00.Loader">
      <UniqueIdentifier>{5fc128d8-a6b0-4069-a1d5-9b84151e16b3}</UniqueIdentifier>
    </Filter>
    <Filter Include="97.DebugSystem">
      <UniqueIdentifier>{b4bd8d9b-cb93-4756-811e-26837882420d}</UniqueIdentifier>
    </Filter>
    <Filter Include="01.Scene\02.Stage">
      <UniqueIdentifier>{7b03efd1-8edb-483a-9e4d-de2be570d5c2}</UniqueIdentifier>
    </Filter>
    <Filter Include="01.Scene\99.TestScene_JS">
      <UniqueIdentifier>{b6e86d0a-b561-409f-9266-5b3cc0b5111e}</UniqueIdentifier>
    </Filter>
    <Filter Include="02.GameObject">
      <UniqueIdentifier>{f2cdd416-1246-46fe-9651-260378957611}</UniqueIdentifier>
    </Filter>
    <Filter Include="02.GameObject\00. BackGround">
      <UniqueIdentifier>{3e9f8b1d-79d3-4ea6-8887-0f1a331282cb}</UniqueIdentifier>
    </Filter>
    <Filter Include="02.GameObject\01. MainCamera">
      <UniqueIdentifier>{8b18fdcc-5500-4069-924b-f1bd56f8854d}</UniqueIdentifier>
    </Filter>
    <Filter Include="02.GameObject\01. MainCamera\ProjectionCam">
      <UniqueIdentifier>{b39d66ed-89a6-46d9-8ed8-5f311d203299}</UniqueIdentifier>
    </Filter>
    <Filter Include="02.GameObject\01. MainCamera\OrthoCam">
      <UniqueIdentifier>{65662b41-31ce-4b36-8d8e-957a55ecdb6d}</UniqueIdentifier>
    </Filter>
    <Filter Include="02.GameObject\99.TestObj">
      <UniqueIdentifier>{0437e1aa-690d-4d50-9a9f-8e81ae5f8eb9}</UniqueIdentifier>
    </Filter>
    <Filter Include="02.GameObject\04.Effect">
      <UniqueIdentifier>{8a92a3f2-2ab5-4eeb-a712-96f614c298ff}</UniqueIdentifier>
    </Filter>
    <Filter Include="02.GameObject\04.Effect\01.Effect_DashDust_Player">
      <UniqueIdentifier>{387da879-a8da-43c1-a901-c84527a9b9f2}</UniqueIdentifier>
    </Filter>
    <Filter Include="02.GameObject\05.UI">
      <UniqueIdentifier>{ea588900-5830-4a87-bbb5-2525229f11a6}</UniqueIdentifier>
    </Filter>
    <Filter Include="02.GameObject\05.UI\01.UI_Ingame">
      <UniqueIdentifier>{2697be6f-d512-4375-9c64-b12c0e1ffaec}</UniqueIdentifier>
    </Filter>
    <Filter Include="02.GameObject\96.Weapon">
      <UniqueIdentifier>{4de56d05-7178-4ee0-a266-5f7bb2773397}</UniqueIdentifier>
    </Filter>
    <Filter Include="02.GameObject\96.Weapon\00.Needle">
      <UniqueIdentifier>{3eee425a-e769-4d53-87d7-fe962081c44a}</UniqueIdentifier>
    </Filter>
    <Filter Include="02.GameObject\96.Weapon\01.Fury">
      <UniqueIdentifier>{41f5effc-3bc6-4200-b217-cd324fcb7c7a}</UniqueIdentifier>
    </Filter>
    <Filter Include="02.GameObject\05.UI\01.UI_Ingame\01.Meter">
      <UniqueIdentifier>{25729745-f9c6-4a84-b355-89c40ec68f2c}</UniqueIdentifier>
    </Filter>
    <Filter Include="02.GameObject\05.UI\01.UI_Ingame\01.Meter\00.Player">
      <UniqueIdentifier>{4de05ff2-3d03-4f3b-ad4d-09b3e5ba1d89}</UniqueIdentifier>
    </Filter>
    <Filter Include="02.GameObject\05.UI\01.UI_Ingame\01.Meter\02.Monster">
      <UniqueIdentifier>{502a6b26-1f52-4b01-ba20-de46249aa8be}</UniqueIdentifier>
    </Filter>
    <Filter Include="02.GameObject\05.UI\01.UI_Ingame\00.UI_Ingame_Static">
      <UniqueIdentifier>{25165615-4570-4a4e-bba1-7184efc01ed4}</UniqueIdentifier>
    </Filter>
    <Filter Include="02.GameObject\05.UI\01.UI_Ingame\01.Meter\03.Experience">
      <UniqueIdentifier>{e9863d16-3274-42ad-b939-668432992c6a}</UniqueIdentifier>
    </Filter>
    <Filter Include="02.GameObject\05.UI\01.UI_Ingame\01.Meter\04.Quest">
      <UniqueIdentifier>{27923a70-84a2-468f-a230-34f40a40682f}</UniqueIdentifier>
    </Filter>
    <Filter Include="02.GameObject\05.UI\01.UI_Ingame\01.Meter\05.Tutorial">
      <UniqueIdentifier>{15bb2a83-2c91-4dd2-8f5a-44ac8b9947eb}</UniqueIdentifier>
    </Filter>
    <Filter Include="02.GameObject\05.UI\01.UI_Ingame\01.Meter\05.Tutorial\01.SideTutorial">
      <UniqueIdentifier>{084cbf4c-c0f2-467b-b1a2-0cbd5dfed096}</UniqueIdentifier>
    </Filter>
    <Filter Include="02.GameObject\05.UI\01.UI_Ingame\01.Meter\05.Tutorial\00.WindowTutorial">
      <UniqueIdentifier>{35f9989b-6fcb-4f33-8ef7-b58dd6d6549f}</UniqueIdentifier>
    </Filter>
    <Filter Include="02.GameObject\05.UI\01.UI_Ingame\01.Meter\02.Monster\02.LevelUI">
      <UniqueIdentifier>{b525fe55-b1b3-46b1-b25d-5a2f5862ee98}</UniqueIdentifier>
    </Filter>
    <Filter Include="02.GameObject\05.UI\01.UI_Ingame\01.Meter\02.Monster\01.BackUI">
      <UniqueIdentifier>{a09772d0-1451-4530-a375-7fe1820525c4}</UniqueIdentifier>
    </Filter>
    <Filter Include="02.GameObject\05.UI\01.UI_Ingame\01.Meter\02.Monster\00.Panel">
      <UniqueIdentifier>{03b93ce8-7782-46d2-877d-9aad77e75074}</UniqueIdentifier>
    </Filter>
    <Filter Include="02.GameObject\05.UI\01.UI_Ingame\01.Meter\02.Monster\03.HpUI">
      <UniqueIdentifier>{8d05bd08-0e08-4584-9925-592ea048aeab}</UniqueIdentifier>
    </Filter>
    <Filter Include="02.GameObject\96.Weapon\99.Shield">
      <UniqueIdentifier>{a9a4ad69-9913-4775-b0c0-8025825621ca}</UniqueIdentifier>
    </Filter>
    <Filter Include="01.Scene\98.TestScene_YM">
      <UniqueIdentifier>{8e37d1fe-95e3-4c35-bcbf-fba13eeabb78}</UniqueIdentifier>
    </Filter>
    <Filter Include="02.GameObject\96.Weapon\02.RetributionBlade">
      <UniqueIdentifier>{493beca5-7248-489a-b7af-b6706549a6e7}</UniqueIdentifier>
    </Filter>
    <Filter Include="02.GameObject\94.Observer">
      <UniqueIdentifier>{940d0a05-11c0-4eb4-a1d5-243f18cbc146}</UniqueIdentifier>
    </Filter>
    <Filter Include="02.GameObject\05.UI\01.UI_Ingame\01.Meter\00.Player\00.HpBar_Green">
      <UniqueIdentifier>{5669ad8b-59eb-4030-b7fe-a090faac3e0f}</UniqueIdentifier>
    </Filter>
    <Filter Include="02.GameObject\05.UI\01.UI_Ingame\01.Meter\00.Player\01.HpBar_Red">
      <UniqueIdentifier>{3bc79af9-7de6-4fdb-bd68-25821baf2a4b}</UniqueIdentifier>
    </Filter>
    <Filter Include="02.GameObject\96.Weapon\03.Stargazer">
      <UniqueIdentifier>{c7467934-81e9-48c7-9c6f-403039f32fbb}</UniqueIdentifier>
    </Filter>
    <Filter Include="01.Scene\100.TestScene_SB">
      <UniqueIdentifier>{976dac7e-cb0b-4d33-ad07-182416607cee}</UniqueIdentifier>
    </Filter>
    <Filter Include="02.GameObject\03.Character">
      <UniqueIdentifier>{81c1fb5a-5f64-45b1-b48c-f368e2157c7c}</UniqueIdentifier>
    </Filter>
    <Filter Include="02.GameObject\03.Character\00.Player">
      <UniqueIdentifier>{ea0db492-8f6d-4cf1-9f49-a1483fa2eb10}</UniqueIdentifier>
    </Filter>
    <Filter Include="02.GameObject\03.Character\00.Player\00.Silvermane">
      <UniqueIdentifier>{c9df52b7-2319-4d77-a2e8-0a052e39157d}</UniqueIdentifier>
    </Filter>
    <Filter Include="02.GameObject\03.Character\00.Player\00.Silvermane\State">
      <UniqueIdentifier>{ef05c7f7-5a10-49d2-a495-156cd2854a96}</UniqueIdentifier>
    </Filter>
    <Filter Include="02.GameObject\03.Character\00.Player\00.Silvermane\State\1H_Sword">
      <UniqueIdentifier>{0e4cba26-3aae-4f52-85e9-e564bdabc551}</UniqueIdentifier>
    </Filter>
    <Filter Include="02.GameObject\03.Character\00.Player\00.Silvermane\State\1H_Sword\R1">
      <UniqueIdentifier>{b633d97d-462e-48c6-867d-562024140055}</UniqueIdentifier>
    </Filter>
    <Filter Include="02.GameObject\03.Character\00.Player\00.Silvermane\State\1H_Sword\R2">
      <UniqueIdentifier>{c0d08387-07b4-4d7c-a318-5ece1884a341}</UniqueIdentifier>
    </Filter>
    <Filter Include="02.GameObject\03.Character\00.Player\00.Silvermane\State\1H_Sword\Dash">
      <UniqueIdentifier>{222e2ebe-0f75-418e-8c0b-3c3fa18868d4}</UniqueIdentifier>
    </Filter>
    <Filter Include="02.GameObject\03.Character\00.Player\00.Silvermane\State\1H_Sword\Default">
      <UniqueIdentifier>{46707690-282f-43ef-b597-bc4ac8b961ef}</UniqueIdentifier>
    </Filter>
    <Filter Include="02.GameObject\03.Character\00.Player\00.Silvermane\State\1H_Sword\Jog">
      <UniqueIdentifier>{4c43f7b0-8a55-4a1e-90c3-d1d2fa61b380}</UniqueIdentifier>
    </Filter>
    <Filter Include="02.GameObject\03.Character\00.Player\00.Silvermane\State\2H_Hammer">
      <UniqueIdentifier>{09b012e7-83f6-4d29-8792-13efdc82098c}</UniqueIdentifier>
    </Filter>
    <Filter Include="02.GameObject\03.Character\00.Player\00.Silvermane\State\2H_Hammer\Default">
      <UniqueIdentifier>{76d183de-db73-4482-b897-41f812405f31}</UniqueIdentifier>
    </Filter>
    <Filter Include="02.GameObject\03.Character\00.Player\00.Silvermane\State\2H_Hammer\Jog">
      <UniqueIdentifier>{a587da2b-ac44-42ed-8ed7-3acc2294bbce}</UniqueIdentifier>
    </Filter>
    <Filter Include="02.GameObject\03.Character\00.Player\00.Silvermane\State\2H_Hammer\R1">
      <UniqueIdentifier>{8442c6e8-1b71-42cb-9465-65001b52b72f}</UniqueIdentifier>
    </Filter>
    <Filter Include="02.GameObject\03.Character\00.Player\00.Silvermane\State\2H_Hammer\R2">
      <UniqueIdentifier>{e33ba3ef-21b0-430f-8b2b-2ca2d50e74c5}</UniqueIdentifier>
    </Filter>
    <Filter Include="02.GameObject\03.Character\00.Player\00.Silvermane\State\Hand">
      <UniqueIdentifier>{19b51444-9f5c-44a9-bc78-08fede730b1b}</UniqueIdentifier>
    </Filter>
    <Filter Include="02.GameObject\03.Character\00.Player\00.Silvermane\State\Hand\Default">
      <UniqueIdentifier>{1536151b-11e6-4800-81eb-1e5406329ed6}</UniqueIdentifier>
    </Filter>
    <Filter Include="02.GameObject\03.Character\00.Player\00.Silvermane\State\Hand\Jog">
      <UniqueIdentifier>{01f7ac04-32d9-487c-9957-9dcf393a6d81}</UniqueIdentifier>
    </Filter>
    <Filter Include="02.GameObject\03.Character\00.Player\00.Silvermane\State\Hand\Sprint">
      <UniqueIdentifier>{f86ae29b-ccc6-4e20-aafd-431e17d61329}</UniqueIdentifier>
    </Filter>
    <Filter Include="02.GameObject\03.Character\00.Player\00.Silvermane\State\Shield">
      <UniqueIdentifier>{4590a2ac-338a-47ba-8c6b-df9838b1d71e}</UniqueIdentifier>
    </Filter>
    <Filter Include="02.GameObject\03.Character\00.Player\00.Silvermane\State\Shield\Block">
      <UniqueIdentifier>{e8029245-54e6-452e-b4e4-f1f6a5409528}</UniqueIdentifier>
    </Filter>
    <Filter Include="02.GameObject\03.Character\00.Player\00.Silvermane\State\Shield\Walk">
      <UniqueIdentifier>{d66c57df-414a-42b9-8a22-8de350e11a0f}</UniqueIdentifier>
    </Filter>
    <Filter Include="02.GameObject\03.Character\00.Player\00.Silvermane\State\Shield\Attack">
      <UniqueIdentifier>{d31e6c56-beaa-4aaa-a144-eba3c2cdafff}</UniqueIdentifier>
    </Filter>
    <Filter Include="02.GameObject\03.Character\00.Player\00.Silvermane\State\Jump">
      <UniqueIdentifier>{c46bf2a8-6d72-4573-8057-fad1bf3781e0}</UniqueIdentifier>
    </Filter>
    <Filter Include="02.GameObject\03.Character\00.Player\00.Silvermane\Camera">
      <UniqueIdentifier>{fff034f3-6d84-4669-b0c2-9e3d6be892c0}</UniqueIdentifier>
    </Filter>
    <Filter Include="02.GameObject\03.Character\01.Monster">
      <UniqueIdentifier>{4eb6e82c-5d39-4760-aeda-4732c2357b3b}</UniqueIdentifier>
    </Filter>
    <Filter Include="02.GameObject\03.Character\01.Monster\Bastion_2HSword">
      <UniqueIdentifier>{6a8d6a38-662f-4d40-b3d6-331656a470eb}</UniqueIdentifier>
    </Filter>
    <Filter Include="02.GameObject\03.Character\01.Monster\Bastion_2HSword\State_2HSword">
      <UniqueIdentifier>{af1e5dd1-ee66-47a7-aec3-1945a6e5ae03}</UniqueIdentifier>
    </Filter>
    <Filter Include="02.GameObject\03.Character\01.Monster\Bastion_2HSword\State_2HSword\Dash">
      <UniqueIdentifier>{c23a677a-c591-4bd2-8e17-78ac1f993745}</UniqueIdentifier>
    </Filter>
    <Filter Include="02.GameObject\03.Character\01.Monster\Bastion_2HSword\State_2HSword\Chaser">
      <UniqueIdentifier>{a2d12d7f-0e2d-42e3-9df6-ec3b41216d6c}</UniqueIdentifier>
    </Filter>
    <Filter Include="02.GameObject\03.Character\01.Monster\Bastion_2HSword\State_2HSword\Idle">
      <UniqueIdentifier>{18041324-6424-4135-85dd-5f36abcfcc46}</UniqueIdentifier>
    </Filter>
    <Filter Include="02.GameObject\03.Character\01.Monster\Bastion_2HSword\State_2HSword\Attack">
      <UniqueIdentifier>{3eaa0c37-22a5-4c1c-9f2b-98016a66f7b6}</UniqueIdentifier>
    </Filter>
    <Filter Include="02.GameObject\03.Character\01.Monster\Bastion_2HSword\State_2HSword\Death">
      <UniqueIdentifier>{47fa8725-e6cb-49c0-87f1-92cb4ca29640}</UniqueIdentifier>
    </Filter>
    <Filter Include="02.GameObject\03.Character\01.Monster\Bastion_2HSword\State_2HSword\Rage">
      <UniqueIdentifier>{bd8eebf8-c00f-4303-9ddc-b43dfb509314}</UniqueIdentifier>
    </Filter>
    <Filter Include="02.GameObject\03.Character\01.Monster\Bastion_2HSword\State_2HSword\Rage\Rage_Attack">
      <UniqueIdentifier>{b13c53f4-6c0a-428b-b366-9dd68df48dd5}</UniqueIdentifier>
    </Filter>
    <Filter Include="02.GameObject\03.Character\01.Monster\Bastion_2HSword\State_2HSword\Hit">
      <UniqueIdentifier>{7622b84d-629f-47c9-91a2-0c5b83b391dc}</UniqueIdentifier>
    </Filter>
    <Filter Include="02.GameObject\50.JumpNode">
      <UniqueIdentifier>{15743125-3fab-4955-a1a7-2c3ab22ace2e}</UniqueIdentifier>
    </Filter>
    <Filter Include="02.GameObject\03.Character\01.Monster\Bastion_Healer">
      <UniqueIdentifier>{335bed18-d7d5-4883-82c3-5137d2e1cbc5}</UniqueIdentifier>
    </Filter>
    <Filter Include="02.GameObject\03.Character\01.Monster\Bastion_Shooter">
      <UniqueIdentifier>{9ff8a515-17bc-40fa-a1a9-f012b45f5d19}</UniqueIdentifier>
    </Filter>
    <Filter Include="02.GameObject\03.Character\01.Monster\Bastion_Shooter\Idle">
      <UniqueIdentifier>{98de4f7a-c550-41c1-9300-e3be3582d049}</UniqueIdentifier>
    </Filter>
    <Filter Include="02.GameObject\03.Character\01.Monster\Bastion_Shooter\Attack">
      <UniqueIdentifier>{0e465f15-42b9-4038-9066-ca93866e3c94}</UniqueIdentifier>
    </Filter>
    <Filter Include="02.GameObject\03.Character\01.Monster\Bastion_Spear">
      <UniqueIdentifier>{985a4737-6984-45e3-b7aa-e1c5e0c5c488}</UniqueIdentifier>
    </Filter>
    <Filter Include="02.GameObject\03.Character\01.Monster\Bastion_Sword">
      <UniqueIdentifier>{f21fcb8a-8935-4037-bb0e-677bf69fee18}</UniqueIdentifier>
    </Filter>
    <Filter Include="02.GameObject\03.Character\01.Monster\Bastion_Sword\00.State">
      <UniqueIdentifier>{9607ce11-6263-4e1e-8495-2de83143c495}</UniqueIdentifier>
    </Filter>
    <Filter Include="02.GameObject\03.Character\01.Monster\Bastion_Sword\00.State\00.Idle">
      <UniqueIdentifier>{2398d3e4-0aad-4c0a-b779-2676cae6f42f}</UniqueIdentifier>
    </Filter>
    <Filter Include="02.GameObject\03.Character\01.Monster\Bastion_Sword\00.State\01.Chase">
      <UniqueIdentifier>{198aa2cf-1f67-4f22-b567-e3dc4942f330}</UniqueIdentifier>
    </Filter>
    <Filter Include="02.GameObject\03.Character\01.Monster\Bastion_Sword\00.State\02.Attack">
      <UniqueIdentifier>{37cf987f-07dd-4d07-9d9b-25d6172a3b02}</UniqueIdentifier>
    </Filter>
    <Filter Include="02.GameObject\03.Character\01.Monster\Bastion_Sword\00.State\03.Hit">
      <UniqueIdentifier>{c566e27b-d8f9-4f71-a9a3-1f26dea458e5}</UniqueIdentifier>
    </Filter>
    <Filter Include="02.GameObject\03.Character\01.Monster\Bastion_Sword\00.State\04.Death">
      <UniqueIdentifier>{ef3cb63a-530b-45b7-92f9-fdd0cdbeffc0}</UniqueIdentifier>
    </Filter>
    <Filter Include="02.GameObject\03.Character\01.Monster\Bastion_Sword\00.State\05.Groggy">
      <UniqueIdentifier>{3d15588b-416d-40ca-b9f2-015a9e9d2a0b}</UniqueIdentifier>
    </Filter>
    <Filter Include="02.GameObject\03.Character\01.Monster\Bastion_Sword\00.State\06.Paring">
      <UniqueIdentifier>{0914aca3-ccbf-42a5-83c1-a594627f4e52}</UniqueIdentifier>
    </Filter>
    <Filter Include="02.GameObject\03.Character\01.Monster\Bastion_Sword\00.State\07.Turn">
      <UniqueIdentifier>{f15707ff-b13d-4f61-ae5b-8aaf6d1afdc7}</UniqueIdentifier>
    </Filter>
    <Filter Include="02.GameObject\03.Character\01.Monster\Bastion_Sword\00.State\08.Walk">
      <UniqueIdentifier>{fe36a500-8b7c-4714-bff8-ed49386ac515}</UniqueIdentifier>
    </Filter>
    <Filter Include="02.GameObject\03.Character\01.Monster\BronzeAnimus">
      <UniqueIdentifier>{d4ff09ad-5442-4050-8ed4-1c05e5b91f71}</UniqueIdentifier>
    </Filter>
    <Filter Include="02.GameObject\03.Character\01.Monster\Crawler">
      <UniqueIdentifier>{5b72d0c0-077b-4741-ae56-127caf52670c}</UniqueIdentifier>
    </Filter>
    <Filter Include="02.GameObject\03.Character\01.Monster\EarthAberrant">
      <UniqueIdentifier>{3ff89c49-f181-4547-aeea-d6ccbc1b943e}</UniqueIdentifier>
    </Filter>
    <Filter Include="02.GameObject\02.Map">
      <UniqueIdentifier>{6c137bf1-fc2b-4525-be87-87d5a6156eb0}</UniqueIdentifier>
    </Filter>
    <Filter Include="02.GameObject\02.Map\00.Plane">
      <UniqueIdentifier>{90180e28-49c4-4c5c-89b6-1ad22812fb29}</UniqueIdentifier>
    </Filter>
    <Filter Include="02.GameObject\02.Map\01.Environment">
      <UniqueIdentifier>{2671a8b6-a2a8-4ec2-ad0d-b3e116f33512}</UniqueIdentifier>
    </Filter>
    <Filter Include="02.GameObject\02.Map\02.JumpNode">
      <UniqueIdentifier>{15743125-3fab-4955-a1a7-2c3ab22ace2e}</UniqueIdentifier>
    </Filter>
    <Filter Include="02.GameObject\02.Map\03.Trigger">
      <UniqueIdentifier>{64538ba6-dcae-4651-a187-37e1fdf0fbf0}</UniqueIdentifier>
    </Filter>
    <Filter Include="02.GameObject\03.Character\02.Boss">
      <UniqueIdentifier>{5e4ce90c-d575-4e08-9ce0-006401437c35}</UniqueIdentifier>
    </Filter>
    <Filter Include="02.GameObject\03.Character\02.Boss\00.MiddleBoss">
      <UniqueIdentifier>{a7db1ec6-722d-46ed-bdad-a86d3c709df2}</UniqueIdentifier>
    </Filter>
    <Filter Include="02.GameObject\03.Character\02.Boss\00.MiddleBoss\00.Weapon">
      <UniqueIdentifier>{eee5d743-fda4-4f7b-ba26-d4c790268f21}</UniqueIdentifier>
    </Filter>
    <Filter Include="02.GameObject\03.Character\02.Boss\00.MiddleBoss\State">
      <UniqueIdentifier>{8a29aee6-6d31-4f13-bfdb-45f715488804}</UniqueIdentifier>
    </Filter>
    <Filter Include="02.GameObject\03.Character\02.Boss\00.MiddleBoss\State\00.Rage">
      <UniqueIdentifier>{78558ab8-2fff-4b33-ab1b-2e33a7ffd7ca}</UniqueIdentifier>
    </Filter>
    <Filter Include="02.GameObject\03.Character\02.Boss\00.MiddleBoss\State\01.BattleCry">
      <UniqueIdentifier>{0548b5d4-b2f0-44cd-be0d-411854b88969}</UniqueIdentifier>
    </Filter>
    <Filter Include="02.GameObject\03.Character\02.Boss\00.MiddleBoss\State\02.Attack">
      <UniqueIdentifier>{1b94931b-764f-4fd3-9076-83d5953ebc0b}</UniqueIdentifier>
    </Filter>
    <Filter Include="02.GameObject\03.Character\02.Boss\00.MiddleBoss\State\03.Turn">
      <UniqueIdentifier>{f2df4087-aee9-4ef4-bcdf-ddd10c0ac559}</UniqueIdentifier>
    </Filter>
    <Filter Include="02.GameObject\03.Character\02.Boss\00.MiddleBoss\State\04.Chase">
      <UniqueIdentifier>{9ca0b922-5493-4c13-b374-4312bd2f3120}</UniqueIdentifier>
    </Filter>
    <Filter Include="02.GameObject\05.UI\01.UI_Ingame\01.Meter\02.Monster\04.Name">
      <UniqueIdentifier>{f93eb3ac-c59a-4020-8040-bc1b1ca22d26}</UniqueIdentifier>
    </Filter>
    <Filter Include="02.GameObject\03.Character\01.Monster\Crawler\State">
      <UniqueIdentifier>{d76242e7-e6bc-430a-b9db-6e820a61d11f}</UniqueIdentifier>
    </Filter>
    <Filter Include="02.GameObject\03.Character\01.Monster\Crawler\State\03.Flinch">
      <UniqueIdentifier>{7ae21a8b-87f2-42a9-b8ec-557e3b386415}</UniqueIdentifier>
    </Filter>
    <Filter Include="02.GameObject\03.Character\01.Monster\Crawler\State\01.Walk">
      <UniqueIdentifier>{c9f6cc46-ba83-4d0f-b3ed-dee4c84a7974}</UniqueIdentifier>
    </Filter>
    <Filter Include="02.GameObject\03.Character\01.Monster\Crawler\State\02.Attack">
      <UniqueIdentifier>{9121331f-10e4-4281-a84d-af03d2a228d0}</UniqueIdentifier>
    </Filter>
    <Filter Include="02.GameObject\03.Character\01.Monster\Crawler\State\00.Idle">
      <UniqueIdentifier>{80718da2-b434-4f3a-83f6-f405a8b45485}</UniqueIdentifier>
    </Filter>
    <Filter Include="02.GameObject\03.Character\01.Monster\Crawler\State\04.Knockback">
      <UniqueIdentifier>{e39aa1b3-074d-44d7-bfb9-3305bcc059cf}</UniqueIdentifier>
    </Filter>
    <Filter Include="02.GameObject\03.Character\01.Monster\Crawler\State\05.Death">
      <UniqueIdentifier>{68e33a80-cc88-4dfe-a15d-622a68dcbb14}</UniqueIdentifier>
    </Filter>
    <Filter Include="02.GameObject\03.Character\01.Monster\Crawler\State\06.Ricochet">
      <UniqueIdentifier>{5d0d2558-f65e-4b32-8804-080a0c1b99d6}</UniqueIdentifier>
    </Filter>
    <Filter Include="02.GameObject\03.Character\01.Monster\EarthAberrant\State">
      <UniqueIdentifier>{c378b0cc-f07a-4ba2-8dae-09b85aedec4b}</UniqueIdentifier>
    </Filter>
    <Filter Include="02.GameObject\03.Character\01.Monster\EarthAberrant\State\00.Idle">
      <UniqueIdentifier>{89a86753-77d9-4309-aceb-d226891146ab}</UniqueIdentifier>
    </Filter>
    <Filter Include="02.GameObject\03.Character\01.Monster\EarthAberrant\State\01.Walk">
      <UniqueIdentifier>{8ee6be25-4296-447d-a71c-1df2c16a91ef}</UniqueIdentifier>
    </Filter>
    <Filter Include="02.GameObject\03.Character\01.Monster\EarthAberrant\State\02.Run">
      <UniqueIdentifier>{7464defb-76ef-40ae-9e49-60563ce32ef8}</UniqueIdentifier>
    </Filter>
    <Filter Include="02.GameObject\03.Character\01.Monster\EarthAberrant\State\03.Attack">
      <UniqueIdentifier>{8891ce53-fa8d-4839-acaf-b37030d1d847}</UniqueIdentifier>
    </Filter>
    <Filter Include="02.GameObject\03.Character\01.Monster\EarthAberrant\State\04.Flinch">
      <UniqueIdentifier>{598793a3-920b-4585-a942-1ffe7b1a718a}</UniqueIdentifier>
    </Filter>
    <Filter Include="02.GameObject\03.Character\01.Monster\EarthAberrant\State\05.Stun">
      <UniqueIdentifier>{a5feef31-56a7-454e-b845-a90b88d0d9cf}</UniqueIdentifier>
    </Filter>
    <Filter Include="02.GameObject\03.Character\01.Monster\EarthAberrant\State\06.Knockback">
      <UniqueIdentifier>{fcb36259-0e76-4d95-8ef9-ad44c10ef567}</UniqueIdentifier>
    </Filter>
    <Filter Include="02.GameObject\03.Character\01.Monster\Bastion_Healer\State_Healer">
      <UniqueIdentifier>{ac333559-d103-4db9-a16f-3083aeb79507}</UniqueIdentifier>
    </Filter>
    <Filter Include="02.GameObject\03.Character\01.Monster\Bastion_Healer\State_Healer\Idle">
      <UniqueIdentifier>{ae86d84e-b34f-4aae-957e-4acd49333021}</UniqueIdentifier>
    </Filter>
    <Filter Include="02.GameObject\96.Weapon\04.Staff">
      <UniqueIdentifier>{19b1f1d3-c266-4b09-9b08-5abbbca7ed80}</UniqueIdentifier>
    </Filter>
    <Filter Include="01.Scene\02.Stage\00.Stage1">
      <UniqueIdentifier>{ed994de5-4c7c-496e-8ec2-e5c3993d6b2d}</UniqueIdentifier>
    </Filter>
    <Filter Include="01.Scene\02.Stage\01.Stage2">
      <UniqueIdentifier>{a040ae63-0bf3-4932-8dd6-cc54af1b87c5}</UniqueIdentifier>
    </Filter>
    <Filter Include="01.Scene\02.Stage\02.Stage3">
      <UniqueIdentifier>{1c229266-2fe0-42c7-b3c0-4ff0917f6000}</UniqueIdentifier>
    </Filter>
    <Filter Include="02.GameObject\03.Character\01.Monster\Bastion_Healer\State_Healer\Chaser">
      <UniqueIdentifier>{6c4f4213-7978-4785-9bab-d674b1588fbf}</UniqueIdentifier>
    </Filter>
    <Filter Include="02.GameObject\03.Character\01.Monster\Bastion_Healer\State_Healer\Attack">
      <UniqueIdentifier>{17b7c742-628e-4868-8d1e-7c0d413d9f1d}</UniqueIdentifier>
    </Filter>
    <Filter Include="02.GameObject\03.Character\01.Monster\Bastion_Healer\State_Healer\Protect">
      <UniqueIdentifier>{a934e01a-0d69-4988-820b-0a3452caae48}</UniqueIdentifier>
    </Filter>
    <Filter Include="02.GameObject\03.Character\01.Monster\Bastion_Healer\State_Healer\Death">
      <UniqueIdentifier>{cb8123f1-7865-4c84-bd46-7c2c4c7fb4fc}</UniqueIdentifier>
    </Filter>
    <Filter Include="01.Scene\01.Loading\00.Loader\00.MeshLoader">
      <UniqueIdentifier>{c2049929-7ae9-4414-bb90-0d30c5d6089c}</UniqueIdentifier>
    </Filter>
    <Filter Include="02.GameObject\03.Character\01.Monster\EarthAberrant\State\07.Death">
      <UniqueIdentifier>{955cc475-5007-4ece-807c-dd6fbd6d41a5}</UniqueIdentifier>
    </Filter>
    <Filter Include="02.GameObject\03.Character\01.Monster\EarthAberrant\State\08.Dash">
      <UniqueIdentifier>{44af2aae-a22a-45f0-b19b-a68fbdd4099f}</UniqueIdentifier>
    </Filter>
    <Filter Include="02.GameObject\03.Character\01.Monster\EarthAberrant\00.Weapon">
      <UniqueIdentifier>{70d04976-04d3-4f7a-8a9c-a591900de310}</UniqueIdentifier>
    </Filter>
    <Filter Include="02.GameObject\03.Character\01.Monster\EarthAberrant\00.Weapon\00.Aberrant_Pick">
      <UniqueIdentifier>{5fb68284-c871-4e91-8aaa-81ee9c81ea14}</UniqueIdentifier>
    </Filter>
  </ItemGroup>
  <ItemGroup>
    <ClInclude Include="Client.h">
      <Filter>99.Default</Filter>
    </ClInclude>
    <ClInclude Include="framework.h">
      <Filter>99.Default</Filter>
    </ClInclude>
    <ClInclude Include="Resource.h">
      <Filter>99.Default</Filter>
    </ClInclude>
    <ClInclude Include="targetver.h">
      <Filter>99.Default</Filter>
    </ClInclude>
    <ClInclude Include="pch.h">
      <Filter>98.Headers</Filter>
    </ClInclude>
    <ClInclude Include="..\Default\Client_Include.h">
      <Filter>98.Headers</Filter>
    </ClInclude>
    <ClInclude Include="..\Default\Clinet_Define.h">
      <Filter>98.Headers</Filter>
    </ClInclude>
    <ClInclude Include="..\Default\Client_Enum.h">
      <Filter>98.Headers</Filter>
    </ClInclude>
    <ClInclude Include="..\Default\Client_Function.h">
      <Filter>98.Headers</Filter>
    </ClInclude>
    <ClInclude Include="..\Headers\MainApp.h">
      <Filter>00.MainGame</Filter>
    </ClInclude>
    <ClInclude Include="..\Headers\Level_Logo.h">
      <Filter>01.Scene\00.Logo</Filter>
    </ClInclude>
    <ClInclude Include="..\Headers\Loading.h">
      <Filter>01.Scene\01.Loading</Filter>
    </ClInclude>
    <ClInclude Include="..\Headers\Loader.h">
      <Filter>01.Scene\01.Loading\00.Loader</Filter>
    </ClInclude>
    <ClInclude Include="..\Headers\BackGround.h">
      <Filter>02.GameObject\00. BackGround</Filter>
    </ClInclude>
    <ClInclude Include="..\Headers\TestObj.h">
      <Filter>02.GameObject\99.TestObj</Filter>
    </ClInclude>
    <ClInclude Include="..\Headers\Silvermane.h">
      <Filter>02.GameObject\03.Character\00.Player\00.Silvermane</Filter>
    </ClInclude>
    <ClInclude Include="..\Headers\TestScene_JS.h">
      <Filter>01.Scene\99.TestScene_JS</Filter>
    </ClInclude>
    <ClInclude Include="..\Headers\State_Silvermane.h">
      <Filter>02.GameObject\03.Character\00.Player\00.Silvermane\State</Filter>
    </ClInclude>
    <ClInclude Include="..\Headers\Camera_Silvermane.h">
      <Filter>02.GameObject\03.Character\00.Player\00.Silvermane\Camera</Filter>
    </ClInclude>
    <ClInclude Include="..\Headers\Silvermane_Idle.h">
      <Filter>02.GameObject\03.Character\00.Player\00.Silvermane\State\Hand\Default</Filter>
    </ClInclude>
    <ClInclude Include="..\Headers\Silvermane_JogBwd.h">
      <Filter>02.GameObject\03.Character\00.Player\00.Silvermane\State\Hand\Jog</Filter>
    </ClInclude>
    <ClInclude Include="..\Headers\Silvermane_JogBwdPivot180.h">
      <Filter>02.GameObject\03.Character\00.Player\00.Silvermane\State\Hand\Jog</Filter>
    </ClInclude>
    <ClInclude Include="..\Headers\Silvermane_JogBwdStart.h">
      <Filter>02.GameObject\03.Character\00.Player\00.Silvermane\State\Hand\Jog</Filter>
    </ClInclude>
    <ClInclude Include="..\Headers\Silvermane_JogFwd.h">
      <Filter>02.GameObject\03.Character\00.Player\00.Silvermane\State\Hand\Jog</Filter>
    </ClInclude>
    <ClInclude Include="..\Headers\Silvermane_JogFwdPivot180.h">
      <Filter>02.GameObject\03.Character\00.Player\00.Silvermane\State\Hand\Jog</Filter>
    </ClInclude>
    <ClInclude Include="..\Headers\Silvermane_JogFwdStart.h">
      <Filter>02.GameObject\03.Character\00.Player\00.Silvermane\State\Hand\Jog</Filter>
    </ClInclude>
    <ClInclude Include="..\Headers\Silvermane_JogFwdStop.h">
      <Filter>02.GameObject\03.Character\00.Player\00.Silvermane\State\Hand\Jog</Filter>
    </ClInclude>
    <ClInclude Include="..\Headers\Silvermane_JogLeft.h">
      <Filter>02.GameObject\03.Character\00.Player\00.Silvermane\State\Hand\Jog</Filter>
    </ClInclude>
    <ClInclude Include="..\Headers\Silvermane_JogLeftPivot180.h">
      <Filter>02.GameObject\03.Character\00.Player\00.Silvermane\State\Hand\Jog</Filter>
    </ClInclude>
    <ClInclude Include="..\Headers\Silvermane_JogLeftStart.h">
      <Filter>02.GameObject\03.Character\00.Player\00.Silvermane\State\Hand\Jog</Filter>
    </ClInclude>
    <ClInclude Include="..\Headers\Silvermane_JogRight.h">
      <Filter>02.GameObject\03.Character\00.Player\00.Silvermane\State\Hand\Jog</Filter>
    </ClInclude>
    <ClInclude Include="..\Headers\Silvermane_JogRightPivot180.h">
      <Filter>02.GameObject\03.Character\00.Player\00.Silvermane\State\Hand\Jog</Filter>
    </ClInclude>
    <ClInclude Include="..\Headers\Silvermane_JogRightStart.h">
      <Filter>02.GameObject\03.Character\00.Player\00.Silvermane\State\Hand\Jog</Filter>
    </ClInclude>
    <ClInclude Include="..\Headers\Silvermane_SprintFwd.h">
      <Filter>02.GameObject\03.Character\00.Player\00.Silvermane\State\Hand\Sprint</Filter>
    </ClInclude>
    <ClInclude Include="..\Headers\Silvermane_SprintFwdStart.h">
      <Filter>02.GameObject\03.Character\00.Player\00.Silvermane\State\Hand\Sprint</Filter>
    </ClInclude>
    <ClInclude Include="..\Headers\Silvermane_SprintFwdStop.h">
      <Filter>02.GameObject\03.Character\00.Player\00.Silvermane\State\Hand\Sprint</Filter>
    </ClInclude>
    <ClInclude Include="..\Headers\Plane_Test.h">
      <Filter>02.GameObject\02.Map\00.Plane</Filter>
    </ClInclude>
    <ClInclude Include="..\Headers\Weapon.h">
      <Filter>02.GameObject\96.Weapon</Filter>
    </ClInclude>
    <ClInclude Include="..\Headers\Needle.h">
      <Filter>02.GameObject\96.Weapon\00.Needle</Filter>
    </ClInclude>
    <ClInclude Include="..\Headers\MainCamera.h">
      <Filter>02.GameObject\01. MainCamera\ProjectionCam</Filter>
    </ClInclude>
    <ClInclude Include="..\Headers\Effect_DashDust.h">
      <Filter>02.GameObject\04.Effect\01.Effect_DashDust_Player</Filter>
    </ClInclude>
    <ClInclude Include="..\Headers\Environment.h">
      <Filter>02.GameObject\02.Map\01.Environment</Filter>
    </ClInclude>
    <ClInclude Include="..\Headers\MainCamera_Ortho.h">
      <Filter>02.GameObject\01. MainCamera\OrthoCam</Filter>
    </ClInclude>
    <ClInclude Include="..\Headers\Camera_Debug.h">
      <Filter>02.GameObject\03.Character\00.Player\00.Silvermane\Camera</Filter>
    </ClInclude>
    <ClInclude Include="..\Headers\Monster_Bastion_2HSword.h">
      <Filter>02.GameObject\03.Character\01.Monster\Bastion_2HSword</Filter>
    </ClInclude>
    <ClInclude Include="..\Headers\Monster_Bastion_Healer.h">
      <Filter>02.GameObject\03.Character\01.Monster\Bastion_Healer</Filter>
    </ClInclude>
    <ClInclude Include="..\Headers\Monster_Bastion_Shooter.h">
      <Filter>02.GameObject\03.Character\01.Monster\Bastion_Shooter</Filter>
    </ClInclude>
    <ClInclude Include="..\Headers\Monster_Bastion_Spear.h">
      <Filter>02.GameObject\03.Character\01.Monster\Bastion_Spear</Filter>
    </ClInclude>
    <ClInclude Include="..\Headers\Monster_BronzeAnimus.h">
      <Filter>02.GameObject\03.Character\01.Monster\BronzeAnimus</Filter>
    </ClInclude>
    <ClInclude Include="..\Headers\Monster_Crawler.h">
      <Filter>02.GameObject\03.Character\01.Monster\Crawler</Filter>
    </ClInclude>
    <ClInclude Include="..\Headers\Monster_EarthAberrant.h">
      <Filter>02.GameObject\03.Character\01.Monster\EarthAberrant</Filter>
    </ClInclude>
    <ClInclude Include="..\Headers\Silvermane_Jog.h">
      <Filter>02.GameObject\03.Character\00.Player\00.Silvermane\State\Hand\Jog</Filter>
    </ClInclude>
    <ClInclude Include="..\Headers\1H_SwordAttack.h">
      <Filter>02.GameObject\03.Character\00.Player\00.Silvermane\State\1H_Sword</Filter>
    </ClInclude>
    <ClInclude Include="..\Headers\1H_Dash.h">
      <Filter>02.GameObject\03.Character\00.Player\00.Silvermane\State\1H_Sword\Dash</Filter>
    </ClInclude>
    <ClInclude Include="..\Headers\1H_SwordDodgeSpinFwd_V3.h">
      <Filter>02.GameObject\03.Character\00.Player\00.Silvermane\State\1H_Sword\Dash</Filter>
    </ClInclude>
    <ClInclude Include="..\Headers\1H_SwordNormalSidestepBwd_V3.h">
      <Filter>02.GameObject\03.Character\00.Player\00.Silvermane\State\1H_Sword\Dash</Filter>
    </ClInclude>
    <ClInclude Include="..\Headers\1H_SwordNormalSidestepLeft_V3.h">
      <Filter>02.GameObject\03.Character\00.Player\00.Silvermane\State\1H_Sword\Dash</Filter>
    </ClInclude>
    <ClInclude Include="..\Headers\1H_SwordNormalSidestepRight_V3.h">
      <Filter>02.GameObject\03.Character\00.Player\00.Silvermane\State\1H_Sword\Dash</Filter>
    </ClInclude>
    <ClInclude Include="..\Headers\1H_SwordAttackNormalR1_01.h">
      <Filter>02.GameObject\03.Character\00.Player\00.Silvermane\State\1H_Sword\R1</Filter>
    </ClInclude>
    <ClInclude Include="..\Headers\1H_SwordAttackNormalR1_02.h">
      <Filter>02.GameObject\03.Character\00.Player\00.Silvermane\State\1H_Sword\R1</Filter>
    </ClInclude>
    <ClInclude Include="..\Headers\1H_SwordAttackNormalR1_03.h">
      <Filter>02.GameObject\03.Character\00.Player\00.Silvermane\State\1H_Sword\R1</Filter>
    </ClInclude>
    <ClInclude Include="..\Headers\1H_SwordAttackNormalR1_04.h">
      <Filter>02.GameObject\03.Character\00.Player\00.Silvermane\State\1H_Sword\R1</Filter>
    </ClInclude>
    <ClInclude Include="..\Headers\1H_SwordSupermanStab.h">
      <Filter>02.GameObject\03.Character\00.Player\00.Silvermane\State\1H_Sword\R1</Filter>
    </ClInclude>
    <ClInclude Include="..\Headers\1H_SwordJogAttack.h">
      <Filter>02.GameObject\03.Character\00.Player\00.Silvermane\State\1H_Sword\R1</Filter>
    </ClInclude>
    <ClInclude Include="..\Headers\1H_SwordAttackNormalR2_ReleaseStab.h">
      <Filter>02.GameObject\03.Character\00.Player\00.Silvermane\State\1H_Sword\R2</Filter>
    </ClInclude>
    <ClInclude Include="..\Headers\1H_SwordAttackNormalR2_02.h">
      <Filter>02.GameObject\03.Character\00.Player\00.Silvermane\State\1H_Sword\R2</Filter>
    </ClInclude>
    <ClInclude Include="..\Headers\1H_SwordAttackNormalR2_03.h">
      <Filter>02.GameObject\03.Character\00.Player\00.Silvermane\State\1H_Sword\R2</Filter>
    </ClInclude>
    <ClInclude Include="..\Headers\1H_SwordAttackNormalR2_04.h">
      <Filter>02.GameObject\03.Character\00.Player\00.Silvermane\State\1H_Sword\R2</Filter>
    </ClInclude>
    <ClInclude Include="..\Headers\1H_SwordAttackNormalR2_Start.h">
      <Filter>02.GameObject\03.Character\00.Player\00.Silvermane\State\1H_Sword\R2</Filter>
    </ClInclude>
    <ClInclude Include="..\Headers\1H_SwordAttackNormalR2_ReleaseDoubleSwing.h">
      <Filter>02.GameObject\03.Character\00.Player\00.Silvermane\State\1H_Sword\R2</Filter>
    </ClInclude>
    <ClInclude Include="..\Headers\1H_SwordAttackNormalR2_Loop.h">
      <Filter>02.GameObject\03.Character\00.Player\00.Silvermane\State\1H_Sword\R2</Filter>
    </ClInclude>
    <ClInclude Include="..\Headers\Fury.h">
      <Filter>02.GameObject\96.Weapon\01.Fury</Filter>
    </ClInclude>
    <ClInclude Include="..\Headers\2H_HammerIdle.h">
      <Filter>02.GameObject\03.Character\00.Player\00.Silvermane\State\2H_Hammer\Default</Filter>
    </ClInclude>
    <ClInclude Include="..\Headers\2H_HammerEquipOff.h">
      <Filter>02.GameObject\03.Character\00.Player\00.Silvermane\State\2H_Hammer\Default</Filter>
    </ClInclude>
    <ClInclude Include="..\Headers\2H_HammerEquipOn.h">
      <Filter>02.GameObject\03.Character\00.Player\00.Silvermane\State\2H_Hammer\Default</Filter>
    </ClInclude>
    <ClInclude Include="..\Headers\2H_HammerJog.h">
      <Filter>02.GameObject\03.Character\00.Player\00.Silvermane\State\2H_Hammer\Jog</Filter>
    </ClInclude>
    <ClInclude Include="..\Headers\2H_HammerJogBwd.h">
      <Filter>02.GameObject\03.Character\00.Player\00.Silvermane\State\2H_Hammer\Jog</Filter>
    </ClInclude>
    <ClInclude Include="..\Headers\2H_HammerJogBwdPivot180.h">
      <Filter>02.GameObject\03.Character\00.Player\00.Silvermane\State\2H_Hammer\Jog</Filter>
    </ClInclude>
    <ClInclude Include="..\Headers\2H_HammerJogBwdStart.h">
      <Filter>02.GameObject\03.Character\00.Player\00.Silvermane\State\2H_Hammer\Jog</Filter>
    </ClInclude>
    <ClInclude Include="..\Headers\2H_HammerJogFwd.h">
      <Filter>02.GameObject\03.Character\00.Player\00.Silvermane\State\2H_Hammer\Jog</Filter>
    </ClInclude>
    <ClInclude Include="..\Headers\2H_HammerJogFwdPivot180.h">
      <Filter>02.GameObject\03.Character\00.Player\00.Silvermane\State\2H_Hammer\Jog</Filter>
    </ClInclude>
    <ClInclude Include="..\Headers\2H_HammerJogFwdStart.h">
      <Filter>02.GameObject\03.Character\00.Player\00.Silvermane\State\2H_Hammer\Jog</Filter>
    </ClInclude>
    <ClInclude Include="..\Headers\2H_HammerJogLeft.h">
      <Filter>02.GameObject\03.Character\00.Player\00.Silvermane\State\2H_Hammer\Jog</Filter>
    </ClInclude>
    <ClInclude Include="..\Headers\2H_HammerJogLeftPivot180.h">
      <Filter>02.GameObject\03.Character\00.Player\00.Silvermane\State\2H_Hammer\Jog</Filter>
    </ClInclude>
    <ClInclude Include="..\Headers\2H_HammerJogLeftStart.h">
      <Filter>02.GameObject\03.Character\00.Player\00.Silvermane\State\2H_Hammer\Jog</Filter>
    </ClInclude>
    <ClInclude Include="..\Headers\2H_HammerJogRight.h">
      <Filter>02.GameObject\03.Character\00.Player\00.Silvermane\State\2H_Hammer\Jog</Filter>
    </ClInclude>
    <ClInclude Include="..\Headers\2H_HammerJogRightPivot180.h">
      <Filter>02.GameObject\03.Character\00.Player\00.Silvermane\State\2H_Hammer\Jog</Filter>
    </ClInclude>
    <ClInclude Include="..\Headers\2H_HammerJogRightStart.h">
      <Filter>02.GameObject\03.Character\00.Player\00.Silvermane\State\2H_Hammer\Jog</Filter>
    </ClInclude>
    <ClInclude Include="..\Headers\Silvermane_Sprint.h">
      <Filter>02.GameObject\03.Character\00.Player\00.Silvermane\State\Hand\Sprint</Filter>
    </ClInclude>
    <ClInclude Include="..\Headers\1H_SwordEquipOff.h">
      <Filter>02.GameObject\03.Character\00.Player\00.Silvermane\State\1H_Sword\Default</Filter>
    </ClInclude>
    <ClInclude Include="..\Headers\1H_SwordEquipOn.h">
      <Filter>02.GameObject\03.Character\00.Player\00.Silvermane\State\1H_Sword\Default</Filter>
    </ClInclude>
    <ClInclude Include="..\Headers\1H_SwordJog.h">
      <Filter>02.GameObject\03.Character\00.Player\00.Silvermane\State\1H_Sword\Jog</Filter>
    </ClInclude>
    <ClInclude Include="..\Headers\1H_SwordJogBwd.h">
      <Filter>02.GameObject\03.Character\00.Player\00.Silvermane\State\1H_Sword\Jog</Filter>
    </ClInclude>
    <ClInclude Include="..\Headers\1H_SwordJogBwdPivot180.h">
      <Filter>02.GameObject\03.Character\00.Player\00.Silvermane\State\1H_Sword\Jog</Filter>
    </ClInclude>
    <ClInclude Include="..\Headers\1H_SwordJogBwdStart.h">
      <Filter>02.GameObject\03.Character\00.Player\00.Silvermane\State\1H_Sword\Jog</Filter>
    </ClInclude>
    <ClInclude Include="..\Headers\1H_SwordJogFwd.h">
      <Filter>02.GameObject\03.Character\00.Player\00.Silvermane\State\1H_Sword\Jog</Filter>
    </ClInclude>
    <ClInclude Include="..\Headers\1H_SwordJogFwdPivot180.h">
      <Filter>02.GameObject\03.Character\00.Player\00.Silvermane\State\1H_Sword\Jog</Filter>
    </ClInclude>
    <ClInclude Include="..\Headers\1H_SwordJogFwdStart.h">
      <Filter>02.GameObject\03.Character\00.Player\00.Silvermane\State\1H_Sword\Jog</Filter>
    </ClInclude>
    <ClInclude Include="..\Headers\1H_SwordJogLeft.h">
      <Filter>02.GameObject\03.Character\00.Player\00.Silvermane\State\1H_Sword\Jog</Filter>
    </ClInclude>
    <ClInclude Include="..\Headers\1H_SwordJogLeftPivot180.h">
      <Filter>02.GameObject\03.Character\00.Player\00.Silvermane\State\1H_Sword\Jog</Filter>
    </ClInclude>
    <ClInclude Include="..\Headers\1H_SwordJogLeftStart.h">
      <Filter>02.GameObject\03.Character\00.Player\00.Silvermane\State\1H_Sword\Jog</Filter>
    </ClInclude>
    <ClInclude Include="..\Headers\1H_SwordJogRight.h">
      <Filter>02.GameObject\03.Character\00.Player\00.Silvermane\State\1H_Sword\Jog</Filter>
    </ClInclude>
    <ClInclude Include="..\Headers\1H_SwordJogRightPivot180.h">
      <Filter>02.GameObject\03.Character\00.Player\00.Silvermane\State\1H_Sword\Jog</Filter>
    </ClInclude>
    <ClInclude Include="..\Headers\1H_SwordJogRightStart.h">
      <Filter>02.GameObject\03.Character\00.Player\00.Silvermane\State\1H_Sword\Jog</Filter>
    </ClInclude>
    <ClInclude Include="..\Headers\1H_SwordIdle.h">
      <Filter>02.GameObject\03.Character\00.Player\00.Silvermane\State\1H_Sword\Default</Filter>
    </ClInclude>
    <ClInclude Include="..\Headers\UI_Ingame.h">
      <Filter>02.GameObject\05.UI\01.UI_Ingame\00.UI_Ingame_Static</Filter>
    </ClInclude>
    <ClInclude Include="..\Headers\UI_Monster_Level.h">
      <Filter>02.GameObject\05.UI\01.UI_Ingame\01.Meter\02.Monster\02.LevelUI</Filter>
    </ClInclude>
    <ClInclude Include="..\Headers\UI_Monster_Back.h">
      <Filter>02.GameObject\05.UI\01.UI_Ingame\01.Meter\02.Monster\01.BackUI</Filter>
    </ClInclude>
    <ClInclude Include="..\Headers\UI_Monster_Panel.h">
      <Filter>02.GameObject\05.UI\01.UI_Ingame\01.Meter\02.Monster\00.Panel</Filter>
    </ClInclude>
    <ClInclude Include="..\Headers\UI_Monster_HpBar.h">
      <Filter>02.GameObject\05.UI\01.UI_Ingame\01.Meter\02.Monster\03.HpUI</Filter>
    </ClInclude>
    <ClInclude Include="..\Headers\2H_HammerAttack.h">
      <Filter>02.GameObject\03.Character\00.Player\00.Silvermane\State\2H_Hammer</Filter>
    </ClInclude>
    <ClInclude Include="..\Headers\2H_HammerAttackR1_01.h">
      <Filter>02.GameObject\03.Character\00.Player\00.Silvermane\State\2H_Hammer\R1</Filter>
    </ClInclude>
    <ClInclude Include="..\Headers\2H_HammerAttackR1_02.h">
      <Filter>02.GameObject\03.Character\00.Player\00.Silvermane\State\2H_Hammer\R1</Filter>
    </ClInclude>
    <ClInclude Include="..\Headers\2H_HammerAttackR1_03.h">
      <Filter>02.GameObject\03.Character\00.Player\00.Silvermane\State\2H_Hammer\R1</Filter>
    </ClInclude>
    <ClInclude Include="..\Headers\2H_HammerAttackR1_04.h">
      <Filter>02.GameObject\03.Character\00.Player\00.Silvermane\State\2H_Hammer\R1</Filter>
    </ClInclude>
    <ClInclude Include="..\Headers\2H_HammerAttackJogR1.h">
      <Filter>02.GameObject\03.Character\00.Player\00.Silvermane\State\2H_Hammer\R1</Filter>
    </ClInclude>
    <ClInclude Include="..\Headers\2H_HammerAttackR2_01.h">
      <Filter>02.GameObject\03.Character\00.Player\00.Silvermane\State\2H_Hammer\R2</Filter>
    </ClInclude>
    <ClInclude Include="..\Headers\2H_HammerAttackR2_02.h">
      <Filter>02.GameObject\03.Character\00.Player\00.Silvermane\State\2H_Hammer\R2</Filter>
    </ClInclude>
    <ClInclude Include="..\Headers\2H_HammerAttackR2_03.h">
      <Filter>02.GameObject\03.Character\00.Player\00.Silvermane\State\2H_Hammer\R2</Filter>
    </ClInclude>
    <ClInclude Include="..\Headers\2H_HammerChargeStage1_Start.h">
      <Filter>02.GameObject\03.Character\00.Player\00.Silvermane\State\2H_Hammer\R2</Filter>
    </ClInclude>
    <ClInclude Include="..\Headers\2H_HammerChargeStage1_Loop.h">
      <Filter>02.GameObject\03.Character\00.Player\00.Silvermane\State\2H_Hammer\R2</Filter>
    </ClInclude>
    <ClInclude Include="..\Headers\2H_HammerAttackSprintR1.h">
      <Filter>02.GameObject\03.Character\00.Player\00.Silvermane\State\2H_Hammer\R1</Filter>
    </ClInclude>
    <ClInclude Include="..\Headers\2H_HammerAttackR1_04Swap.h">
      <Filter>02.GameObject\03.Character\00.Player\00.Silvermane\State\2H_Hammer\R2</Filter>
    </ClInclude>
    <ClInclude Include="..\Headers\2H_HammerAttackDodgeR1.h">
      <Filter>02.GameObject\03.Character\00.Player\00.Silvermane\State\2H_Hammer\R1</Filter>
    </ClInclude>
    <ClInclude Include="..\Headers\2H_HammerAttackR2_Charge.h">
      <Filter>02.GameObject\03.Character\00.Player\00.Silvermane\State\2H_Hammer\R2</Filter>
    </ClInclude>
    <ClInclude Include="..\Headers\Shield.h">
      <Filter>02.GameObject\96.Weapon\99.Shield</Filter>
    </ClInclude>
    <ClInclude Include="..\Headers\Shield_BlockStart.h">
      <Filter>02.GameObject\03.Character\00.Player\00.Silvermane\State\Shield\Block</Filter>
    </ClInclude>
    <ClInclude Include="..\Headers\Shield_Block.h">
      <Filter>02.GameObject\03.Character\00.Player\00.Silvermane\State\Shield\Block</Filter>
    </ClInclude>
    <ClInclude Include="..\Headers\Shield_BlockLoop.h">
      <Filter>02.GameObject\03.Character\00.Player\00.Silvermane\State\Shield\Block</Filter>
    </ClInclude>
    <ClInclude Include="..\Headers\Shield_BlockEnd.h">
      <Filter>02.GameObject\03.Character\00.Player\00.Silvermane\State\Shield\Block</Filter>
    </ClInclude>
    <ClInclude Include="..\Headers\Shield_WalkBwd.h">
      <Filter>02.GameObject\03.Character\00.Player\00.Silvermane\State\Shield\Walk</Filter>
    </ClInclude>
    <ClInclude Include="..\Headers\Shield_WalkBwdStart.h">
      <Filter>02.GameObject\03.Character\00.Player\00.Silvermane\State\Shield\Walk</Filter>
    </ClInclude>
    <ClInclude Include="..\Headers\Shield_WalkBwdStop.h">
      <Filter>02.GameObject\03.Character\00.Player\00.Silvermane\State\Shield\Walk</Filter>
    </ClInclude>
    <ClInclude Include="..\Headers\Shield_WalkFwd.h">
      <Filter>02.GameObject\03.Character\00.Player\00.Silvermane\State\Shield\Walk</Filter>
    </ClInclude>
    <ClInclude Include="..\Headers\Shield_WalkFwdStart.h">
      <Filter>02.GameObject\03.Character\00.Player\00.Silvermane\State\Shield\Walk</Filter>
    </ClInclude>
    <ClInclude Include="..\Headers\Shield_WalkFwdStop.h">
      <Filter>02.GameObject\03.Character\00.Player\00.Silvermane\State\Shield\Walk</Filter>
    </ClInclude>
    <ClInclude Include="..\Headers\Shield_WalkLeft.h">
      <Filter>02.GameObject\03.Character\00.Player\00.Silvermane\State\Shield\Walk</Filter>
    </ClInclude>
    <ClInclude Include="..\Headers\Shield_WalkLeftStart.h">
      <Filter>02.GameObject\03.Character\00.Player\00.Silvermane\State\Shield\Walk</Filter>
    </ClInclude>
    <ClInclude Include="..\Headers\Shield_WalkLeftStop.h">
      <Filter>02.GameObject\03.Character\00.Player\00.Silvermane\State\Shield\Walk</Filter>
    </ClInclude>
    <ClInclude Include="..\Headers\Shield_WalkRight.h">
      <Filter>02.GameObject\03.Character\00.Player\00.Silvermane\State\Shield\Walk</Filter>
    </ClInclude>
    <ClInclude Include="..\Headers\Shield_WalkRightStart.h">
      <Filter>02.GameObject\03.Character\00.Player\00.Silvermane\State\Shield\Walk</Filter>
    </ClInclude>
    <ClInclude Include="..\Headers\Shield_WalkRightStop.h">
      <Filter>02.GameObject\03.Character\00.Player\00.Silvermane\State\Shield\Walk</Filter>
    </ClInclude>
    <ClInclude Include="..\Headers\Shield_Walk.h">
      <Filter>02.GameObject\03.Character\00.Player\00.Silvermane\State\Shield\Walk</Filter>
    </ClInclude>
    <ClInclude Include="..\Headers\Shield_SupermanPunchStraight.h">
      <Filter>02.GameObject\03.Character\00.Player\00.Silvermane\State\Shield\Attack</Filter>
    </ClInclude>
    <ClInclude Include="..\Headers\Client_Trigger.h">
      <Filter>02.GameObject\02.Map\03.Trigger</Filter>
    </ClInclude>
    <ClInclude Include="..\Headers\TestScene_YM.h">
      <Filter>01.Scene\98.TestScene_YM</Filter>
    </ClInclude>
    <ClInclude Include="..\Headers\RetributionBlade.h">
      <Filter>02.GameObject\96.Weapon\02.RetributionBlade</Filter>
    </ClInclude>
    <ClInclude Include="..\Headers\Client_Observer.h">
      <Filter>02.GameObject\94.Observer</Filter>
    </ClInclude>
    <ClInclude Include="..\Headers\UI_Player_HpBar.h">
      <Filter>02.GameObject\05.UI\01.UI_Ingame\01.Meter\00.Player\00.HpBar_Green</Filter>
    </ClInclude>
    <ClInclude Include="..\Headers\UI_Player_HpBar_Red.h">
      <Filter>02.GameObject\05.UI\01.UI_Ingame\01.Meter\00.Player\01.HpBar_Red</Filter>
    </ClInclude>
    <ClInclude Include="..\Headers\Boss_Bastion_Judicator.h">
      <Filter>02.GameObject\03.Character\02.Boss\00.MiddleBoss</Filter>
    </ClInclude>
    <ClInclude Include="..\Headers\ShieldBreaker.h">
      <Filter>02.GameObject\03.Character\02.Boss\00.MiddleBoss\00.Weapon</Filter>
    </ClInclude>
    <ClInclude Include="..\Headers\Stargazer.h">
      <Filter>02.GameObject\96.Weapon\03.Stargazer</Filter>
    </ClInclude>
    <ClInclude Include="..\Headers\Bastion_2HSword_Dash.h">
      <Filter>02.GameObject\03.Character\01.Monster\Bastion_2HSword\State_2HSword\Dash</Filter>
    </ClInclude>
    <ClInclude Include="..\Headers\Bastion_2HSword_Idle.h">
      <Filter>02.GameObject\03.Character\01.Monster\Bastion_2HSword\State_2HSword\Idle</Filter>
    </ClInclude>
    <ClInclude Include="..\Headers\Bastion_2HSword_Chaser.h">
      <Filter>02.GameObject\03.Character\01.Monster\Bastion_2HSword\State_2HSword\Chaser</Filter>
    </ClInclude>
    <ClInclude Include="..\Headers\TestScene_Sb.h">
      <Filter>01.Scene\100.TestScene_SB</Filter>
    </ClInclude>
    <ClInclude Include="..\Headers\Shooter_Idle.h">
      <Filter>02.GameObject\03.Character\01.Monster\Bastion_Shooter\Idle</Filter>
    </ClInclude>
    <ClInclude Include="..\Headers\Traverse_Jump400Jog.h">
      <Filter>02.GameObject\03.Character\00.Player\00.Silvermane\State\Jump</Filter>
    </ClInclude>
    <ClInclude Include="..\Headers\JumpNode.h">
      <Filter>02.GameObject\50.JumpNode</Filter>
    </ClInclude>
    <ClInclude Include="..\Headers\Shooter_Attack.h">
      <Filter>02.GameObject\95.Monster\Bastion_Shooter\Attack</Filter>
      <Filter>02.GameObject\02.Map\02.JumpNode</Filter>
    </ClInclude>
    <ClInclude Include="..\Headers\Shooter_Attack.h">
      <Filter>02.GameObject\03.Character\01.Monster\Bastion_Shooter\Attack</Filter>
    </ClInclude>
    <ClInclude Include="..\Headers\MidBoss_Rage.h">
      <Filter>02.GameObject\03.Character\02.Boss\00.MiddleBoss\State\00.Rage</Filter>
    </ClInclude>
    <ClInclude Include="..\Headers\MidBoss_Attack.h">
      <Filter>02.GameObject\03.Character\02.Boss\00.MiddleBoss\State\02.Attack</Filter>
    </ClInclude>
    <ClInclude Include="..\Headers\MidBoss_BattleCry.h">
      <Filter>02.GameObject\03.Character\02.Boss\00.MiddleBoss\State\01.BattleCry</Filter>
    </ClInclude>
    <ClInclude Include="..\Headers\MidBoss_Turn.h">
      <Filter>02.GameObject\03.Character\02.Boss\00.MiddleBoss\State\03.Turn</Filter>
    </ClInclude>
    <ClInclude Include="..\Headers\Bastion_2HSword_Death.h">
      <Filter>02.GameObject\03.Character\01.Monster\Bastion_2HSword\State_2HSword\Death</Filter>
    </ClInclude>
    <ClInclude Include="..\Headers\Bastion_2HSword_Rage.h">
      <Filter>02.GameObject\03.Character\01.Monster\Bastion_2HSword\State_2HSword\Rage</Filter>
    </ClInclude>
    <ClInclude Include="..\Headers\Bastion_2HSword_Attack_Rage.h">
      <Filter>02.GameObject\03.Character\01.Monster\Bastion_2HSword\State_2HSword\Rage\Rage_Attack</Filter>
    </ClInclude>
    <ClInclude Include="..\Headers\Bastion_2HSword_Attack.h">
      <Filter>02.GameObject\03.Character\01.Monster\Bastion_2HSword\State_2HSword\Attack</Filter>
    </ClInclude>
    <ClInclude Include="..\Headers\Bastion_Sword_Idle.h">
      <Filter>02.GameObject\03.Character\01.Monster\Bastion_Sword\00.State\00.Idle</Filter>
    </ClInclude>
    <ClInclude Include="..\Headers\Bastion_Sword_Chase.h">
      <Filter>02.GameObject\03.Character\01.Monster\Bastion_Sword\00.State\01.Chase</Filter>
    </ClInclude>
    <ClInclude Include="..\Headers\Bastion_Sword_Attack.h">
      <Filter>02.GameObject\03.Character\01.Monster\Bastion_Sword\00.State\02.Attack</Filter>
    </ClInclude>
    <ClInclude Include="..\Headers\Bastion_Sword_Hit.h">
      <Filter>02.GameObject\03.Character\01.Monster\Bastion_Sword\00.State\03.Hit</Filter>
    </ClInclude>
    <ClInclude Include="..\Headers\Bastion_Sword_Death.h">
      <Filter>02.GameObject\03.Character\01.Monster\Bastion_Sword\00.State\04.Death</Filter>
    </ClInclude>
    <ClInclude Include="..\Headers\Bastion_Sword_Groggy.h">
      <Filter>02.GameObject\03.Character\01.Monster\Bastion_Sword\00.State\05.Groggy</Filter>
    </ClInclude>
    <ClInclude Include="..\Headers\Bastion_Sword_Paring.h">
      <Filter>02.GameObject\03.Character\01.Monster\Bastion_Sword\00.State\06.Paring</Filter>
    </ClInclude>
    <ClInclude Include="..\Headers\Bastion_Sword_Turn.h">
      <Filter>02.GameObject\03.Character\01.Monster\Bastion_Sword\00.State\07.Turn</Filter>
    </ClInclude>
    <ClInclude Include="..\Headers\Bastion_Sword_Walk.h">
      <Filter>02.GameObject\03.Character\01.Monster\Bastion_Sword\00.State\08.Walk</Filter>
    </ClInclude>
    <ClInclude Include="..\Headers\Bastion_2HSword_State.h">
      <Filter>02.GameObject\03.Character\01.Monster\Bastion_2HSword\State_2HSword</Filter>
    </ClInclude>
    <ClInclude Include="..\Headers\Bastion_2HSword_Hit.h">
      <Filter>02.GameObject\03.Character\01.Monster\Bastion_2HSword\State_2HSword\Hit</Filter>
    </ClInclude>
    <ClInclude Include="..\Headers\Monster_Bastion_Sword.h" />
    <ClInclude Include="..\Headers\Traverse_JumpNodeJog.h">
      <Filter>02.GameObject\03.Character\00.Player\00.Silvermane\State\Jump</Filter>
    </ClInclude>
    <ClInclude Include="..\Headers\Monster_Bastion_Sword.h">
      <Filter>02.GameObject\03.Character\01.Monster\Bastion_Sword</Filter>
    </ClInclude>
    <ClInclude Include="..\Headers\1H_SwordAttackNormalR1_04Swap.h">
      <Filter>02.GameObject\03.Character\00.Player\00.Silvermane\State\1H_Sword\R2</Filter>
    </ClInclude>
    <ClInclude Include="..\Headers\1H_SwordAttackNormalR1_04Swap.h">
      <Filter>02.GameObject\03.Character\00.Player\00.Silvermane\State\1H_Sword\R2</Filter>
    </ClInclude>
    <ClInclude Include="..\Headers\Traverse_JumpNodeJog.h">
      <Filter>02.GameObject\03.Character\00.Player\00.Silvermane\State\Jump</Filter>
    </ClInclude>
    <ClInclude Include="..\Headers\1H_SwordAttackNormalR1_04Swap.h" />
    <ClInclude Include="..\Headers\Monster_Bastion_Sword.h">
      <Filter>02.GameObject\03.Character\01.Monster\Bastion_Sword</Filter>
    </ClInclude>
    <ClInclude Include="..\Headers\Bastion_Healer_State.h">
      <Filter>02.GameObject\03.Character\01.Monster\Bastion_Healer\State_Healer</Filter>
    </ClInclude>
    <ClInclude Include="..\Headers\Bastion_Healer_Idle.h">
      <Filter>02.GameObject\03.Character\01.Monster\Bastion_Healer\State_Healer\Idle</Filter>
    </ClInclude>
    <ClInclude Include="..\Headers\Staff.h">
      <Filter>02.GameObject\96.Weapon\04.Staff</Filter>
    </ClInclude>
    <ClInclude Include="..\Headers\Stage1.h">
      <Filter>01.Scene\02.Stage\00.Stage1</Filter>
    </ClInclude>
    <ClInclude Include="..\Headers\Stage2.h">
      <Filter>01.Scene\02.Stage\01.Stage2</Filter>
    </ClInclude>
    <ClInclude Include="..\Headers\Monster_Bastion_Sword.h">
      <Filter>02.GameObject\03.Character\01.Monster\Bastion_Sword</Filter>
    </ClInclude>
    <ClInclude Include="..\Headers\UI_Monster_Name.h">
      <Filter>02.GameObject\05.UI\01.UI_Ingame\01.Meter\02.Monster\04.Name</Filter>
    </ClInclude>
    <ClInclude Include="..\Headers\Crawler_Idle.h">
      <Filter>02.GameObject\03.Character\01.Monster\Crawler\State\00.Idle</Filter>
    </ClInclude>
    <ClInclude Include="..\Headers\Crawler_Walk.h">
      <Filter>02.GameObject\03.Character\01.Monster\Crawler\State\01.Walk</Filter>
    </ClInclude>
    <ClInclude Include="..\Headers\Crawler_Attack.h">
      <Filter>02.GameObject\03.Character\01.Monster\Crawler\State\02.Attack</Filter>
    </ClInclude>
    <ClInclude Include="..\Headers\Crawler_Ricochet.h">
      <Filter>02.GameObject\03.Character\01.Monster\Crawler\State\06.Ricochet</Filter>
    </ClInclude>
    <ClInclude Include="..\Headers\Crawler_Death.h">
      <Filter>02.GameObject\03.Character\01.Monster\Crawler\State\05.Death</Filter>
    </ClInclude>
    <ClInclude Include="..\Headers\Crawler_Flinch_Left.h">
      <Filter>02.GameObject\03.Character\01.Monster\Crawler\State\03.Flinch</Filter>
    </ClInclude>
    <ClInclude Include="..\Headers\Aberrant_Idle.h">
      <Filter>02.GameObject\03.Character\01.Monster\EarthAberrant\State\00.Idle</Filter>
    </ClInclude>
    <ClInclude Include="..\Headers\Aberrant_Walk.h">
      <Filter>02.GameObject\03.Character\01.Monster\EarthAberrant\State\01.Walk</Filter>
    </ClInclude>
    <ClInclude Include="..\Headers\Aberrant_Attack.h">
      <Filter>02.GameObject\03.Character\01.Monster\EarthAberrant\State\03.Attack</Filter>
    </ClInclude>
    <ClInclude Include="..\Default\Client_Struct.h">
      <Filter>98.Headers</Filter>
    </ClInclude>
    <ClInclude Include="..\Headers\Stage3.h">
      <Filter>01.Scene\02.Stage\02.Stage3</Filter>
    </ClInclude>
    <ClInclude Include="..\Headers\DebugSystem.h">
      <Filter>97.DebugSystem</Filter>
    </ClInclude>
    <ClInclude Include="..\Headers\Bastion_Healer_Chaser.h">
      <Filter>02.GameObject\03.Character\01.Monster\Bastion_Healer\State_Healer\Chaser</Filter>
    </ClInclude>
    <ClInclude Include="..\Headers\Bastion_Healer_Attack.h">
      <Filter>02.GameObject\03.Character\01.Monster\Bastion_Healer\State_Healer\Attack</Filter>
    </ClInclude>
    <ClInclude Include="..\Headers\Bastion_Healer_Chaser_End.h">
      <Filter>02.GameObject\03.Character\01.Monster\Bastion_Healer\State_Healer\Chaser</Filter>
    </ClInclude>
    <ClInclude Include="..\Codes\MeshLoader.h">
      <Filter>01.Scene\01.Loading\00.Loader\00.MeshLoader</Filter>
    </ClInclude>
    <ClInclude Include="..\Headers\Aberrant_Flinch_Left.h">
      <Filter>02.GameObject\03.Character\01.Monster\EarthAberrant\State\04.Flinch</Filter>
    </ClInclude>
    <ClInclude Include="..\Headers\Aberrant_Run.h">
      <Filter>02.GameObject\03.Character\01.Monster\EarthAberrant\State\02.Run</Filter>
    </ClInclude>
    <ClInclude Include="..\Headers\Aberrant_Dash_Bwd.h">
      <Filter>02.GameObject\03.Character\01.Monster\EarthAberrant\State\08.Dash</Filter>
    </ClInclude>
    <ClInclude Include="..\Headers\Aberrant_Death.h">
      <Filter>02.GameObject\03.Character\01.Monster\EarthAberrant\State\07.Death</Filter>
    </ClInclude>
    <ClInclude Include="..\Headers\Aberrant_Stun.h">
      <Filter>02.GameObject\03.Character\01.Monster\EarthAberrant\State\05.Stun</Filter>
    </ClInclude>
    <ClInclude Include="..\Headers\EarthAberrant_Pick.h">
      <Filter>02.GameObject\03.Character\01.Monster\EarthAberrant\00.Weapon\00.Aberrant_Pick</Filter>
	</ClInclude>
    <ClInclude Include="..\Headers\1H_SwordAttackNormalR1_04Swap.h">
      <Filter>02.GameObject\03.Character\00.Player\00.Silvermane\State\1H_Sword\R2</Filter>
    </ClInclude>
  </ItemGroup>
  <ItemGroup>
    <ClCompile Include="pch.cpp">
      <Filter>99.Default</Filter>
    </ClCompile>
    <ClCompile Include="..\Codes\MainApp.cpp">
      <Filter>00.MainGame</Filter>
    </ClCompile>
    <ClCompile Include="..\Codes\Level_Logo.cpp">
      <Filter>01.Scene\00.Logo</Filter>
    </ClCompile>
    <ClCompile Include="..\Codes\Loading.cpp">
      <Filter>01.Scene\01.Loading</Filter>
    </ClCompile>
    <ClCompile Include="..\Codes\Loader.cpp">
      <Filter>01.Scene\01.Loading\00.Loader</Filter>
    </ClCompile>
    <ClCompile Include="..\Codes\BackGround.cpp">
      <Filter>02.GameObject\00. BackGround</Filter>
    </ClCompile>
    <ClCompile Include="..\Codes\DebugSystem.cpp">
      <Filter>97.DebugSystem</Filter>
    </ClCompile>
    <ClCompile Include="..\Codes\TestObj.cpp">
      <Filter>02.GameObject\99.TestObj</Filter>
    </ClCompile>
    <ClCompile Include="..\Codes\Silvermane.cpp">
      <Filter>02.GameObject\03.Character\00.Player\00.Silvermane</Filter>
    </ClCompile>
    <ClCompile Include="..\Codes\TestScene_JS.cpp">
      <Filter>01.Scene\99.TestScene_JS</Filter>
    </ClCompile>
    <ClCompile Include="..\Codes\State_Silvermane.cpp">
      <Filter>02.GameObject\03.Character\00.Player\00.Silvermane\State</Filter>
    </ClCompile>
    <ClCompile Include="..\Codes\Camera_Silvermane.cpp">
      <Filter>02.GameObject\03.Character\00.Player\00.Silvermane\Camera</Filter>
    </ClCompile>
    <ClCompile Include="..\Codes\Silvermane_Idle.cpp">
      <Filter>02.GameObject\03.Character\00.Player\00.Silvermane\State\Hand\Default</Filter>
    </ClCompile>
    <ClCompile Include="..\Codes\Silvermane_JogBwd.cpp">
      <Filter>02.GameObject\03.Character\00.Player\00.Silvermane\State\Hand\Jog</Filter>
    </ClCompile>
    <ClCompile Include="..\Codes\Silvermane_JogBwdPivot180.cpp">
      <Filter>02.GameObject\03.Character\00.Player\00.Silvermane\State\Hand\Jog</Filter>
    </ClCompile>
    <ClCompile Include="..\Codes\Silvermane_JogBwdStart.cpp">
      <Filter>02.GameObject\03.Character\00.Player\00.Silvermane\State\Hand\Jog</Filter>
    </ClCompile>
    <ClCompile Include="..\Codes\Silvermane_JogFwd.cpp">
      <Filter>02.GameObject\03.Character\00.Player\00.Silvermane\State\Hand\Jog</Filter>
    </ClCompile>
    <ClCompile Include="..\Codes\Silvermane_JogFwdPivot180.cpp">
      <Filter>02.GameObject\03.Character\00.Player\00.Silvermane\State\Hand\Jog</Filter>
    </ClCompile>
    <ClCompile Include="..\Codes\Silvermane_JogFwdStart.cpp">
      <Filter>02.GameObject\03.Character\00.Player\00.Silvermane\State\Hand\Jog</Filter>
    </ClCompile>
    <ClCompile Include="..\Codes\Silvermane_JogFwdStop.cpp">
      <Filter>02.GameObject\03.Character\00.Player\00.Silvermane\State\Hand\Jog</Filter>
    </ClCompile>
    <ClCompile Include="..\Codes\Silvermane_JogLeft.cpp">
      <Filter>02.GameObject\03.Character\00.Player\00.Silvermane\State\Hand\Jog</Filter>
    </ClCompile>
    <ClCompile Include="..\Codes\Silvermane_JogLeftPivot180.cpp">
      <Filter>02.GameObject\03.Character\00.Player\00.Silvermane\State\Hand\Jog</Filter>
    </ClCompile>
    <ClCompile Include="..\Codes\Silvermane_JogLeftStart.cpp">
      <Filter>02.GameObject\03.Character\00.Player\00.Silvermane\State\Hand\Jog</Filter>
    </ClCompile>
    <ClCompile Include="..\Codes\Silvermane_JogRight.cpp">
      <Filter>02.GameObject\03.Character\00.Player\00.Silvermane\State\Hand\Jog</Filter>
    </ClCompile>
    <ClCompile Include="..\Codes\Silvermane_JogRightPivot180.cpp">
      <Filter>02.GameObject\03.Character\00.Player\00.Silvermane\State\Hand\Jog</Filter>
    </ClCompile>
    <ClCompile Include="..\Codes\Silvermane_JogRightStart.cpp">
      <Filter>02.GameObject\03.Character\00.Player\00.Silvermane\State\Hand\Jog</Filter>
    </ClCompile>
    <ClCompile Include="..\Codes\Silvermane_SprintFwd.cpp">
      <Filter>02.GameObject\03.Character\00.Player\00.Silvermane\State\Hand\Sprint</Filter>
    </ClCompile>
    <ClCompile Include="..\Codes\Silvermane_SprintFwdStart.cpp">
      <Filter>02.GameObject\03.Character\00.Player\00.Silvermane\State\Hand\Sprint</Filter>
    </ClCompile>
    <ClCompile Include="..\Codes\Silvermane_SprintFwdStop.cpp">
      <Filter>02.GameObject\03.Character\00.Player\00.Silvermane\State\Hand\Sprint</Filter>
    </ClCompile>
    <ClCompile Include="..\Codes\Plane_Test.cpp">
      <Filter>02.GameObject\02.Map\00.Plane</Filter>
    </ClCompile>
    <ClCompile Include="..\Codes\Weapon.cpp">
      <Filter>02.GameObject\96.Weapon</Filter>
    </ClCompile>
    <ClCompile Include="..\Codes\Needle.cpp">
      <Filter>02.GameObject\96.Weapon\00.Needle</Filter>
    </ClCompile>
    <ClCompile Include="..\Codes\MainCamera.cpp">
      <Filter>02.GameObject\01. MainCamera\ProjectionCam</Filter>
    </ClCompile>
    <ClCompile Include="..\Codes\Effect_DashDust.cpp">
      <Filter>02.GameObject\04.Effect\01.Effect_DashDust_Player</Filter>
    </ClCompile>
    <ClCompile Include="..\Codes\MainCamera_Ortho.cpp">
      <Filter>02.GameObject\01. MainCamera\OrthoCam</Filter>
    </ClCompile>
    <ClCompile Include="..\Codes\Environment.cpp">
      <Filter>02.GameObject\02.Map\01.Environment</Filter>
    </ClCompile>
    <ClCompile Include="..\Codes\Camera_Debug.cpp">
      <Filter>02.GameObject\03.Character\00.Player\00.Silvermane\Camera</Filter>
    </ClCompile>
    <ClCompile Include="..\Codes\Monster_Bastion_2HSword.cpp">
      <Filter>02.GameObject\03.Character\01.Monster\Bastion_2HSword</Filter>
    </ClCompile>
    <ClCompile Include="..\Codes\Monster_Bastion_Healer.cpp">
      <Filter>02.GameObject\03.Character\01.Monster\Bastion_Healer</Filter>
    </ClCompile>
    <ClCompile Include="..\Codes\Monster_Bastion_Shooter.cpp">
      <Filter>02.GameObject\03.Character\01.Monster\Bastion_Shooter</Filter>
    </ClCompile>
    <ClCompile Include="..\Codes\Monster_Bastion_Spear.cpp">
      <Filter>02.GameObject\03.Character\01.Monster\Bastion_Spear</Filter>
    </ClCompile>
    <ClCompile Include="..\Codes\Monster_BronzeAnimus.cpp">
      <Filter>02.GameObject\03.Character\01.Monster\BronzeAnimus</Filter>
    </ClCompile>
    <ClCompile Include="..\Codes\Monster_Crawler.cpp">
      <Filter>02.GameObject\03.Character\01.Monster\Crawler</Filter>
    </ClCompile>
    <ClCompile Include="..\Codes\Monster_EarthAberrant.cpp">
      <Filter>02.GameObject\03.Character\01.Monster\EarthAberrant</Filter>
    </ClCompile>
    <ClCompile Include="..\Codes\Silvermane_Jog.cpp">
      <Filter>02.GameObject\03.Character\00.Player\00.Silvermane\State\Hand\Jog</Filter>
    </ClCompile>
    <ClCompile Include="..\Codes\1H_SwordAttack.cpp">
      <Filter>02.GameObject\03.Character\00.Player\00.Silvermane\State\1H_Sword</Filter>
    </ClCompile>
    <ClCompile Include="..\Codes\1H_Dash.cpp">
      <Filter>02.GameObject\03.Character\00.Player\00.Silvermane\State\1H_Sword\Dash</Filter>
    </ClCompile>
    <ClCompile Include="..\Codes\1H_SwordDodgeSpinFwd_V3.cpp">
      <Filter>02.GameObject\03.Character\00.Player\00.Silvermane\State\1H_Sword\Dash</Filter>
    </ClCompile>
    <ClCompile Include="..\Codes\1H_SwordNormalSidestepBwd_V3.cpp">
      <Filter>02.GameObject\03.Character\00.Player\00.Silvermane\State\1H_Sword\Dash</Filter>
    </ClCompile>
    <ClCompile Include="..\Codes\1H_SwordNormalSidestepLeft_V3.cpp">
      <Filter>02.GameObject\03.Character\00.Player\00.Silvermane\State\1H_Sword\Dash</Filter>
    </ClCompile>
    <ClCompile Include="..\Codes\1H_SwordNormalSidestepRight_V3.cpp">
      <Filter>02.GameObject\03.Character\00.Player\00.Silvermane\State\1H_Sword\Dash</Filter>
    </ClCompile>
    <ClCompile Include="..\Codes\1H_SwordAttackNormalR1_01.cpp">
      <Filter>02.GameObject\03.Character\00.Player\00.Silvermane\State\1H_Sword\R1</Filter>
    </ClCompile>
    <ClCompile Include="..\Codes\1H_SwordAttackNormalR1_02.cpp">
      <Filter>02.GameObject\03.Character\00.Player\00.Silvermane\State\1H_Sword\R1</Filter>
    </ClCompile>
    <ClCompile Include="..\Codes\1H_SwordAttackNormalR1_03.cpp">
      <Filter>02.GameObject\03.Character\00.Player\00.Silvermane\State\1H_Sword\R1</Filter>
    </ClCompile>
    <ClCompile Include="..\Codes\1H_SwordAttackNormalR1_04.cpp">
      <Filter>02.GameObject\03.Character\00.Player\00.Silvermane\State\1H_Sword\R1</Filter>
    </ClCompile>
    <ClCompile Include="..\Codes\1H_SwordSupermanStab.cpp">
      <Filter>02.GameObject\03.Character\00.Player\00.Silvermane\State\1H_Sword\R1</Filter>
    </ClCompile>
    <ClCompile Include="..\Codes\1H_SwordJogAttack.cpp">
      <Filter>02.GameObject\03.Character\00.Player\00.Silvermane\State\1H_Sword\R1</Filter>
    </ClCompile>
    <ClCompile Include="..\Codes\1H_SwordAttackNormalR2_ReleaseStab.cpp">
      <Filter>02.GameObject\03.Character\00.Player\00.Silvermane\State\1H_Sword\R2</Filter>
    </ClCompile>
    <ClCompile Include="..\Codes\1H_SwordAttackNormalR2_02.cpp">
      <Filter>02.GameObject\03.Character\00.Player\00.Silvermane\State\1H_Sword\R2</Filter>
    </ClCompile>
    <ClCompile Include="..\Codes\1H_SwordAttackNormalR2_03.cpp">
      <Filter>02.GameObject\03.Character\00.Player\00.Silvermane\State\1H_Sword\R2</Filter>
    </ClCompile>
    <ClCompile Include="..\Codes\1H_SwordAttackNormalR2_04.cpp">
      <Filter>02.GameObject\03.Character\00.Player\00.Silvermane\State\1H_Sword\R2</Filter>
    </ClCompile>
    <ClCompile Include="..\Codes\1H_SwordAttackNormalR2_Start.cpp">
      <Filter>02.GameObject\03.Character\00.Player\00.Silvermane\State\1H_Sword\R2</Filter>
    </ClCompile>
    <ClCompile Include="..\Codes\1H_SwordAttackNormalR2_ReleaseDoubleSwing.cpp">
      <Filter>02.GameObject\03.Character\00.Player\00.Silvermane\State\1H_Sword\R2</Filter>
    </ClCompile>
    <ClCompile Include="..\Codes\1H_SwordAttackNormalR2_Loop.cpp">
      <Filter>02.GameObject\03.Character\00.Player\00.Silvermane\State\1H_Sword\R2</Filter>
    </ClCompile>
    <ClCompile Include="..\Codes\Fury.cpp">
      <Filter>02.GameObject\96.Weapon\01.Fury</Filter>
    </ClCompile>
    <ClCompile Include="..\Codes\2H_HammerIdle.cpp">
      <Filter>02.GameObject\03.Character\00.Player\00.Silvermane\State\2H_Hammer\Default</Filter>
    </ClCompile>
    <ClCompile Include="..\Codes\2H_HammerEquipOff.cpp">
      <Filter>02.GameObject\03.Character\00.Player\00.Silvermane\State\2H_Hammer\Default</Filter>
    </ClCompile>
    <ClCompile Include="..\Codes\2H_HammerEquipOn.cpp">
      <Filter>02.GameObject\03.Character\00.Player\00.Silvermane\State\2H_Hammer\Default</Filter>
    </ClCompile>
    <ClCompile Include="..\Codes\2H_HammerJog.cpp">
      <Filter>02.GameObject\03.Character\00.Player\00.Silvermane\State\2H_Hammer\Jog</Filter>
    </ClCompile>
    <ClCompile Include="..\Codes\2H_HammerJogBwd.cpp">
      <Filter>02.GameObject\03.Character\00.Player\00.Silvermane\State\2H_Hammer\Jog</Filter>
    </ClCompile>
    <ClCompile Include="..\Codes\2H_HammerJogBwdPivot180.cpp">
      <Filter>02.GameObject\03.Character\00.Player\00.Silvermane\State\2H_Hammer\Jog</Filter>
    </ClCompile>
    <ClCompile Include="..\Codes\2H_HammerJogBwdStart.cpp">
      <Filter>02.GameObject\03.Character\00.Player\00.Silvermane\State\2H_Hammer\Jog</Filter>
    </ClCompile>
    <ClCompile Include="..\Codes\2H_HammerJogFwd.cpp">
      <Filter>02.GameObject\03.Character\00.Player\00.Silvermane\State\2H_Hammer\Jog</Filter>
    </ClCompile>
    <ClCompile Include="..\Codes\2H_HammerJogFwdPivot180.cpp">
      <Filter>02.GameObject\03.Character\00.Player\00.Silvermane\State\2H_Hammer\Jog</Filter>
    </ClCompile>
    <ClCompile Include="..\Codes\2H_HammerJogFwdStart.cpp">
      <Filter>02.GameObject\03.Character\00.Player\00.Silvermane\State\2H_Hammer\Jog</Filter>
    </ClCompile>
    <ClCompile Include="..\Codes\2H_HammerJogLeft.cpp">
      <Filter>02.GameObject\03.Character\00.Player\00.Silvermane\State\2H_Hammer\Jog</Filter>
    </ClCompile>
    <ClCompile Include="..\Codes\2H_HammerJogLeftPivot180.cpp">
      <Filter>02.GameObject\03.Character\00.Player\00.Silvermane\State\2H_Hammer\Jog</Filter>
    </ClCompile>
    <ClCompile Include="..\Codes\2H_HammerJogLeftStart.cpp">
      <Filter>02.GameObject\03.Character\00.Player\00.Silvermane\State\2H_Hammer\Jog</Filter>
    </ClCompile>
    <ClCompile Include="..\Codes\2H_HammerJogRight.cpp">
      <Filter>02.GameObject\03.Character\00.Player\00.Silvermane\State\2H_Hammer\Jog</Filter>
    </ClCompile>
    <ClCompile Include="..\Codes\2H_HammerJogRightPivot180.cpp">
      <Filter>02.GameObject\03.Character\00.Player\00.Silvermane\State\2H_Hammer\Jog</Filter>
    </ClCompile>
    <ClCompile Include="..\Codes\2H_HammerJogRightStart.cpp">
      <Filter>02.GameObject\03.Character\00.Player\00.Silvermane\State\2H_Hammer\Jog</Filter>
    </ClCompile>
    <ClCompile Include="..\Codes\Silvermane_Sprint.cpp">
      <Filter>02.GameObject\03.Character\00.Player\00.Silvermane\State\Hand\Sprint</Filter>
    </ClCompile>
    <ClCompile Include="..\Codes\1H_SwordEquipOff.cpp">
      <Filter>02.GameObject\03.Character\00.Player\00.Silvermane\State\1H_Sword\Default</Filter>
    </ClCompile>
    <ClCompile Include="..\Codes\1H_SwordEquipOn.cpp">
      <Filter>02.GameObject\03.Character\00.Player\00.Silvermane\State\1H_Sword\Default</Filter>
    </ClCompile>
    <ClCompile Include="..\Codes\1H_SwordJog.cpp">
      <Filter>02.GameObject\03.Character\00.Player\00.Silvermane\State\1H_Sword\Jog</Filter>
    </ClCompile>
    <ClCompile Include="..\Codes\1H_SwordJogBwd.cpp">
      <Filter>02.GameObject\03.Character\00.Player\00.Silvermane\State\1H_Sword\Jog</Filter>
    </ClCompile>
    <ClCompile Include="..\Codes\1H_SwordJogBwdPivot180.cpp">
      <Filter>02.GameObject\03.Character\00.Player\00.Silvermane\State\1H_Sword\Jog</Filter>
    </ClCompile>
    <ClCompile Include="..\Codes\1H_SwordJogBwdStart.cpp">
      <Filter>02.GameObject\03.Character\00.Player\00.Silvermane\State\1H_Sword\Jog</Filter>
    </ClCompile>
    <ClCompile Include="..\Codes\1H_SwordJogFwd.cpp">
      <Filter>02.GameObject\03.Character\00.Player\00.Silvermane\State\1H_Sword\Jog</Filter>
    </ClCompile>
    <ClCompile Include="..\Codes\1H_SwordJogFwdPivot180.cpp">
      <Filter>02.GameObject\03.Character\00.Player\00.Silvermane\State\1H_Sword\Jog</Filter>
    </ClCompile>
    <ClCompile Include="..\Codes\1H_SwordJogFwdStart.cpp">
      <Filter>02.GameObject\03.Character\00.Player\00.Silvermane\State\1H_Sword\Jog</Filter>
    </ClCompile>
    <ClCompile Include="..\Codes\1H_SwordJogLeft.cpp">
      <Filter>02.GameObject\03.Character\00.Player\00.Silvermane\State\1H_Sword\Jog</Filter>
    </ClCompile>
    <ClCompile Include="..\Codes\1H_SwordJogLeftPivot180.cpp">
      <Filter>02.GameObject\03.Character\00.Player\00.Silvermane\State\1H_Sword\Jog</Filter>
    </ClCompile>
    <ClCompile Include="..\Codes\1H_SwordJogLeftStart.cpp">
      <Filter>02.GameObject\03.Character\00.Player\00.Silvermane\State\1H_Sword\Jog</Filter>
    </ClCompile>
    <ClCompile Include="..\Codes\1H_SwordJogRight.cpp">
      <Filter>02.GameObject\03.Character\00.Player\00.Silvermane\State\1H_Sword\Jog</Filter>
    </ClCompile>
    <ClCompile Include="..\Codes\1H_SwordJogRightPivot180.cpp">
      <Filter>02.GameObject\03.Character\00.Player\00.Silvermane\State\1H_Sword\Jog</Filter>
    </ClCompile>
    <ClCompile Include="..\Codes\1H_SwordJogRightStart.cpp">
      <Filter>02.GameObject\03.Character\00.Player\00.Silvermane\State\1H_Sword\Jog</Filter>
    </ClCompile>
    <ClCompile Include="..\Codes\1H_SwordIdle.cpp">
      <Filter>02.GameObject\03.Character\00.Player\00.Silvermane\State\1H_Sword\Default</Filter>
    </ClCompile>
    <ClCompile Include="..\Codes\UI_Ingame.cpp">
      <Filter>02.GameObject\05.UI\01.UI_Ingame\00.UI_Ingame_Static</Filter>
    </ClCompile>
    <ClCompile Include="..\Codes\UI_Monster_Level.cpp">
      <Filter>02.GameObject\05.UI\01.UI_Ingame\01.Meter\02.Monster\02.LevelUI</Filter>
    </ClCompile>
    <ClCompile Include="..\Codes\UI_Monster_Back.cpp">
      <Filter>02.GameObject\05.UI\01.UI_Ingame\01.Meter\02.Monster\01.BackUI</Filter>
    </ClCompile>
    <ClCompile Include="..\Codes\UI_Monster_Panel.cpp">
      <Filter>02.GameObject\05.UI\01.UI_Ingame\01.Meter\02.Monster\00.Panel</Filter>
    </ClCompile>
    <ClCompile Include="..\Codes\UI_Monster_HpBar.cpp">
      <Filter>02.GameObject\05.UI\01.UI_Ingame\01.Meter\02.Monster\03.HpUI</Filter>
    </ClCompile>
    <ClCompile Include="..\Codes\2H_HammerAttack.cpp">
      <Filter>02.GameObject\03.Character\00.Player\00.Silvermane\State\2H_Hammer</Filter>
    </ClCompile>
    <ClCompile Include="..\Codes\2H_HammerAttackR1_01.cpp">
      <Filter>02.GameObject\03.Character\00.Player\00.Silvermane\State\2H_Hammer\R1</Filter>
    </ClCompile>
    <ClCompile Include="..\Codes\2H_HammerAttackR1_02.cpp">
      <Filter>02.GameObject\03.Character\00.Player\00.Silvermane\State\2H_Hammer\R1</Filter>
    </ClCompile>
    <ClCompile Include="..\Codes\2H_HammerAttackR1_03.cpp">
      <Filter>02.GameObject\03.Character\00.Player\00.Silvermane\State\2H_Hammer\R1</Filter>
    </ClCompile>
    <ClCompile Include="..\Codes\2H_HammerAttackR1_04.cpp">
      <Filter>02.GameObject\03.Character\00.Player\00.Silvermane\State\2H_Hammer\R1</Filter>
    </ClCompile>
    <ClCompile Include="..\Codes\2H_HammerAttackJogR1.cpp">
      <Filter>02.GameObject\03.Character\00.Player\00.Silvermane\State\2H_Hammer\R1</Filter>
    </ClCompile>
    <ClCompile Include="..\Codes\2H_HammerAttackR2_01.cpp">
      <Filter>02.GameObject\03.Character\00.Player\00.Silvermane\State\2H_Hammer\R2</Filter>
    </ClCompile>
    <ClCompile Include="..\Codes\2H_HammerAttackR2_02.cpp">
      <Filter>02.GameObject\03.Character\00.Player\00.Silvermane\State\2H_Hammer\R2</Filter>
    </ClCompile>
    <ClCompile Include="..\Codes\2H_HammerAttackR2_03.cpp">
      <Filter>02.GameObject\03.Character\00.Player\00.Silvermane\State\2H_Hammer\R2</Filter>
    </ClCompile>
    <ClCompile Include="..\Codes\2H_HammerChargeStage1_Start.cpp">
      <Filter>02.GameObject\03.Character\00.Player\00.Silvermane\State\2H_Hammer\R2</Filter>
    </ClCompile>
    <ClCompile Include="..\Codes\2H_HammerChargeStage1_Loop.cpp">
      <Filter>02.GameObject\03.Character\00.Player\00.Silvermane\State\2H_Hammer\R2</Filter>
    </ClCompile>
    <ClCompile Include="..\Codes\2H_HammerAttackSprintR1.cpp">
      <Filter>02.GameObject\03.Character\00.Player\00.Silvermane\State\2H_Hammer\R1</Filter>
    </ClCompile>
    <ClCompile Include="..\Codes\2H_HammerAttackR1_04Swap.cpp">
      <Filter>02.GameObject\03.Character\00.Player\00.Silvermane\State\2H_Hammer\R2</Filter>
    </ClCompile>
    <ClCompile Include="..\Codes\2H_HammerAttackDodgeR1.cpp">
      <Filter>02.GameObject\03.Character\00.Player\00.Silvermane\State\2H_Hammer\R1</Filter>
    </ClCompile>
    <ClCompile Include="..\Codes\2H_HammerAttackR2_Charge.cpp">
      <Filter>02.GameObject\03.Character\00.Player\00.Silvermane\State\2H_Hammer\R2</Filter>
    </ClCompile>
    <ClCompile Include="..\Codes\Shield.cpp">
      <Filter>02.GameObject\96.Weapon\99.Shield</Filter>
    </ClCompile>
    <ClCompile Include="..\Codes\Shield_Block.cpp">
      <Filter>02.GameObject\03.Character\00.Player\00.Silvermane\State\Shield\Block</Filter>
    </ClCompile>
    <ClCompile Include="..\Codes\Shield_BlockStart.cpp">
      <Filter>02.GameObject\03.Character\00.Player\00.Silvermane\State\Shield\Block</Filter>
    </ClCompile>
    <ClCompile Include="..\Codes\Shield_BlockLoop.cpp">
      <Filter>02.GameObject\03.Character\00.Player\00.Silvermane\State\Shield\Block</Filter>
    </ClCompile>
    <ClCompile Include="..\Codes\Shield_BlockEnd.cpp">
      <Filter>02.GameObject\03.Character\00.Player\00.Silvermane\State\Shield\Block</Filter>
    </ClCompile>
    <ClCompile Include="..\Codes\Shield_WalkBwd.cpp">
      <Filter>02.GameObject\03.Character\00.Player\00.Silvermane\State\Shield\Walk</Filter>
    </ClCompile>
    <ClCompile Include="..\Codes\Shield_WalkBwdStart.cpp">
      <Filter>02.GameObject\03.Character\00.Player\00.Silvermane\State\Shield\Walk</Filter>
    </ClCompile>
    <ClCompile Include="..\Codes\Shield_WalkBwdStop.cpp">
      <Filter>02.GameObject\03.Character\00.Player\00.Silvermane\State\Shield\Walk</Filter>
    </ClCompile>
    <ClCompile Include="..\Codes\Shield_WalkFwd.cpp">
      <Filter>02.GameObject\03.Character\00.Player\00.Silvermane\State\Shield\Walk</Filter>
    </ClCompile>
    <ClCompile Include="..\Codes\Shield_WalkFwdStart.cpp">
      <Filter>02.GameObject\03.Character\00.Player\00.Silvermane\State\Shield\Walk</Filter>
    </ClCompile>
    <ClCompile Include="..\Codes\Shield_WalkFwdStop.cpp">
      <Filter>02.GameObject\03.Character\00.Player\00.Silvermane\State\Shield\Walk</Filter>
    </ClCompile>
    <ClCompile Include="..\Codes\Shield_WalkLeft.cpp">
      <Filter>02.GameObject\03.Character\00.Player\00.Silvermane\State\Shield\Walk</Filter>
    </ClCompile>
    <ClCompile Include="..\Codes\Shield_WalkLeftStart.cpp">
      <Filter>02.GameObject\03.Character\00.Player\00.Silvermane\State\Shield\Walk</Filter>
    </ClCompile>
    <ClCompile Include="..\Codes\Shield_WalkLeftStop.cpp">
      <Filter>02.GameObject\03.Character\00.Player\00.Silvermane\State\Shield\Walk</Filter>
    </ClCompile>
    <ClCompile Include="..\Codes\Shield_WalkRight.cpp">
      <Filter>02.GameObject\03.Character\00.Player\00.Silvermane\State\Shield\Walk</Filter>
    </ClCompile>
    <ClCompile Include="..\Codes\Shield_WalkRightStart.cpp">
      <Filter>02.GameObject\03.Character\00.Player\00.Silvermane\State\Shield\Walk</Filter>
    </ClCompile>
    <ClCompile Include="..\Codes\Shield_WalkRightStop.cpp">
      <Filter>02.GameObject\03.Character\00.Player\00.Silvermane\State\Shield\Walk</Filter>
    </ClCompile>
    <ClCompile Include="..\Codes\Shield_Walk.cpp">
      <Filter>02.GameObject\03.Character\00.Player\00.Silvermane\State\Shield\Walk</Filter>
    </ClCompile>
    <ClCompile Include="..\Codes\Shield_SupermanPunchStraight.cpp">
      <Filter>02.GameObject\03.Character\00.Player\00.Silvermane\State\Shield\Attack</Filter>
    </ClCompile>
    <ClCompile Include="..\Codes\Client_Trigger.cpp">
      <Filter>02.GameObject\02.Map\03.Trigger</Filter>
    </ClCompile>
    <ClCompile Include="..\Codes\TestScene_YM.cpp">
      <Filter>01.Scene\98.TestScene_YM</Filter>
    </ClCompile>
    <ClCompile Include="..\Codes\RetributionBlade.cpp">
      <Filter>02.GameObject\96.Weapon\02.RetributionBlade</Filter>
    </ClCompile>
    <ClCompile Include="..\Codes\Client_Observer.cpp">
      <Filter>02.GameObject\94.Observer</Filter>
    </ClCompile>
    <ClCompile Include="..\Codes\UI_Player_HpBar.cpp">
      <Filter>02.GameObject\05.UI\01.UI_Ingame\01.Meter\00.Player\00.HpBar_Green</Filter>
    </ClCompile>
    <ClCompile Include="..\Codes\UI_Player_HpBar_Red.cpp">
      <Filter>02.GameObject\05.UI\01.UI_Ingame\01.Meter\00.Player\01.HpBar_Red</Filter>
    </ClCompile>
    <ClCompile Include="..\Codes\Boss_Bastion_Judicator.cpp">
      <Filter>02.GameObject\03.Character\02.Boss\00.MiddleBoss</Filter>
    </ClCompile>
    <ClCompile Include="..\Codes\ShieldBreaker.cpp">
      <Filter>02.GameObject\03.Character\02.Boss\00.MiddleBoss\00.Weapon</Filter>
    </ClCompile>
    <ClCompile Include="..\Codes\Stargazer.cpp">
      <Filter>02.GameObject\96.Weapon\03.Stargazer</Filter>
    </ClCompile>
    <ClCompile Include="..\Codes\Bastion_2HSword_Dash.cpp">
      <Filter>02.GameObject\03.Character\01.Monster\Bastion_2HSword\State_2HSword\Dash</Filter>
    </ClCompile>
    <ClCompile Include="..\Codes\Bastion_2HSword_Idle.cpp">
      <Filter>02.GameObject\03.Character\01.Monster\Bastion_2HSword\State_2HSword\Idle</Filter>
    </ClCompile>
    <ClCompile Include="..\Codes\Bastion_2HSword_Chaser.cpp">
      <Filter>02.GameObject\03.Character\01.Monster\Bastion_2HSword\State_2HSword\Chaser</Filter>
    </ClCompile>
    <ClCompile Include="..\Codes\TestScene_Sb.cpp">
      <Filter>01.Scene\100.TestScene_SB</Filter>
    </ClCompile>
    <ClCompile Include="..\Codes\Shooter_Idle.cpp">
      <Filter>02.GameObject\03.Character\01.Monster\Bastion_Shooter\Idle</Filter>
    </ClCompile>
    <ClCompile Include="..\Codes\Traverse_Jump400Jog.cpp">
      <Filter>02.GameObject\03.Character\00.Player\00.Silvermane\State\Jump</Filter>
    </ClCompile>
    <ClCompile Include="..\Codes\JumpNode.cpp">
      <Filter>02.GameObject\50.JumpNode</Filter>
    </ClCompile>
    <ClCompile Include="..\Codes\Shooter_Attack.cpp">
      <Filter>02.GameObject\95.Monster\Bastion_Shooter\Attack</Filter>
      <Filter>02.GameObject\02.Map\02.JumpNode</Filter>
    </ClCompile>
    <ClCompile Include="..\Codes\Shooter_Attack.cpp">
      <Filter>02.GameObject\03.Character\01.Monster\Bastion_Shooter\Attack</Filter>
    </ClCompile>
    <ClCompile Include="..\Codes\MidBoss_Rage.cpp">
      <Filter>02.GameObject\03.Character\02.Boss\00.MiddleBoss\State\00.Rage</Filter>
    </ClCompile>
    <ClCompile Include="..\Codes\MidBoss_Attack.cpp">
      <Filter>02.GameObject\03.Character\02.Boss\00.MiddleBoss\State\02.Attack</Filter>
    </ClCompile>
    <ClCompile Include="..\Codes\MidBoss_BattleCry.cpp">
      <Filter>02.GameObject\03.Character\02.Boss\00.MiddleBoss\State\01.BattleCry</Filter>
    </ClCompile>
    <ClCompile Include="..\Codes\MidBoss_Turn.cpp">
      <Filter>02.GameObject\03.Character\02.Boss\00.MiddleBoss\State\03.Turn</Filter>
    </ClCompile>
    <ClCompile Include="..\Codes\Bastion_2HSword_Death.cpp">
      <Filter>02.GameObject\03.Character\01.Monster\Bastion_2HSword\State_2HSword\Death</Filter>
    </ClCompile>
    <ClCompile Include="..\Codes\Bastion_2HSword_Rage.cpp">
      <Filter>02.GameObject\03.Character\01.Monster\Bastion_2HSword\State_2HSword\Rage</Filter>
    </ClCompile>
    <ClCompile Include="..\Codes\Bastion_2HSword_Attack_Rage.cpp">
      <Filter>02.GameObject\03.Character\01.Monster\Bastion_2HSword\State_2HSword\Rage\Rage_Attack</Filter>
    </ClCompile>
    <ClCompile Include="..\Codes\Bastion_2HSword_Attack.cpp">
      <Filter>02.GameObject\03.Character\01.Monster\Bastion_2HSword\State_2HSword\Attack</Filter>
    </ClCompile>
    <ClCompile Include="..\Codes\Bastion_Sword_Idle.cpp">
      <Filter>02.GameObject\03.Character\01.Monster\Bastion_Sword\00.State\00.Idle</Filter>
    </ClCompile>
    <ClCompile Include="..\Codes\Bastion_Sword_Chase.cpp">
      <Filter>02.GameObject\03.Character\01.Monster\Bastion_Sword\00.State\01.Chase</Filter>
    </ClCompile>
    <ClCompile Include="..\Codes\Bastion_Sword_Attack.cpp">
      <Filter>02.GameObject\03.Character\01.Monster\Bastion_Sword\00.State\02.Attack</Filter>
    </ClCompile>
    <ClCompile Include="..\Codes\Bastion_Sword_Death.cpp">
      <Filter>02.GameObject\03.Character\01.Monster\Bastion_Sword\00.State\04.Death</Filter>
    </ClCompile>
    <ClCompile Include="..\Codes\Bastion_Sword_Groggy.cpp">
      <Filter>02.GameObject\03.Character\01.Monster\Bastion_Sword\00.State\05.Groggy</Filter>
    </ClCompile>
    <ClCompile Include="..\Codes\Bastion_Sword_Paring.cpp">
      <Filter>02.GameObject\03.Character\01.Monster\Bastion_Sword\00.State\06.Paring</Filter>
    </ClCompile>
    <ClCompile Include="..\Codes\Bastion_Sword_Walk.cpp">
      <Filter>02.GameObject\03.Character\01.Monster\Bastion_Sword\00.State\08.Walk</Filter>
    </ClCompile>
    <ClCompile Include="..\Codes\Bastion_2HSword_State.cpp">
      <Filter>02.GameObject\03.Character\01.Monster\Bastion_2HSword\State_2HSword</Filter>
    </ClCompile>
    <ClCompile Include="..\Codes\Bastion_2HSword_Hit.cpp">
      <Filter>02.GameObject\03.Character\01.Monster\Bastion_2HSword\State_2HSword\Hit</Filter>
    </ClCompile>
    <ClCompile Include="..\Codes\Monster_Bastion_Sword.cpp" />
    <ClCompile Include="..\Codes\Traverse_JumpNodeJog.cpp">
      <Filter>02.GameObject\03.Character\00.Player\00.Silvermane\State\Jump</Filter>
    </ClCompile>
    <ClCompile Include="..\Codes\Monster_Bastion_Sword.cpp">
      <Filter>02.GameObject\03.Character\01.Monster\Bastion_Sword</Filter>
    </ClCompile>
    <ClCompile Include="..\Codes\1H_SwordAttackNormalR1_04Swap.cpp">
      <Filter>02.GameObject\03.Character\00.Player\00.Silvermane\State\1H_Sword\R2</Filter>
    </ClCompile>
    <ClCompile Include="..\Codes\1H_SwordAttackNormalR1_04Swap.cpp">
      <Filter>02.GameObject\03.Character\00.Player\00.Silvermane\State\1H_Sword\R2</Filter>
    </ClCompile>
    <ClCompile Include="..\Codes\Traverse_JumpNodeJog.cpp">
      <Filter>02.GameObject\03.Character\00.Player\00.Silvermane\State\Jump</Filter>
    </ClCompile>
    <ClCompile Include="..\Codes\1H_SwordAttackNormalR1_04Swap.cpp" />
    <ClCompile Include="..\Codes\Monster_Bastion_Sword.cpp">
      <Filter>02.GameObject\03.Character\01.Monster\Bastion_Sword</Filter>
    </ClCompile>
    <ClCompile Include="Client.cpp">
      <Filter>99.Default</Filter>
    </ClCompile>
    <ClCompile Include="..\Codes\Bastion_Healer_State.cpp">
      <Filter>02.GameObject\03.Character\01.Monster\Bastion_Healer\State_Healer</Filter>
    </ClCompile>
    <ClCompile Include="..\Codes\Bastion_Healer_Idle.cpp">
      <Filter>02.GameObject\03.Character\01.Monster\Bastion_Healer\State_Healer\Idle</Filter>
    </ClCompile>
    <ClCompile Include="..\Codes\Staff.cpp">
      <Filter>02.GameObject\96.Weapon\04.Staff</Filter>
    </ClCompile>
    <ClCompile Include="..\Codes\Stage1.cpp">
      <Filter>01.Scene\02.Stage\00.Stage1</Filter>
    </ClCompile>
    <ClCompile Include="..\Codes\Stage2.cpp">
      <Filter>01.Scene\02.Stage\01.Stage2</Filter>
    </ClCompile>
    <ClCompile Include="..\Codes\Monster_Bastion_Sword.cpp">
      <Filter>02.GameObject\03.Character\01.Monster\Bastion_Sword</Filter>
    </ClCompile>
    <ClCompile Include="..\Codes\UI_Monster_Name.cpp">
      <Filter>02.GameObject\05.UI\01.UI_Ingame\01.Meter\02.Monster\04.Name</Filter>
    </ClCompile>
    <ClCompile Include="..\Codes\Crawler_Idle.cpp">
      <Filter>02.GameObject\03.Character\01.Monster\Crawler\State\00.Idle</Filter>
    </ClCompile>
    <ClCompile Include="..\Codes\Crawler_Walk.cpp">
      <Filter>02.GameObject\03.Character\01.Monster\Crawler\State\01.Walk</Filter>
    </ClCompile>
    <ClCompile Include="..\Codes\Crawler_Attack.cpp">
      <Filter>02.GameObject\03.Character\01.Monster\Crawler\State\02.Attack</Filter>
    </ClCompile>
    <ClCompile Include="..\Codes\Crawler_Ricochet.cpp">
      <Filter>02.GameObject\03.Character\01.Monster\Crawler\State\06.Ricochet</Filter>
    </ClCompile>
    <ClCompile Include="..\Codes\Crawler_Death.cpp">
      <Filter>02.GameObject\03.Character\01.Monster\Crawler\State\05.Death</Filter>
    </ClCompile>
    <ClCompile Include="..\Codes\Crawler_Flinch_Left.cpp">
      <Filter>02.GameObject\03.Character\01.Monster\Crawler\State\03.Flinch</Filter>
    </ClCompile>
    <ClCompile Include="..\Codes\Aberrant_Idle.cpp">
      <Filter>02.GameObject\03.Character\01.Monster\EarthAberrant\State\00.Idle</Filter>
    </ClCompile>
    <ClCompile Include="..\Codes\Aberrant_Walk.cpp">
      <Filter>02.GameObject\03.Character\01.Monster\EarthAberrant\State\01.Walk</Filter>
    </ClCompile>
    <ClCompile Include="..\Codes\Aberrant_Attack.cpp">
      <Filter>02.GameObject\03.Character\01.Monster\EarthAberrant\State\03.Attack</Filter>
    </ClCompile>
    <ClCompile Include="..\Codes\Bastion_Sword_Hit.cpp">
      <Filter>02.GameObject\03.Character\01.Monster\Bastion_Sword\00.State\03.Hit</Filter>
    </ClCompile>
    <ClCompile Include="..\Codes\Bastion_Sword_Turn.cpp">
      <Filter>02.GameObject\03.Character\01.Monster\Bastion_Sword\00.State\07.Turn</Filter>
    </ClCompile>
    <ClCompile Include="..\Codes\Stage3.cpp">
      <Filter>01.Scene\02.Stage\02.Stage3</Filter>
    </ClCompile>
    <ClCompile Include="..\Codes\Bastion_Healer_Chaser.cpp">
      <Filter>02.GameObject\03.Character\01.Monster\Bastion_Healer\State_Healer\Chaser</Filter>
    </ClCompile>
    <ClCompile Include="..\Codes\Bastion_Healer_Attack.cpp">
      <Filter>02.GameObject\03.Character\01.Monster\Bastion_Healer\State_Healer\Attack</Filter>
    </ClCompile>
    <ClCompile Include="..\Codes\Bastion_Healer_Chaser_End.cpp">
      <Filter>02.GameObject\03.Character\01.Monster\Bastion_Healer\State_Healer\Chaser</Filter>
    </ClCompile>
    <ClCompile Include="..\Codes\MeshLoader.cpp">
      <Filter>01.Scene\01.Loading\00.Loader\00.MeshLoader</Filter>
    </ClCompile>
    <ClCompile Include="..\Codes\Aberrant_Flinch_Left.cpp">
      <Filter>02.GameObject\03.Character\01.Monster\EarthAberrant\State\04.Flinch</Filter>
    </ClCompile>
    <ClCompile Include="..\Codes\Aberrant_Run.cpp">
      <Filter>02.GameObject\03.Character\01.Monster\EarthAberrant\State\02.Run</Filter>
    </ClCompile>
    <ClCompile Include="..\Codes\Aberrant_Dash_Bwd.cpp">
      <Filter>02.GameObject\03.Character\01.Monster\EarthAberrant\State\08.Dash</Filter>
    </ClCompile>
    <ClCompile Include="..\Codes\Aberrant_Death.cpp">
      <Filter>02.GameObject\03.Character\01.Monster\EarthAberrant\State\07.Death</Filter>
    </ClCompile>
    <ClCompile Include="..\Codes\Aberrant_Stun.cpp">
      <Filter>02.GameObject\03.Character\01.Monster\EarthAberrant\State\05.Stun</Filter>
    </ClCompile>
    <ClCompile Include="..\Codes\EarthAberrant_Pick.cpp">
      <Filter>02.GameObject\03.Character\01.Monster\EarthAberrant\00.Weapon\00.Aberrant_Pick</Filter>
	</ClCompile>
    <ClCompile Include="..\Codes\1H_SwordAttackNormalR1_04Swap.cpp">
      <Filter>02.GameObject\03.Character\00.Player\00.Silvermane\State\1H_Sword\R2</Filter>
    </ClCompile>
  </ItemGroup>
  <ItemGroup>
    <Image Include="Client.ico">
      <Filter>99.Default</Filter>
    </Image>
    <Image Include="small.ico">
      <Filter>99.Default</Filter>
    </Image>
  </ItemGroup>
  <ItemGroup>
    <ResourceCompile Include="Client.rc">
      <Filter>99.Default</Filter>
    </ResourceCompile>
  </ItemGroup>
</Project>