<?xml version="1.0" encoding="utf-8"?>
<Project ToolsVersion="4.0" xmlns="http://schemas.microsoft.com/developer/msbuild/2003">
  <ItemGroup>
    <Filter Include="99.Default">
      <UniqueIdentifier>{4c615150-21ae-4a5c-b481-71b70d76748b}</UniqueIdentifier>
    </Filter>
    <Filter Include="98.Headers">
      <UniqueIdentifier>{96eda15f-74ed-47dc-ba01-308cf57bfc5c}</UniqueIdentifier>
    </Filter>
    <Filter Include="00.MainGame">
      <UniqueIdentifier>{77744ede-73e8-4a86-9387-22f105cb42bb}</UniqueIdentifier>
    </Filter>
    <Filter Include="01.Scene">
      <UniqueIdentifier>{9e263673-2d49-4631-b81e-17e3fed66b69}</UniqueIdentifier>
    </Filter>
    <Filter Include="01.Scene\00.Logo">
      <UniqueIdentifier>{cac3034c-dd8b-47e8-afc7-da6cb3e9501e}</UniqueIdentifier>
    </Filter>
    <Filter Include="01.Scene\01.Loading">
      <UniqueIdentifier>{7422941d-4d51-474c-be5e-f6a0e862edd3}</UniqueIdentifier>
    </Filter>
    <Filter Include="01.Scene\01.Loading\00.Loader">
      <UniqueIdentifier>{5fc128d8-a6b0-4069-a1d5-9b84151e16b3}</UniqueIdentifier>
    </Filter>
    <Filter Include="97.DebugSystem">
      <UniqueIdentifier>{b4bd8d9b-cb93-4756-811e-26837882420d}</UniqueIdentifier>
    </Filter>
    <Filter Include="01.Scene\02.Stage">
      <UniqueIdentifier>{7b03efd1-8edb-483a-9e4d-de2be570d5c2}</UniqueIdentifier>
    </Filter>
    <Filter Include="01.Scene\99.TestScene_JS">
      <UniqueIdentifier>{b6e86d0a-b561-409f-9266-5b3cc0b5111e}</UniqueIdentifier>
    </Filter>
    <Filter Include="02.GameObject">
      <UniqueIdentifier>{f2cdd416-1246-46fe-9651-260378957611}</UniqueIdentifier>
    </Filter>
    <Filter Include="02.GameObject\00. BackGround">
      <UniqueIdentifier>{3e9f8b1d-79d3-4ea6-8887-0f1a331282cb}</UniqueIdentifier>
    </Filter>
    <Filter Include="02.GameObject\01. MainCamera">
      <UniqueIdentifier>{8b18fdcc-5500-4069-924b-f1bd56f8854d}</UniqueIdentifier>
    </Filter>
    <Filter Include="02.GameObject\01. MainCamera\ProjectionCam">
      <UniqueIdentifier>{b39d66ed-89a6-46d9-8ed8-5f311d203299}</UniqueIdentifier>
    </Filter>
    <Filter Include="02.GameObject\01. MainCamera\OrthoCam">
      <UniqueIdentifier>{65662b41-31ce-4b36-8d8e-957a55ecdb6d}</UniqueIdentifier>
    </Filter>
    <Filter Include="02.GameObject\99.TestObj">
      <UniqueIdentifier>{0437e1aa-690d-4d50-9a9f-8e81ae5f8eb9}</UniqueIdentifier>
    </Filter>
    <Filter Include="02.GameObject\98.Player">
      <UniqueIdentifier>{ea0db492-8f6d-4cf1-9f49-a1483fa2eb10}</UniqueIdentifier>
    </Filter>
    <Filter Include="02.GameObject\98.Player\00.Silvermane">
      <UniqueIdentifier>{c9df52b7-2319-4d77-a2e8-0a052e39157d}</UniqueIdentifier>
    </Filter>
    <Filter Include="02.GameObject\98.Player\00.Silvermane\State">
      <UniqueIdentifier>{ef05c7f7-5a10-49d2-a495-156cd2854a96}</UniqueIdentifier>
    </Filter>
    <Filter Include="02.GameObject\98.Player\00.Silvermane\Camera">
      <UniqueIdentifier>{fff034f3-6d84-4669-b0c2-9e3d6be892c0}</UniqueIdentifier>
    </Filter>
    <Filter Include="02.GameObject\03.">
      <UniqueIdentifier>{5840044b-593c-4938-8f64-6a894ee7e1f0}</UniqueIdentifier>
    </Filter>
    <Filter Include="02.GameObject\04.Effect">
      <UniqueIdentifier>{8a92a3f2-2ab5-4eeb-a712-96f614c298ff}</UniqueIdentifier>
    </Filter>
    <Filter Include="02.GameObject\04.Effect\01.Effect_DashDust_Player">
      <UniqueIdentifier>{387da879-a8da-43c1-a901-c84527a9b9f2}</UniqueIdentifier>
    </Filter>
    <Filter Include="02.GameObject\05.UI">
      <UniqueIdentifier>{ea588900-5830-4a87-bbb5-2525229f11a6}</UniqueIdentifier>
    </Filter>
    <Filter Include="02.GameObject\05.UI\01.UI_Ingame">
      <UniqueIdentifier>{2697be6f-d512-4375-9c64-b12c0e1ffaec}</UniqueIdentifier>
    </Filter>
    <Filter Include="02.GameObject\97.Plane">
      <UniqueIdentifier>{90180e28-49c4-4c5c-89b6-1ad22812fb29}</UniqueIdentifier>
    </Filter>
    <Filter Include="02.GameObject\96.Weapon">
      <UniqueIdentifier>{4de56d05-7178-4ee0-a266-5f7bb2773397}</UniqueIdentifier>
    </Filter>
    <Filter Include="02.GameObject\96.Weapon\00.Needle">
      <UniqueIdentifier>{3eee425a-e769-4d53-87d7-fe962081c44a}</UniqueIdentifier>
    </Filter>
    <Filter Include="02.GameObject\06.">
      <UniqueIdentifier>{5e4ce90c-d575-4e08-9ce0-006401437c35}</UniqueIdentifier>
    </Filter>
    <Filter Include="02.GameObject\02.Environment">
      <UniqueIdentifier>{2671a8b6-a2a8-4ec2-ad0d-b3e116f33512}</UniqueIdentifier>
    </Filter>
    <Filter Include="02.GameObject\95.Monster">
      <UniqueIdentifier>{4eb6e82c-5d39-4760-aeda-4732c2357b3b}</UniqueIdentifier>
    </Filter>
    <Filter Include="02.GameObject\95.Monster\Bastion_2HSword">
      <UniqueIdentifier>{6a8d6a38-662f-4d40-b3d6-331656a470eb}</UniqueIdentifier>
    </Filter>
    <Filter Include="02.GameObject\95.Monster\Bastion_Healer">
      <UniqueIdentifier>{335bed18-d7d5-4883-82c3-5137d2e1cbc5}</UniqueIdentifier>
    </Filter>
    <Filter Include="02.GameObject\95.Monster\Bastion_Shooter">
      <UniqueIdentifier>{9ff8a515-17bc-40fa-a1a9-f012b45f5d19}</UniqueIdentifier>
    </Filter>
    <Filter Include="02.GameObject\95.Monster\Bastion_Spear">
      <UniqueIdentifier>{985a4737-6984-45e3-b7aa-e1c5e0c5c488}</UniqueIdentifier>
    </Filter>
    <Filter Include="02.GameObject\95.Monster\Bastion_Sword">
      <UniqueIdentifier>{f21fcb8a-8935-4037-bb0e-677bf69fee18}</UniqueIdentifier>
    </Filter>
    <Filter Include="02.GameObject\95.Monster\BronzeAnimus">
      <UniqueIdentifier>{d4ff09ad-5442-4050-8ed4-1c05e5b91f71}</UniqueIdentifier>
    </Filter>
    <Filter Include="02.GameObject\95.Monster\Crawler">
      <UniqueIdentifier>{5b72d0c0-077b-4741-ae56-127caf52670c}</UniqueIdentifier>
    </Filter>
    <Filter Include="02.GameObject\95.Monster\EarthAberrant">
      <UniqueIdentifier>{3ff89c49-f181-4547-aeea-d6ccbc1b943e}</UniqueIdentifier>
    </Filter>
    <Filter Include="02.GameObject\96.Weapon\01.Fury">
      <UniqueIdentifier>{41f5effc-3bc6-4200-b217-cd324fcb7c7a}</UniqueIdentifier>
    </Filter>
    <Filter Include="02.GameObject\98.Player\00.Silvermane\State\1H_Sword">
      <UniqueIdentifier>{0e4cba26-3aae-4f52-85e9-e564bdabc551}</UniqueIdentifier>
    </Filter>
    <Filter Include="02.GameObject\98.Player\00.Silvermane\State\1H_Sword\R1">
      <UniqueIdentifier>{b633d97d-462e-48c6-867d-562024140055}</UniqueIdentifier>
    </Filter>
    <Filter Include="02.GameObject\98.Player\00.Silvermane\State\1H_Sword\R2">
      <UniqueIdentifier>{c0d08387-07b4-4d7c-a318-5ece1884a341}</UniqueIdentifier>
    </Filter>
    <Filter Include="02.GameObject\98.Player\00.Silvermane\State\2H_Hammer">
      <UniqueIdentifier>{09b012e7-83f6-4d29-8792-13efdc82098c}</UniqueIdentifier>
    </Filter>
    <Filter Include="02.GameObject\98.Player\00.Silvermane\State\2H_Hammer\Default">
      <UniqueIdentifier>{76d183de-db73-4482-b897-41f812405f31}</UniqueIdentifier>
    </Filter>
    <Filter Include="02.GameObject\98.Player\00.Silvermane\State\1H_Sword\Dash">
      <UniqueIdentifier>{222e2ebe-0f75-418e-8c0b-3c3fa18868d4}</UniqueIdentifier>
    </Filter>
    <Filter Include="02.GameObject\98.Player\00.Silvermane\State\2H_Hammer\Jog">
      <UniqueIdentifier>{a587da2b-ac44-42ed-8ed7-3acc2294bbce}</UniqueIdentifier>
    </Filter>
    <Filter Include="02.GameObject\98.Player\00.Silvermane\State\1H_Sword\Default">
      <UniqueIdentifier>{46707690-282f-43ef-b597-bc4ac8b961ef}</UniqueIdentifier>
    </Filter>
    <Filter Include="02.GameObject\98.Player\00.Silvermane\State\1H_Sword\Jog">
      <UniqueIdentifier>{4c43f7b0-8a55-4a1e-90c3-d1d2fa61b380}</UniqueIdentifier>
    </Filter>
    <Filter Include="02.GameObject\98.Player\00.Silvermane\State\Hand">
      <UniqueIdentifier>{19b51444-9f5c-44a9-bc78-08fede730b1b}</UniqueIdentifier>
    </Filter>
    <Filter Include="02.GameObject\98.Player\00.Silvermane\State\Hand\Default">
      <UniqueIdentifier>{1536151b-11e6-4800-81eb-1e5406329ed6}</UniqueIdentifier>
    </Filter>
    <Filter Include="02.GameObject\98.Player\00.Silvermane\State\Hand\Jog">
      <UniqueIdentifier>{01f7ac04-32d9-487c-9957-9dcf393a6d81}</UniqueIdentifier>
    </Filter>
    <Filter Include="02.GameObject\98.Player\00.Silvermane\State\Hand\Sprint">
      <UniqueIdentifier>{f86ae29b-ccc6-4e20-aafd-431e17d61329}</UniqueIdentifier>
    </Filter>
    <Filter Include="02.GameObject\05.UI\01.UI_Ingame\01.Meter">
      <UniqueIdentifier>{25729745-f9c6-4a84-b355-89c40ec68f2c}</UniqueIdentifier>
    </Filter>
    <Filter Include="02.GameObject\05.UI\01.UI_Ingame\01.Meter\00.Player">
      <UniqueIdentifier>{4de05ff2-3d03-4f3b-ad4d-09b3e5ba1d89}</UniqueIdentifier>
    </Filter>
    <Filter Include="02.GameObject\05.UI\01.UI_Ingame\01.Meter\02.Monster">
      <UniqueIdentifier>{502a6b26-1f52-4b01-ba20-de46249aa8be}</UniqueIdentifier>
    </Filter>
    <Filter Include="02.GameObject\05.UI\01.UI_Ingame\00.UI_Ingame_Static">
      <UniqueIdentifier>{25165615-4570-4a4e-bba1-7184efc01ed4}</UniqueIdentifier>
    </Filter>
    <Filter Include="02.GameObject\05.UI\01.UI_Ingame\01.Meter\03.Experience">
      <UniqueIdentifier>{e9863d16-3274-42ad-b939-668432992c6a}</UniqueIdentifier>
    </Filter>
    <Filter Include="02.GameObject\05.UI\01.UI_Ingame\01.Meter\04.Quest">
      <UniqueIdentifier>{27923a70-84a2-468f-a230-34f40a40682f}</UniqueIdentifier>
    </Filter>
    <Filter Include="02.GameObject\05.UI\01.UI_Ingame\01.Meter\05.Tutorial">
      <UniqueIdentifier>{15bb2a83-2c91-4dd2-8f5a-44ac8b9947eb}</UniqueIdentifier>
    </Filter>
    <Filter Include="02.GameObject\05.UI\01.UI_Ingame\01.Meter\05.Tutorial\01.SideTutorial">
      <UniqueIdentifier>{084cbf4c-c0f2-467b-b1a2-0cbd5dfed096}</UniqueIdentifier>
    </Filter>
    <Filter Include="02.GameObject\05.UI\01.UI_Ingame\01.Meter\05.Tutorial\00.WindowTutorial">
      <UniqueIdentifier>{35f9989b-6fcb-4f33-8ef7-b58dd6d6549f}</UniqueIdentifier>
    </Filter>
    <Filter Include="02.GameObject\05.UI\01.UI_Ingame\01.Meter\02.Monster\02.LevelUI">
      <UniqueIdentifier>{b525fe55-b1b3-46b1-b25d-5a2f5862ee98}</UniqueIdentifier>
    </Filter>
    <Filter Include="02.GameObject\05.UI\01.UI_Ingame\01.Meter\02.Monster\01.BackUI">
      <UniqueIdentifier>{a09772d0-1451-4530-a375-7fe1820525c4}</UniqueIdentifier>
    </Filter>
    <Filter Include="02.GameObject\05.UI\01.UI_Ingame\01.Meter\02.Monster\00.Panel">
      <UniqueIdentifier>{03b93ce8-7782-46d2-877d-9aad77e75074}</UniqueIdentifier>
    </Filter>
    <Filter Include="02.GameObject\05.UI\01.UI_Ingame\01.Meter\02.Monster\03.HpUI">
      <UniqueIdentifier>{8d05bd08-0e08-4584-9925-592ea048aeab}</UniqueIdentifier>
    </Filter>
    <Filter Include="02.GameObject\98.Player\00.Silvermane\State\2H_Hammer\R1">
      <UniqueIdentifier>{8442c6e8-1b71-42cb-9465-65001b52b72f}</UniqueIdentifier>
    </Filter>
    <Filter Include="02.GameObject\98.Player\00.Silvermane\State\2H_Hammer\R2">
      <UniqueIdentifier>{e33ba3ef-21b0-430f-8b2b-2ca2d50e74c5}</UniqueIdentifier>
    </Filter>
    <Filter Include="94.Trigger">
      <UniqueIdentifier>{64538ba6-dcae-4651-a187-37e1fdf0fbf0}</UniqueIdentifier>
    </Filter>
  </ItemGroup>
  <ItemGroup>
    <ClInclude Include="Client.h">
      <Filter>99.Default</Filter>
    </ClInclude>
    <ClInclude Include="framework.h">
      <Filter>99.Default</Filter>
    </ClInclude>
    <ClInclude Include="Resource.h">
      <Filter>99.Default</Filter>
    </ClInclude>
    <ClInclude Include="targetver.h">
      <Filter>99.Default</Filter>
    </ClInclude>
    <ClInclude Include="pch.h">
      <Filter>98.Headers</Filter>
    </ClInclude>
    <ClInclude Include="..\Default\Client_Include.h">
      <Filter>98.Headers</Filter>
    </ClInclude>
    <ClInclude Include="..\Default\Clinet_Define.h">
      <Filter>98.Headers</Filter>
    </ClInclude>
    <ClInclude Include="..\Default\Client_Enum.h">
      <Filter>98.Headers</Filter>
    </ClInclude>
    <ClInclude Include="..\Default\Client_Function.h">
      <Filter>98.Headers</Filter>
    </ClInclude>
    <ClInclude Include="..\Headers\MainApp.h">
      <Filter>00.MainGame</Filter>
    </ClInclude>
    <ClInclude Include="..\Headers\Level_Logo.h">
      <Filter>01.Scene\00.Logo</Filter>
    </ClInclude>
    <ClInclude Include="..\Headers\Loading.h">
      <Filter>01.Scene\01.Loading</Filter>
    </ClInclude>
    <ClInclude Include="..\Headers\Loader.h">
      <Filter>01.Scene\01.Loading\00.Loader</Filter>
    </ClInclude>
    <ClInclude Include="..\Headers\BackGround.h">
      <Filter>02.GameObject\00. BackGround</Filter>
    </ClInclude>
    <ClInclude Include="..\Codes\DebugSystem.h">
      <Filter>97.DebugSystem</Filter>
    </ClInclude>
    <ClInclude Include="..\Headers\Stage1.h">
      <Filter>01.Scene\02.Stage</Filter>
    </ClInclude>
    <ClInclude Include="..\Headers\TestObj.h">
      <Filter>02.GameObject\99.TestObj</Filter>
    </ClInclude>
    <ClInclude Include="..\Headers\Silvermane.h">
      <Filter>02.GameObject\98.Player\00.Silvermane</Filter>
    </ClInclude>
    <ClInclude Include="..\Headers\TestScene_JS.h">
      <Filter>01.Scene\99.TestScene_JS</Filter>
    </ClInclude>
    <ClInclude Include="..\Headers\State_Silvermane.h">
      <Filter>02.GameObject\98.Player\00.Silvermane\State</Filter>
    </ClInclude>
    <ClInclude Include="..\Headers\Camera_Silvermane.h">
      <Filter>02.GameObject\98.Player\00.Silvermane\Camera</Filter>
    </ClInclude>
    <ClInclude Include="..\Headers\Silvermane_Idle.h">
      <Filter>02.GameObject\98.Player\00.Silvermane\State\Hand\Default</Filter>
    </ClInclude>
    <ClInclude Include="..\Headers\Silvermane_JogBwd.h">
      <Filter>02.GameObject\98.Player\00.Silvermane\State\Hand\Jog</Filter>
    </ClInclude>
    <ClInclude Include="..\Headers\Silvermane_JogBwdPivot180.h">
      <Filter>02.GameObject\98.Player\00.Silvermane\State\Hand\Jog</Filter>
    </ClInclude>
    <ClInclude Include="..\Headers\Silvermane_JogBwdStart.h">
      <Filter>02.GameObject\98.Player\00.Silvermane\State\Hand\Jog</Filter>
    </ClInclude>
    <ClInclude Include="..\Headers\Silvermane_JogFwd.h">
      <Filter>02.GameObject\98.Player\00.Silvermane\State\Hand\Jog</Filter>
    </ClInclude>
    <ClInclude Include="..\Headers\Silvermane_JogFwdPivot180.h">
      <Filter>02.GameObject\98.Player\00.Silvermane\State\Hand\Jog</Filter>
    </ClInclude>
    <ClInclude Include="..\Headers\Silvermane_JogFwdStart.h">
      <Filter>02.GameObject\98.Player\00.Silvermane\State\Hand\Jog</Filter>
    </ClInclude>
    <ClInclude Include="..\Headers\Silvermane_JogFwdStop.h">
      <Filter>02.GameObject\98.Player\00.Silvermane\State\Hand\Jog</Filter>
    </ClInclude>
    <ClInclude Include="..\Headers\Silvermane_JogLeft.h">
      <Filter>02.GameObject\98.Player\00.Silvermane\State\Hand\Jog</Filter>
    </ClInclude>
    <ClInclude Include="..\Headers\Silvermane_JogLeftPivot180.h">
      <Filter>02.GameObject\98.Player\00.Silvermane\State\Hand\Jog</Filter>
    </ClInclude>
    <ClInclude Include="..\Headers\Silvermane_JogLeftStart.h">
      <Filter>02.GameObject\98.Player\00.Silvermane\State\Hand\Jog</Filter>
    </ClInclude>
    <ClInclude Include="..\Headers\Silvermane_JogRight.h">
      <Filter>02.GameObject\98.Player\00.Silvermane\State\Hand\Jog</Filter>
    </ClInclude>
    <ClInclude Include="..\Headers\Silvermane_JogRightPivot180.h">
      <Filter>02.GameObject\98.Player\00.Silvermane\State\Hand\Jog</Filter>
    </ClInclude>
    <ClInclude Include="..\Headers\Silvermane_JogRightStart.h">
      <Filter>02.GameObject\98.Player\00.Silvermane\State\Hand\Jog</Filter>
    </ClInclude>
    <ClInclude Include="..\Headers\Silvermane_SprintFwd.h">
      <Filter>02.GameObject\98.Player\00.Silvermane\State\Hand\Sprint</Filter>
    </ClInclude>
    <ClInclude Include="..\Headers\Silvermane_SprintFwdStart.h">
      <Filter>02.GameObject\98.Player\00.Silvermane\State\Hand\Sprint</Filter>
    </ClInclude>
    <ClInclude Include="..\Headers\Silvermane_SprintFwdStop.h">
      <Filter>02.GameObject\98.Player\00.Silvermane\State\Hand\Sprint</Filter>
    </ClInclude>
    <ClInclude Include="..\Headers\Plane_Test.h">
      <Filter>02.GameObject\97.Plane</Filter>
    </ClInclude>
    <ClInclude Include="..\Headers\Weapon.h">
      <Filter>02.GameObject\96.Weapon</Filter>
    </ClInclude>
    <ClInclude Include="..\Headers\Needle.h">
      <Filter>02.GameObject\96.Weapon\00.Needle</Filter>
    </ClInclude>
    <ClInclude Include="..\Headers\MainCamera.h">
      <Filter>02.GameObject\01. MainCamera\ProjectionCam</Filter>
    </ClInclude>
    <ClInclude Include="..\Headers\Effect_DashDust.h">
      <Filter>02.GameObject\04.Effect\01.Effect_DashDust_Player</Filter>
    </ClInclude>
    <ClInclude Include="..\Headers\Environment.h">
      <Filter>02.GameObject\02.Environment</Filter>
    </ClInclude>
    <ClInclude Include="..\Headers\MainCamera_Ortho.h">
      <Filter>02.GameObject\01. MainCamera\OrthoCam</Filter>
    </ClInclude>
    <ClInclude Include="..\Headers\Camera_Debug.h">
      <Filter>02.GameObject\98.Player\00.Silvermane\Camera</Filter>
    </ClInclude>
    <ClInclude Include="..\Headers\Monster_Bastion_2HSword.h">
      <Filter>02.GameObject\95.Monster\Bastion_2HSword</Filter>
    </ClInclude>
    <ClInclude Include="..\Headers\Monster_Bastion_Healer.h">
      <Filter>02.GameObject\95.Monster\Bastion_Healer</Filter>
    </ClInclude>
    <ClInclude Include="..\Headers\Monster_Bastion_Shooter.h">
      <Filter>02.GameObject\95.Monster\Bastion_Shooter</Filter>
    </ClInclude>
    <ClInclude Include="..\Headers\Monster_Bastion_Spear.h">
      <Filter>02.GameObject\95.Monster\Bastion_Spear</Filter>
    </ClInclude>
    <ClInclude Include="..\Headers\Monster_BronzeAnimus.h">
      <Filter>02.GameObject\95.Monster\BronzeAnimus</Filter>
    </ClInclude>
    <ClInclude Include="..\Headers\Monster_Crawler.h">
      <Filter>02.GameObject\95.Monster\Crawler</Filter>
    </ClInclude>
    <ClInclude Include="..\Headers\Monster_EarthAberrant.h">
      <Filter>02.GameObject\95.Monster\EarthAberrant</Filter>
    </ClInclude>
    <ClInclude Include="..\Headers\Monster_Bastion_Sword.h" />
    <ClInclude Include="..\Headers\Silvermane_Jog.h">
      <Filter>02.GameObject\98.Player\00.Silvermane\State\Hand\Jog</Filter>
    </ClInclude>
    <ClInclude Include="..\Headers\1H_SwordAttack.h">
      <Filter>02.GameObject\98.Player\00.Silvermane\State\1H_Sword</Filter>
    </ClInclude>
    <ClInclude Include="..\Headers\1H_Dash.h">
      <Filter>02.GameObject\98.Player\00.Silvermane\State\1H_Sword\Dash</Filter>
    </ClInclude>
    <ClInclude Include="..\Headers\1H_SwordDodgeSpinFwd_V3.h">
      <Filter>02.GameObject\98.Player\00.Silvermane\State\1H_Sword\Dash</Filter>
    </ClInclude>
    <ClInclude Include="..\Headers\1H_SwordNormalSidestepBwd_V3.h">
      <Filter>02.GameObject\98.Player\00.Silvermane\State\1H_Sword\Dash</Filter>
    </ClInclude>
    <ClInclude Include="..\Headers\1H_SwordNormalSidestepLeft_V3.h">
      <Filter>02.GameObject\98.Player\00.Silvermane\State\1H_Sword\Dash</Filter>
    </ClInclude>
    <ClInclude Include="..\Headers\1H_SwordNormalSidestepRight_V3.h">
      <Filter>02.GameObject\98.Player\00.Silvermane\State\1H_Sword\Dash</Filter>
    </ClInclude>
    <ClInclude Include="..\Headers\1H_SwordAttackNormalR1_01.h">
      <Filter>02.GameObject\98.Player\00.Silvermane\State\1H_Sword\R1</Filter>
    </ClInclude>
    <ClInclude Include="..\Headers\1H_SwordAttackNormalR1_02.h">
      <Filter>02.GameObject\98.Player\00.Silvermane\State\1H_Sword\R1</Filter>
    </ClInclude>
    <ClInclude Include="..\Headers\1H_SwordAttackNormalR1_03.h">
      <Filter>02.GameObject\98.Player\00.Silvermane\State\1H_Sword\R1</Filter>
    </ClInclude>
    <ClInclude Include="..\Headers\1H_SwordAttackNormalR1_04.h">
      <Filter>02.GameObject\98.Player\00.Silvermane\State\1H_Sword\R1</Filter>
    </ClInclude>
    <ClInclude Include="..\Headers\1H_SwordSupermanStab.h">
      <Filter>02.GameObject\98.Player\00.Silvermane\State\1H_Sword\R1</Filter>
    </ClInclude>
    <ClInclude Include="..\Headers\1H_SwordJogAttack.h">
      <Filter>02.GameObject\98.Player\00.Silvermane\State\1H_Sword\R1</Filter>
    </ClInclude>
    <ClInclude Include="..\Headers\1H_SwordAttackNormalR2_ReleaseStab.h">
      <Filter>02.GameObject\98.Player\00.Silvermane\State\1H_Sword\R2</Filter>
    </ClInclude>
    <ClInclude Include="..\Headers\1H_SwordAttackNormalR2_02.h">
      <Filter>02.GameObject\98.Player\00.Silvermane\State\1H_Sword\R2</Filter>
    </ClInclude>
    <ClInclude Include="..\Headers\1H_SwordAttackNormalR2_03.h">
      <Filter>02.GameObject\98.Player\00.Silvermane\State\1H_Sword\R2</Filter>
    </ClInclude>
    <ClInclude Include="..\Headers\1H_SwordAttackNormalR2_04.h">
      <Filter>02.GameObject\98.Player\00.Silvermane\State\1H_Sword\R2</Filter>
    </ClInclude>
    <ClInclude Include="..\Headers\1H_SwordAttackNormalR2_Start.h">
      <Filter>02.GameObject\98.Player\00.Silvermane\State\1H_Sword\R2</Filter>
    </ClInclude>
    <ClInclude Include="..\Headers\1H_SwordAttackNormalR2_ReleaseDoubleSwing.h">
      <Filter>02.GameObject\98.Player\00.Silvermane\State\1H_Sword\R2</Filter>
    </ClInclude>
    <ClInclude Include="..\Headers\1H_SwordAttackNormalR2_Loop.h">
      <Filter>02.GameObject\98.Player\00.Silvermane\State\1H_Sword\R2</Filter>
    </ClInclude>
    <ClInclude Include="..\Headers\1H_SwordAttackNormalR1_04Swap.h">
      <Filter>02.GameObject\98.Player\00.Silvermane\State\1H_Sword\R1</Filter>
    </ClInclude>
    <ClInclude Include="..\Headers\Fury.h">
      <Filter>02.GameObject\96.Weapon\01.Fury</Filter>
    </ClInclude>
    <ClInclude Include="..\Headers\2H_HammerIdle.h">
      <Filter>02.GameObject\98.Player\00.Silvermane\State\2H_Hammer\Default</Filter>
    </ClInclude>
    <ClInclude Include="..\Headers\2H_HammerEquipOff.h">
      <Filter>02.GameObject\98.Player\00.Silvermane\State\2H_Hammer\Default</Filter>
    </ClInclude>
    <ClInclude Include="..\Headers\2H_HammerEquipOn.h">
      <Filter>02.GameObject\98.Player\00.Silvermane\State\2H_Hammer\Default</Filter>
    </ClInclude>
    <ClInclude Include="..\Headers\2H_HammerJog.h">
      <Filter>02.GameObject\98.Player\00.Silvermane\State\2H_Hammer\Jog</Filter>
    </ClInclude>
    <ClInclude Include="..\Headers\2H_HammerJogBwd.h">
      <Filter>02.GameObject\98.Player\00.Silvermane\State\2H_Hammer\Jog</Filter>
    </ClInclude>
    <ClInclude Include="..\Headers\2H_HammerJogBwdPivot180.h">
      <Filter>02.GameObject\98.Player\00.Silvermane\State\2H_Hammer\Jog</Filter>
    </ClInclude>
    <ClInclude Include="..\Headers\2H_HammerJogBwdStart.h">
      <Filter>02.GameObject\98.Player\00.Silvermane\State\2H_Hammer\Jog</Filter>
    </ClInclude>
    <ClInclude Include="..\Headers\2H_HammerJogFwd.h">
      <Filter>02.GameObject\98.Player\00.Silvermane\State\2H_Hammer\Jog</Filter>
    </ClInclude>
    <ClInclude Include="..\Headers\2H_HammerJogFwdPivot180.h">
      <Filter>02.GameObject\98.Player\00.Silvermane\State\2H_Hammer\Jog</Filter>
    </ClInclude>
    <ClInclude Include="..\Headers\2H_HammerJogFwdStart.h">
      <Filter>02.GameObject\98.Player\00.Silvermane\State\2H_Hammer\Jog</Filter>
    </ClInclude>
    <ClInclude Include="..\Headers\2H_HammerJogLeft.h">
      <Filter>02.GameObject\98.Player\00.Silvermane\State\2H_Hammer\Jog</Filter>
    </ClInclude>
    <ClInclude Include="..\Headers\2H_HammerJogLeftPivot180.h">
      <Filter>02.GameObject\98.Player\00.Silvermane\State\2H_Hammer\Jog</Filter>
    </ClInclude>
    <ClInclude Include="..\Headers\2H_HammerJogLeftStart.h">
      <Filter>02.GameObject\98.Player\00.Silvermane\State\2H_Hammer\Jog</Filter>
    </ClInclude>
    <ClInclude Include="..\Headers\2H_HammerJogRight.h">
      <Filter>02.GameObject\98.Player\00.Silvermane\State\2H_Hammer\Jog</Filter>
    </ClInclude>
    <ClInclude Include="..\Headers\2H_HammerJogRightPivot180.h">
      <Filter>02.GameObject\98.Player\00.Silvermane\State\2H_Hammer\Jog</Filter>
    </ClInclude>
    <ClInclude Include="..\Headers\2H_HammerJogRightStart.h">
      <Filter>02.GameObject\98.Player\00.Silvermane\State\2H_Hammer\Jog</Filter>
    </ClInclude>
    <ClInclude Include="..\Headers\Silvermane_Sprint.h">
      <Filter>02.GameObject\98.Player\00.Silvermane\State\Hand\Sprint</Filter>
    </ClInclude>
    <ClInclude Include="..\Headers\1H_SwordEquipOff.h">
      <Filter>02.GameObject\98.Player\00.Silvermane\State\1H_Sword\Default</Filter>
    </ClInclude>
    <ClInclude Include="..\Headers\1H_SwordEquipOn.h">
      <Filter>02.GameObject\98.Player\00.Silvermane\State\1H_Sword\Default</Filter>
    </ClInclude>
    <ClInclude Include="..\Headers\1H_SwordJog.h">
      <Filter>02.GameObject\98.Player\00.Silvermane\State\1H_Sword\Jog</Filter>
    </ClInclude>
    <ClInclude Include="..\Headers\1H_SwordJogBwd.h">
      <Filter>02.GameObject\98.Player\00.Silvermane\State\1H_Sword\Jog</Filter>
    </ClInclude>
    <ClInclude Include="..\Headers\1H_SwordJogBwdPivot180.h">
      <Filter>02.GameObject\98.Player\00.Silvermane\State\1H_Sword\Jog</Filter>
    </ClInclude>
    <ClInclude Include="..\Headers\1H_SwordJogBwdStart.h">
      <Filter>02.GameObject\98.Player\00.Silvermane\State\1H_Sword\Jog</Filter>
    </ClInclude>
    <ClInclude Include="..\Headers\1H_SwordJogFwd.h">
      <Filter>02.GameObject\98.Player\00.Silvermane\State\1H_Sword\Jog</Filter>
    </ClInclude>
    <ClInclude Include="..\Headers\1H_SwordJogFwdPivot180.h">
      <Filter>02.GameObject\98.Player\00.Silvermane\State\1H_Sword\Jog</Filter>
    </ClInclude>
    <ClInclude Include="..\Headers\1H_SwordJogFwdStart.h">
      <Filter>02.GameObject\98.Player\00.Silvermane\State\1H_Sword\Jog</Filter>
    </ClInclude>
    <ClInclude Include="..\Headers\1H_SwordJogLeft.h">
      <Filter>02.GameObject\98.Player\00.Silvermane\State\1H_Sword\Jog</Filter>
    </ClInclude>
    <ClInclude Include="..\Headers\1H_SwordJogLeftPivot180.h">
      <Filter>02.GameObject\98.Player\00.Silvermane\State\1H_Sword\Jog</Filter>
    </ClInclude>
    <ClInclude Include="..\Headers\1H_SwordJogLeftStart.h">
      <Filter>02.GameObject\98.Player\00.Silvermane\State\1H_Sword\Jog</Filter>
    </ClInclude>
    <ClInclude Include="..\Headers\1H_SwordJogRight.h">
      <Filter>02.GameObject\98.Player\00.Silvermane\State\1H_Sword\Jog</Filter>
    </ClInclude>
    <ClInclude Include="..\Headers\1H_SwordJogRightPivot180.h">
      <Filter>02.GameObject\98.Player\00.Silvermane\State\1H_Sword\Jog</Filter>
    </ClInclude>
    <ClInclude Include="..\Headers\1H_SwordJogRightStart.h">
      <Filter>02.GameObject\98.Player\00.Silvermane\State\1H_Sword\Jog</Filter>
    </ClInclude>
    <ClInclude Include="..\Headers\1H_SwordIdle.h">
      <Filter>02.GameObject\98.Player\00.Silvermane\State\1H_Sword\Default</Filter>
    </ClInclude>
    <ClInclude Include="..\Headers\Monster_Bastion_Sword.h">
      <Filter>02.GameObject\95.Monster\Bastion_Sword</Filter>
    </ClInclude>
    <ClInclude Include="..\Headers\UI_Ingame.h">
      <Filter>02.GameObject\05.UI\01.UI_Ingame\00.UI_Ingame_Static</Filter>
    </ClInclude>
    <ClInclude Include="..\Headers\UI_Monster_Level.h">
      <Filter>02.GameObject\05.UI\01.UI_Ingame\01.Meter\02.Monster\02.LevelUI</Filter>
    </ClInclude>
    <ClInclude Include="..\Headers\UI_Monster_Back.h">
      <Filter>02.GameObject\05.UI\01.UI_Ingame\01.Meter\02.Monster\01.BackUI</Filter>
    </ClInclude>
    <ClInclude Include="..\Headers\UI_Monster_Panel.h">
      <Filter>02.GameObject\05.UI\01.UI_Ingame\01.Meter\02.Monster\00.Panel</Filter>
    </ClInclude>
    <ClInclude Include="..\Headers\UI_Monster_HpBar.h">
      <Filter>02.GameObject\05.UI\01.UI_Ingame\01.Meter\02.Monster\03.HpUI</Filter>
    </ClInclude>
    <ClInclude Include="..\Headers\2H_HammerAttack.h">
      <Filter>02.GameObject\98.Player\00.Silvermane\State\2H_Hammer</Filter>
    </ClInclude>
    <ClInclude Include="..\Headers\2H_HammerAttackR1_01.h">
      <Filter>02.GameObject\98.Player\00.Silvermane\State\2H_Hammer\R1</Filter>
    </ClInclude>
    <ClInclude Include="..\Headers\2H_HammerAttackR1_02.h">
      <Filter>02.GameObject\98.Player\00.Silvermane\State\2H_Hammer\R1</Filter>
    </ClInclude>
    <ClInclude Include="..\Headers\2H_HammerAttackR1_03.h">
      <Filter>02.GameObject\98.Player\00.Silvermane\State\2H_Hammer\R1</Filter>
    </ClInclude>
    <ClInclude Include="..\Headers\2H_HammerAttackR1_04.h">
      <Filter>02.GameObject\98.Player\00.Silvermane\State\2H_Hammer\R1</Filter>
    </ClInclude>
    <ClInclude Include="..\Headers\2H_HammerAttackJogR1.h">
      <Filter>02.GameObject\98.Player\00.Silvermane\State\2H_Hammer\R1</Filter>
    </ClInclude>
    <ClInclude Include="..\Headers\2H_HammerAttackR2_01.h">
      <Filter>02.GameObject\98.Player\00.Silvermane\State\2H_Hammer\R2</Filter>
    </ClInclude>
    <ClInclude Include="..\Headers\2H_HammerAttackR2_02.h">
      <Filter>02.GameObject\98.Player\00.Silvermane\State\2H_Hammer\R2</Filter>
    </ClInclude>
    <ClInclude Include="..\Headers\2H_HammerAttackR2_03.h">
      <Filter>02.GameObject\98.Player\00.Silvermane\State\2H_Hammer\R2</Filter>
    </ClInclude>
    <ClInclude Include="..\Headers\2H_HammerChargeStage1_Start.h">
      <Filter>02.GameObject\98.Player\00.Silvermane\State\2H_Hammer\R2</Filter>
    </ClInclude>
    <ClInclude Include="..\Headers\2H_HammerChargeStage1_Loop.h">
      <Filter>02.GameObject\98.Player\00.Silvermane\State\2H_Hammer\R2</Filter>
    </ClInclude>
    <ClInclude Include="..\Headers\2H_HammerAttackSprintR1.h">
      <Filter>02.GameObject\98.Player\00.Silvermane\State\2H_Hammer\R1</Filter>
    </ClInclude>
    <ClInclude Include="..\Headers\2H_HammerAttackR1_04Swap.h">
      <Filter>02.GameObject\98.Player\00.Silvermane\State\2H_Hammer\R2</Filter>
    </ClInclude>
    <ClInclude Include="..\Headers\2H_HammerAttackDodgeR1.h">
      <Filter>02.GameObject\98.Player\00.Silvermane\State\2H_Hammer\R1</Filter>
    </ClInclude>
    <ClInclude Include="..\Headers\2H_HammerAttackR2_Charge.h">
      <Filter>02.GameObject\98.Player\00.Silvermane\State\2H_Hammer\R2</Filter>
    </ClInclude>
    <ClInclude Include="..\Headers\Client_Trigger.h">
      <Filter>94.Trigger</Filter>
    </ClInclude>
  </ItemGroup>
  <ItemGroup>
    <ClCompile Include="pch.cpp">
      <Filter>99.Default</Filter>
    </ClCompile>
    <ClCompile Include="Client.cpp" />
    <ClCompile Include="..\Codes\MainApp.cpp">
      <Filter>00.MainGame</Filter>
    </ClCompile>
    <ClCompile Include="..\Codes\Level_Logo.cpp">
      <Filter>01.Scene\00.Logo</Filter>
    </ClCompile>
    <ClCompile Include="..\Codes\Loading.cpp">
      <Filter>01.Scene\01.Loading</Filter>
    </ClCompile>
    <ClCompile Include="..\Codes\Loader.cpp">
      <Filter>01.Scene\01.Loading\00.Loader</Filter>
    </ClCompile>
    <ClCompile Include="..\Codes\BackGround.cpp">
      <Filter>02.GameObject\00. BackGround</Filter>
    </ClCompile>
    <ClCompile Include="..\Codes\DebugSystem.cpp">
      <Filter>97.DebugSystem</Filter>
    </ClCompile>
    <ClCompile Include="..\Codes\Stage1.cpp">
      <Filter>01.Scene\02.Stage</Filter>
    </ClCompile>
    <ClCompile Include="..\Codes\TestObj.cpp">
      <Filter>02.GameObject\99.TestObj</Filter>
    </ClCompile>
    <ClCompile Include="..\Codes\Silvermane.cpp">
      <Filter>02.GameObject\98.Player\00.Silvermane</Filter>
    </ClCompile>
    <ClCompile Include="..\Codes\TestScene_JS.cpp">
      <Filter>01.Scene\99.TestScene_JS</Filter>
    </ClCompile>
    <ClCompile Include="..\Codes\State_Silvermane.cpp">
      <Filter>02.GameObject\98.Player\00.Silvermane\State</Filter>
    </ClCompile>
    <ClCompile Include="..\Codes\Camera_Silvermane.cpp">
      <Filter>02.GameObject\98.Player\00.Silvermane\Camera</Filter>
    </ClCompile>
    <ClCompile Include="..\Codes\Silvermane_Idle.cpp">
      <Filter>02.GameObject\98.Player\00.Silvermane\State\Hand\Default</Filter>
    </ClCompile>
    <ClCompile Include="..\Codes\Silvermane_JogBwd.cpp">
      <Filter>02.GameObject\98.Player\00.Silvermane\State\Hand\Jog</Filter>
    </ClCompile>
    <ClCompile Include="..\Codes\Silvermane_JogBwdPivot180.cpp">
      <Filter>02.GameObject\98.Player\00.Silvermane\State\Hand\Jog</Filter>
    </ClCompile>
    <ClCompile Include="..\Codes\Silvermane_JogBwdStart.cpp">
      <Filter>02.GameObject\98.Player\00.Silvermane\State\Hand\Jog</Filter>
    </ClCompile>
    <ClCompile Include="..\Codes\Silvermane_JogFwd.cpp">
      <Filter>02.GameObject\98.Player\00.Silvermane\State\Hand\Jog</Filter>
    </ClCompile>
    <ClCompile Include="..\Codes\Silvermane_JogFwdPivot180.cpp">
      <Filter>02.GameObject\98.Player\00.Silvermane\State\Hand\Jog</Filter>
    </ClCompile>
    <ClCompile Include="..\Codes\Silvermane_JogFwdStart.cpp">
      <Filter>02.GameObject\98.Player\00.Silvermane\State\Hand\Jog</Filter>
    </ClCompile>
    <ClCompile Include="..\Codes\Silvermane_JogFwdStop.cpp">
      <Filter>02.GameObject\98.Player\00.Silvermane\State\Hand\Jog</Filter>
    </ClCompile>
    <ClCompile Include="..\Codes\Silvermane_JogLeft.cpp">
      <Filter>02.GameObject\98.Player\00.Silvermane\State\Hand\Jog</Filter>
    </ClCompile>
    <ClCompile Include="..\Codes\Silvermane_JogLeftPivot180.cpp">
      <Filter>02.GameObject\98.Player\00.Silvermane\State\Hand\Jog</Filter>
    </ClCompile>
    <ClCompile Include="..\Codes\Silvermane_JogLeftStart.cpp">
      <Filter>02.GameObject\98.Player\00.Silvermane\State\Hand\Jog</Filter>
    </ClCompile>
    <ClCompile Include="..\Codes\Silvermane_JogRight.cpp">
      <Filter>02.GameObject\98.Player\00.Silvermane\State\Hand\Jog</Filter>
    </ClCompile>
    <ClCompile Include="..\Codes\Silvermane_JogRightPivot180.cpp">
      <Filter>02.GameObject\98.Player\00.Silvermane\State\Hand\Jog</Filter>
    </ClCompile>
    <ClCompile Include="..\Codes\Silvermane_JogRightStart.cpp">
      <Filter>02.GameObject\98.Player\00.Silvermane\State\Hand\Jog</Filter>
    </ClCompile>
    <ClCompile Include="..\Codes\Silvermane_SprintFwd.cpp">
      <Filter>02.GameObject\98.Player\00.Silvermane\State\Hand\Sprint</Filter>
    </ClCompile>
    <ClCompile Include="..\Codes\Silvermane_SprintFwdStart.cpp">
      <Filter>02.GameObject\98.Player\00.Silvermane\State\Hand\Sprint</Filter>
    </ClCompile>
    <ClCompile Include="..\Codes\Silvermane_SprintFwdStop.cpp">
      <Filter>02.GameObject\98.Player\00.Silvermane\State\Hand\Sprint</Filter>
    </ClCompile>
    <ClCompile Include="..\Codes\Plane_Test.cpp">
      <Filter>02.GameObject\97.Plane</Filter>
    </ClCompile>
    <ClCompile Include="..\Codes\Weapon.cpp">
      <Filter>02.GameObject\96.Weapon</Filter>
    </ClCompile>
    <ClCompile Include="..\Codes\Needle.cpp">
      <Filter>02.GameObject\96.Weapon\00.Needle</Filter>
    </ClCompile>
    <ClCompile Include="..\Codes\MainCamera.cpp">
      <Filter>02.GameObject\01. MainCamera\ProjectionCam</Filter>
    </ClCompile>
    <ClCompile Include="..\Codes\Effect_DashDust.cpp">
      <Filter>02.GameObject\04.Effect\01.Effect_DashDust_Player</Filter>
    </ClCompile>
    <ClCompile Include="..\Codes\MainCamera_Ortho.cpp">
      <Filter>02.GameObject\01. MainCamera\OrthoCam</Filter>
    </ClCompile>
    <ClCompile Include="..\Codes\Environment.cpp">
      <Filter>02.GameObject\02.Environment</Filter>
    </ClCompile>
    <ClCompile Include="..\Codes\Camera_Debug.cpp">
      <Filter>02.GameObject\98.Player\00.Silvermane\Camera</Filter>
    </ClCompile>
    <ClCompile Include="..\Codes\Monster_Bastion_2HSword.cpp">
      <Filter>02.GameObject\95.Monster\Bastion_2HSword</Filter>
    </ClCompile>
    <ClCompile Include="..\Codes\Monster_Bastion_Healer.cpp">
      <Filter>02.GameObject\95.Monster\Bastion_Healer</Filter>
    </ClCompile>
    <ClCompile Include="..\Codes\Monster_Bastion_Shooter.cpp">
      <Filter>02.GameObject\95.Monster\Bastion_Shooter</Filter>
    </ClCompile>
    <ClCompile Include="..\Codes\Monster_Bastion_Spear.cpp">
      <Filter>02.GameObject\95.Monster\Bastion_Spear</Filter>
    </ClCompile>
    <ClCompile Include="..\Codes\Monster_BronzeAnimus.cpp">
      <Filter>02.GameObject\95.Monster\BronzeAnimus</Filter>
    </ClCompile>
    <ClCompile Include="..\Codes\Monster_Crawler.cpp">
      <Filter>02.GameObject\95.Monster\Crawler</Filter>
    </ClCompile>
    <ClCompile Include="..\Codes\Monster_EarthAberrant.cpp">
      <Filter>02.GameObject\95.Monster\EarthAberrant</Filter>
    </ClCompile>
    <ClCompile Include="..\Codes\Monster_Bastion_Sword.cpp" />
    <ClCompile Include="..\Codes\Silvermane_Jog.cpp">
      <Filter>02.GameObject\98.Player\00.Silvermane\State\Hand\Jog</Filter>
    </ClCompile>
    <ClCompile Include="..\Codes\1H_SwordAttack.cpp">
      <Filter>02.GameObject\98.Player\00.Silvermane\State\1H_Sword</Filter>
    </ClCompile>
    <ClCompile Include="..\Codes\1H_Dash.cpp">
      <Filter>02.GameObject\98.Player\00.Silvermane\State\1H_Sword\Dash</Filter>
    </ClCompile>
    <ClCompile Include="..\Codes\1H_SwordDodgeSpinFwd_V3.cpp">
      <Filter>02.GameObject\98.Player\00.Silvermane\State\1H_Sword\Dash</Filter>
    </ClCompile>
    <ClCompile Include="..\Codes\1H_SwordNormalSidestepBwd_V3.cpp">
      <Filter>02.GameObject\98.Player\00.Silvermane\State\1H_Sword\Dash</Filter>
    </ClCompile>
    <ClCompile Include="..\Codes\1H_SwordNormalSidestepLeft_V3.cpp">
      <Filter>02.GameObject\98.Player\00.Silvermane\State\1H_Sword\Dash</Filter>
    </ClCompile>
    <ClCompile Include="..\Codes\1H_SwordNormalSidestepRight_V3.cpp">
      <Filter>02.GameObject\98.Player\00.Silvermane\State\1H_Sword\Dash</Filter>
    </ClCompile>
    <ClCompile Include="..\Codes\1H_SwordAttackNormalR1_01.cpp">
      <Filter>02.GameObject\98.Player\00.Silvermane\State\1H_Sword\R1</Filter>
    </ClCompile>
    <ClCompile Include="..\Codes\1H_SwordAttackNormalR1_02.cpp">
      <Filter>02.GameObject\98.Player\00.Silvermane\State\1H_Sword\R1</Filter>
    </ClCompile>
    <ClCompile Include="..\Codes\1H_SwordAttackNormalR1_03.cpp">
      <Filter>02.GameObject\98.Player\00.Silvermane\State\1H_Sword\R1</Filter>
    </ClCompile>
    <ClCompile Include="..\Codes\1H_SwordAttackNormalR1_04.cpp">
      <Filter>02.GameObject\98.Player\00.Silvermane\State\1H_Sword\R1</Filter>
    </ClCompile>
    <ClCompile Include="..\Codes\1H_SwordSupermanStab.cpp">
      <Filter>02.GameObject\98.Player\00.Silvermane\State\1H_Sword\R1</Filter>
    </ClCompile>
    <ClCompile Include="..\Codes\1H_SwordJogAttack.cpp">
      <Filter>02.GameObject\98.Player\00.Silvermane\State\1H_Sword\R1</Filter>
    </ClCompile>
    <ClCompile Include="..\Codes\1H_SwordAttackNormalR2_ReleaseStab.cpp">
      <Filter>02.GameObject\98.Player\00.Silvermane\State\1H_Sword\R2</Filter>
    </ClCompile>
    <ClCompile Include="..\Codes\1H_SwordAttackNormalR2_02.cpp">
      <Filter>02.GameObject\98.Player\00.Silvermane\State\1H_Sword\R2</Filter>
    </ClCompile>
    <ClCompile Include="..\Codes\1H_SwordAttackNormalR2_03.cpp">
      <Filter>02.GameObject\98.Player\00.Silvermane\State\1H_Sword\R2</Filter>
    </ClCompile>
    <ClCompile Include="..\Codes\1H_SwordAttackNormalR2_04.cpp">
      <Filter>02.GameObject\98.Player\00.Silvermane\State\1H_Sword\R2</Filter>
    </ClCompile>
    <ClCompile Include="..\Codes\1H_SwordAttackNormalR2_Start.cpp">
      <Filter>02.GameObject\98.Player\00.Silvermane\State\1H_Sword\R2</Filter>
    </ClCompile>
    <ClCompile Include="..\Codes\1H_SwordAttackNormalR2_ReleaseDoubleSwing.cpp">
      <Filter>02.GameObject\98.Player\00.Silvermane\State\1H_Sword\R2</Filter>
    </ClCompile>
    <ClCompile Include="..\Codes\1H_SwordAttackNormalR2_Loop.cpp">
      <Filter>02.GameObject\98.Player\00.Silvermane\State\1H_Sword\R2</Filter>
    </ClCompile>
    <ClCompile Include="..\Codes\1H_SwordAttackNormalR1_04Swap.cpp">
      <Filter>02.GameObject\98.Player\00.Silvermane\State\1H_Sword\R1</Filter>
    </ClCompile>
    <ClCompile Include="..\Codes\Fury.cpp">
      <Filter>02.GameObject\96.Weapon\01.Fury</Filter>
    </ClCompile>
    <ClCompile Include="..\Codes\2H_HammerIdle.cpp">
      <Filter>02.GameObject\98.Player\00.Silvermane\State\2H_Hammer\Default</Filter>
    </ClCompile>
    <ClCompile Include="..\Codes\2H_Hammer_EquipOff.cpp">
      <Filter>02.GameObject\98.Player\00.Silvermane\State\2H_Hammer\Default</Filter>
    </ClCompile>
    <ClCompile Include="..\Codes\2H_Hammer_EquipOn.cpp">
      <Filter>02.GameObject\98.Player\00.Silvermane\State\2H_Hammer\Default</Filter>
    </ClCompile>
    <ClCompile Include="..\Codes\2H_HammerJog.cpp">
      <Filter>02.GameObject\98.Player\00.Silvermane\State\2H_Hammer\Jog</Filter>
    </ClCompile>
    <ClCompile Include="..\Codes\2H_HammerJogBwd.cpp">
      <Filter>02.GameObject\98.Player\00.Silvermane\State\2H_Hammer\Jog</Filter>
    </ClCompile>
    <ClCompile Include="..\Codes\2H_HammerJogBwdPivot180.cpp">
      <Filter>02.GameObject\98.Player\00.Silvermane\State\2H_Hammer\Jog</Filter>
    </ClCompile>
    <ClCompile Include="..\Codes\2H_HammerJogBwdStart.cpp">
      <Filter>02.GameObject\98.Player\00.Silvermane\State\2H_Hammer\Jog</Filter>
    </ClCompile>
    <ClCompile Include="..\Codes\2H_HammerJogFwd.cpp">
      <Filter>02.GameObject\98.Player\00.Silvermane\State\2H_Hammer\Jog</Filter>
    </ClCompile>
    <ClCompile Include="..\Codes\2H_HammerJogFwdPivot180.cpp">
      <Filter>02.GameObject\98.Player\00.Silvermane\State\2H_Hammer\Jog</Filter>
    </ClCompile>
    <ClCompile Include="..\Codes\2H_HammerJogFwdStart.cpp">
      <Filter>02.GameObject\98.Player\00.Silvermane\State\2H_Hammer\Jog</Filter>
    </ClCompile>
    <ClCompile Include="..\Codes\2H_HammerJogLeft.cpp">
      <Filter>02.GameObject\98.Player\00.Silvermane\State\2H_Hammer\Jog</Filter>
    </ClCompile>
    <ClCompile Include="..\Codes\2H_HammerJogLeftPivot180.cpp">
      <Filter>02.GameObject\98.Player\00.Silvermane\State\2H_Hammer\Jog</Filter>
    </ClCompile>
    <ClCompile Include="..\Codes\2H_HammerJogLeftStart.cpp">
      <Filter>02.GameObject\98.Player\00.Silvermane\State\2H_Hammer\Jog</Filter>
    </ClCompile>
    <ClCompile Include="..\Codes\2H_HammerJogRight.cpp">
      <Filter>02.GameObject\98.Player\00.Silvermane\State\2H_Hammer\Jog</Filter>
    </ClCompile>
    <ClCompile Include="..\Codes\2H_HammerJogRightPivot180.cpp">
      <Filter>02.GameObject\98.Player\00.Silvermane\State\2H_Hammer\Jog</Filter>
    </ClCompile>
    <ClCompile Include="..\Codes\2H_HammerJogRightStart.cpp">
      <Filter>02.GameObject\98.Player\00.Silvermane\State\2H_Hammer\Jog</Filter>
    </ClCompile>
    <ClCompile Include="..\Codes\Silvermane_Sprint.cpp">
      <Filter>02.GameObject\98.Player\00.Silvermane\State\Hand\Sprint</Filter>
    </ClCompile>
    <ClCompile Include="..\Codes\1H_SwordEquipOff.cpp">
      <Filter>02.GameObject\98.Player\00.Silvermane\State\1H_Sword\Default</Filter>
    </ClCompile>
    <ClCompile Include="..\Codes\1H_SwordEquipOn.cpp">
      <Filter>02.GameObject\98.Player\00.Silvermane\State\1H_Sword\Default</Filter>
    </ClCompile>
    <ClCompile Include="..\Codes\1H_SwordJog.cpp">
      <Filter>02.GameObject\98.Player\00.Silvermane\State\1H_Sword\Jog</Filter>
    </ClCompile>
    <ClCompile Include="..\Codes\1H_SwordJogBwd.cpp">
      <Filter>02.GameObject\98.Player\00.Silvermane\State\1H_Sword\Jog</Filter>
    </ClCompile>
    <ClCompile Include="..\Codes\1H_SwordJogBwdPivot180.cpp">
      <Filter>02.GameObject\98.Player\00.Silvermane\State\1H_Sword\Jog</Filter>
    </ClCompile>
    <ClCompile Include="..\Codes\1H_SwordJogBwdStart.cpp">
      <Filter>02.GameObject\98.Player\00.Silvermane\State\1H_Sword\Jog</Filter>
    </ClCompile>
    <ClCompile Include="..\Codes\1H_SwordJogFwd.cpp">
      <Filter>02.GameObject\98.Player\00.Silvermane\State\1H_Sword\Jog</Filter>
    </ClCompile>
    <ClCompile Include="..\Codes\1H_SwordJogFwdPivot180.cpp">
      <Filter>02.GameObject\98.Player\00.Silvermane\State\1H_Sword\Jog</Filter>
    </ClCompile>
    <ClCompile Include="..\Codes\1H_SwordJogFwdStart.cpp">
      <Filter>02.GameObject\98.Player\00.Silvermane\State\1H_Sword\Jog</Filter>
    </ClCompile>
    <ClCompile Include="..\Codes\1H_SwordJogLeft.cpp">
      <Filter>02.GameObject\98.Player\00.Silvermane\State\1H_Sword\Jog</Filter>
    </ClCompile>
    <ClCompile Include="..\Codes\1H_SwordJogLeftPivot180.cpp">
      <Filter>02.GameObject\98.Player\00.Silvermane\State\1H_Sword\Jog</Filter>
    </ClCompile>
    <ClCompile Include="..\Codes\1H_SwordJogLeftStart.cpp">
      <Filter>02.GameObject\98.Player\00.Silvermane\State\1H_Sword\Jog</Filter>
    </ClCompile>
    <ClCompile Include="..\Codes\1H_SwordJogRight.cpp">
      <Filter>02.GameObject\98.Player\00.Silvermane\State\1H_Sword\Jog</Filter>
    </ClCompile>
    <ClCompile Include="..\Codes\1H_SwordJogRightPivot180.cpp">
      <Filter>02.GameObject\98.Player\00.Silvermane\State\1H_Sword\Jog</Filter>
    </ClCompile>
    <ClCompile Include="..\Codes\1H_SwordJogRightStart.cpp">
      <Filter>02.GameObject\98.Player\00.Silvermane\State\1H_Sword\Jog</Filter>
    </ClCompile>
    <ClCompile Include="..\Codes\1H_SwordIdle.cpp">
      <Filter>02.GameObject\98.Player\00.Silvermane\State\1H_Sword\Default</Filter>
    </ClCompile>
    <ClCompile Include="..\Codes\Monster_Bastion_Sword.cpp">
      <Filter>02.GameObject\95.Monster\Bastion_Sword</Filter>
    </ClCompile>
    <ClCompile Include="..\Codes\UI_Ingame.cpp">
      <Filter>02.GameObject\05.UI\01.UI_Ingame\00.UI_Ingame_Static</Filter>
    </ClCompile>
    <ClCompile Include="..\Codes\UI_Monster_Level.cpp">
      <Filter>02.GameObject\05.UI\01.UI_Ingame\01.Meter\02.Monster\02.LevelUI</Filter>
    </ClCompile>
    <ClCompile Include="..\Codes\UI_Monster_Back.cpp">
      <Filter>02.GameObject\05.UI\01.UI_Ingame\01.Meter\02.Monster\01.BackUI</Filter>
    </ClCompile>
    <ClCompile Include="..\Codes\UI_Monster_Panel.cpp">
      <Filter>02.GameObject\05.UI\01.UI_Ingame\01.Meter\02.Monster\00.Panel</Filter>
    </ClCompile>
    <ClCompile Include="..\Codes\UI_Monster_HpBar.cpp">
      <Filter>02.GameObject\05.UI\01.UI_Ingame\01.Meter\02.Monster\03.HpUI</Filter>
    </ClCompile>
    <ClCompile Include="..\Codes\2H_HammerAttack.cpp">
      <Filter>02.GameObject\98.Player\00.Silvermane\State\2H_Hammer</Filter>
    </ClCompile>
    <ClCompile Include="..\Codes\2H_HammerAttackR1_01.cpp">
      <Filter>02.GameObject\98.Player\00.Silvermane\State\2H_Hammer\R1</Filter>
    </ClCompile>
    <ClCompile Include="..\Codes\2H_HammerAttackR1_02.cpp">
      <Filter>02.GameObject\98.Player\00.Silvermane\State\2H_Hammer\R1</Filter>
    </ClCompile>
    <ClCompile Include="..\Codes\2H_HammerAttackR1_03.cpp">
      <Filter>02.GameObject\98.Player\00.Silvermane\State\2H_Hammer\R1</Filter>
    </ClCompile>
    <ClCompile Include="..\Codes\2H_HammerAttackR1_04.cpp">
      <Filter>02.GameObject\98.Player\00.Silvermane\State\2H_Hammer\R1</Filter>
    </ClCompile>
    <ClCompile Include="..\Codes\2H_HammerAttackJogR1.cpp">
      <Filter>02.GameObject\98.Player\00.Silvermane\State\2H_Hammer\R1</Filter>
    </ClCompile>
    <ClCompile Include="..\Codes\2H_HammerAttackR2_01.cpp">
      <Filter>02.GameObject\98.Player\00.Silvermane\State\2H_Hammer\R2</Filter>
    </ClCompile>
    <ClCompile Include="..\Codes\2H_HammerAttackR2_02.cpp">
      <Filter>02.GameObject\98.Player\00.Silvermane\State\2H_Hammer\R2</Filter>
    </ClCompile>
    <ClCompile Include="..\Codes\2H_HammerAttackR2_03.cpp">
      <Filter>02.GameObject\98.Player\00.Silvermane\State\2H_Hammer\R2</Filter>
    </ClCompile>
    <ClCompile Include="..\Codes\2H_HammerChargeStage1_Start.cpp">
      <Filter>02.GameObject\98.Player\00.Silvermane\State\2H_Hammer\R2</Filter>
    </ClCompile>
    <ClCompile Include="..\Codes\2H_HammerChargeStage1_Loop.cpp">
      <Filter>02.GameObject\98.Player\00.Silvermane\State\2H_Hammer\R2</Filter>
    </ClCompile>
    <ClCompile Include="..\Codes\2H_HammerAttackSprintR1.cpp">
      <Filter>02.GameObject\98.Player\00.Silvermane\State\2H_Hammer\R1</Filter>
    </ClCompile>
    <ClCompile Include="..\Codes\2H_HammerAttackR1_04Swap.cpp">
      <Filter>02.GameObject\98.Player\00.Silvermane\State\2H_Hammer\R2</Filter>
    </ClCompile>
    <ClCompile Include="..\Codes\2H_HammerAttackDodgeR1.cpp">
      <Filter>02.GameObject\98.Player\00.Silvermane\State\2H_Hammer\R1</Filter>
    </ClCompile>
    <ClCompile Include="..\Codes\2H_HammerAttackR2_Charge.cpp">
      <Filter>02.GameObject\98.Player\00.Silvermane\State\2H_Hammer\R2</Filter>
    </ClCompile>
    <ClCompile Include="..\Codes\Client_Trigger.cpp">
      <Filter>94.Trigger</Filter>
    </ClCompile>
  </ItemGroup>
  <ItemGroup>
    <Image Include="Client.ico">
      <Filter>99.Default</Filter>
    </Image>
    <Image Include="small.ico">
      <Filter>99.Default</Filter>
    </Image>
  </ItemGroup>
  <ItemGroup>
    <ResourceCompile Include="Client.rc">
      <Filter>99.Default</Filter>
    </ResourceCompile>
  </ItemGroup>
</Project>