<?xml version="1.0" encoding="utf-8"?>
<Project ToolsVersion="4.0" xmlns="http://schemas.microsoft.com/developer/msbuild/2003">
  <ItemGroup>
    <Filter Include="Default">
      <UniqueIdentifier>{eb2d5952-2ce5-4e0a-be63-097e5bfc8521}</UniqueIdentifier>
    </Filter>
    <Filter Include="Default\Headers">
      <UniqueIdentifier>{7a34aee5-14fc-4c04-87ef-5aae6684e4b5}</UniqueIdentifier>
    </Filter>
    <Filter Include="Default\Codes">
      <UniqueIdentifier>{97224af3-bed3-4f9b-89d2-0372345d7f50}</UniqueIdentifier>
    </Filter>
    <Filter Include="Default\리소스 파일">
      <UniqueIdentifier>{67DA6AB6-F800-4c08-8B7A-83BB121AAD01}</UniqueIdentifier>
      <Extensions>rc;ico;cur;bmp;dlg;rc2;rct;bin;rgs;gif;jpg;jpeg;jpe;resx;tiff;tif;png;wav;mfcribbon-ms</Extensions>
    </Filter>
    <Filter Include="ShaderFiles">
      <UniqueIdentifier>{16e65d81-49dd-4f5b-b7d3-4ecf32b67586}</UniqueIdentifier>
    </Filter>
    <Filter Include="MainApp">
      <UniqueIdentifier>{206bb37a-6a90-4994-a000-7d86078d014f}</UniqueIdentifier>
    </Filter>
    <Filter Include="Includes">
      <UniqueIdentifier>{d07792a0-bc1c-47e6-8f8a-189878a1232a}</UniqueIdentifier>
    </Filter>
  </ItemGroup>
  <ItemGroup>
    <ClInclude Include="framework.h">
      <Filter>Default\Headers</Filter>
    </ClInclude>
    <ClInclude Include="Resource.h">
      <Filter>Default\Headers</Filter>
    </ClInclude>
    <ClInclude Include="ShaderExamples.h">
      <Filter>Default\Headers</Filter>
    </ClInclude>
    <ClInclude Include="targetver.h">
      <Filter>Default\Headers</Filter>
    </ClInclude>
    <ClInclude Include="..\public\MainApp.h">
      <Filter>MainApp</Filter>
    </ClInclude>
    <ClInclude Include="Defines.h">
      <Filter>Includes</Filter>
    </ClInclude>
  </ItemGroup>
  <ItemGroup>
    <ResourceCompile Include="ShaderExamples.rc">
      <Filter>Default\리소스 파일</Filter>
    </ResourceCompile>
  </ItemGroup>
  <ItemGroup>
    <Image Include="small.ico">
      <Filter>Default\리소스 파일</Filter>
    </Image>
    <Image Include="ShaderExamples.ico">
      <Filter>Default\리소스 파일</Filter>
    </Image>
  </ItemGroup>
  <ItemGroup>
    <ClCompile Include="ShaderExamples.cpp">
      <Filter>Default\Codes</Filter>
    </ClCompile>
    <ClCompile Include="..\private\MainApp.cpp">
      <Filter>MainApp</Filter>
    </ClCompile>
  </ItemGroup>
  <ItemGroup>
    <FxCompile Include="..\bin\ShaderFiles\Shader_RectViewport.hlsl">
      <Filter>ShaderFiles</Filter>
    </FxCompile>
    <FxCompile Include="..\bin\ShaderFiles\Shader_Triangle.hlsl">
      <Filter>ShaderFiles</Filter>
    </FxCompile>
    <FxCompile Include="Shadow.hlsl">
      <Filter>ShaderFiles</Filter>
    </FxCompile>
    <FxCompile Include="Constants.hlsl">
      <Filter>ShaderFiles</Filter>
    </FxCompile>
  </ItemGroup>
</Project>