<?xml version="1.0" encoding="utf-8"?>
<Project ToolsVersion="4.0" xmlns="http://schemas.microsoft.com/developer/msbuild/2003">
  <ItemGroup>
    <Filter Include="Default">
      <UniqueIdentifier>{eb2d5952-2ce5-4e0a-be63-097e5bfc8521}</UniqueIdentifier>
    </Filter>
    <Filter Include="Default\Headers">
      <UniqueIdentifier>{7a34aee5-14fc-4c04-87ef-5aae6684e4b5}</UniqueIdentifier>
    </Filter>
    <Filter Include="Default\Codes">
      <UniqueIdentifier>{97224af3-bed3-4f9b-89d2-0372345d7f50}</UniqueIdentifier>
    </Filter>
    <Filter Include="Default\리소스 파일">
      <UniqueIdentifier>{67DA6AB6-F800-4c08-8B7A-83BB121AAD01}</UniqueIdentifier>
      <Extensions>rc;ico;cur;bmp;dlg;rc2;rct;bin;rgs;gif;jpg;jpeg;jpe;resx;tiff;tif;png;wav;mfcribbon-ms</Extensions>
    </Filter>
    <Filter Include="ShaderFiles">
      <UniqueIdentifier>{16e65d81-49dd-4f5b-b7d3-4ecf32b67586}</UniqueIdentifier>
    </Filter>
    <Filter Include="Includes">
      <UniqueIdentifier>{d07792a0-bc1c-47e6-8f8a-189878a1232a}</UniqueIdentifier>
    </Filter>
    <Filter Include="GameObject">
      <UniqueIdentifier>{702d9cfb-8727-4a28-bb13-3bcbc7b2c715}</UniqueIdentifier>
    </Filter>
    <Filter Include="GameObject\Floor">
      <UniqueIdentifier>{fcdf426d-1aec-4043-b7f7-ee83b7508daa}</UniqueIdentifier>
    </Filter>
    <Filter Include="GameObject\Camera">
      <UniqueIdentifier>{7c59fef2-f1a6-4711-8d22-c99d9ecf8300}</UniqueIdentifier>
    </Filter>
    <Filter Include="00.MainApp">
      <UniqueIdentifier>{206bb37a-6a90-4994-a000-7d86078d014f}</UniqueIdentifier>
    </Filter>
    <Filter Include="Scene">
      <UniqueIdentifier>{0bc203e6-e112-4622-b60f-7f6bee0e06ba}</UniqueIdentifier>
    </Filter>
    <Filter Include="Scene\Loading">
      <UniqueIdentifier>{ffa30ee9-194d-4480-815a-98e9017a23d3}</UniqueIdentifier>
    </Filter>
    <Filter Include="Scene\Loading\Loader">
      <UniqueIdentifier>{e1a7c89c-a127-4dc9-a623-39cb241719a5}</UniqueIdentifier>
    </Filter>
    <Filter Include="Scene\Stage1">
      <UniqueIdentifier>{c87a96f1-ed71-49c7-b5c1-38226d18be7a}</UniqueIdentifier>
    </Filter>
    <Filter Include="GameObject\BackGround">
      <UniqueIdentifier>{85203f3e-084b-4c7d-9900-42d5bc9f3974}</UniqueIdentifier>
    </Filter>
    <Filter Include="GameObject\SkyBox">
      <UniqueIdentifier>{118ed0e5-2a7b-4ccb-8eaa-26d60defcb71}</UniqueIdentifier>
    </Filter>
    <Filter Include="GameObject\Player">
      <UniqueIdentifier>{b7b64da2-d9fb-4234-b843-4b47de6bd51b}</UniqueIdentifier>
    </Filter>
  </ItemGroup>
  <ItemGroup>
    <ClInclude Include="framework.h">
      <Filter>Default\Headers</Filter>
    </ClInclude>
    <ClInclude Include="Resource.h">
      <Filter>Default\Headers</Filter>
    </ClInclude>
    <ClInclude Include="ShaderExamples.h">
      <Filter>Default\Headers</Filter>
    </ClInclude>
    <ClInclude Include="targetver.h">
      <Filter>Default\Headers</Filter>
    </ClInclude>
    <ClInclude Include="..\public\MainApp.h">
      <Filter>00.MainApp</Filter>
    </ClInclude>
    <ClInclude Include="Defines.h">
      <Filter>Includes</Filter>
    </ClInclude>
    <ClInclude Include="..\public\Floor.h">
      <Filter>GameObject\Floor</Filter>
    </ClInclude>
    <ClInclude Include="..\public\MainCamera.h">
      <Filter>GameObject\Camera</Filter>
    </ClInclude>
    <ClInclude Include="..\public\Loading.h">
      <Filter>Scene\Loading</Filter>
    </ClInclude>
    <ClInclude Include="..\public\Loader.h">
      <Filter>Scene\Loading\Loader</Filter>
    </ClInclude>
    <ClInclude Include="..\public\Stage1.h">
      <Filter>Scene\Stage1</Filter>
    </ClInclude>
    <ClInclude Include="..\public\BackGround.h">
      <Filter>GameObject\BackGround</Filter>
    </ClInclude>
    <ClInclude Include="..\public\SkyBox.h">
      <Filter>GameObject\SkyBox</Filter>
    </ClInclude>
    <ClInclude Include="..\public\Player.h">
      <Filter>GameObject\Player</Filter>
    </ClInclude>
    <ClInclude Include="..\bin\ShaderFiles\Shader_Calculate.hpp">
      <Filter>ShaderFiles</Filter>
    </ClInclude>
    <ClInclude Include="..\bin\ShaderFiles\Shader_RenderState.hpp">
      <Filter>ShaderFiles</Filter>
    </ClInclude>
  </ItemGroup>
  <ItemGroup>
    <ResourceCompile Include="ShaderExamples.rc">
      <Filter>Default\리소스 파일</Filter>
    </ResourceCompile>
  </ItemGroup>
  <ItemGroup>
    <Image Include="small.ico">
      <Filter>Default\리소스 파일</Filter>
    </Image>
    <Image Include="ShaderExamples.ico">
      <Filter>Default\리소스 파일</Filter>
    </Image>
  </ItemGroup>
  <ItemGroup>
    <ClCompile Include="ShaderExamples.cpp">
      <Filter>Default\Codes</Filter>
    </ClCompile>
    <ClCompile Include="..\private\MainApp.cpp">
      <Filter>00.MainApp</Filter>
    </ClCompile>
    <ClCompile Include="..\private\Floor.cpp">
      <Filter>GameObject\Floor</Filter>
    </ClCompile>
    <ClCompile Include="..\private\MainCamera.cpp">
      <Filter>GameObject\Camera</Filter>
    </ClCompile>
    <ClCompile Include="..\private\Loading.cpp">
      <Filter>Scene\Loading</Filter>
    </ClCompile>
    <ClCompile Include="..\private\Loader.cpp">
      <Filter>Scene\Loading\Loader</Filter>
    </ClCompile>
    <ClCompile Include="..\private\Stage1.cpp">
      <Filter>Scene\Stage1</Filter>
    </ClCompile>
    <ClCompile Include="..\private\BackGround.cpp">
      <Filter>GameObject\BackGround</Filter>
    </ClCompile>
    <ClCompile Include="..\private\SkyBox.cpp">
      <Filter>GameObject\SkyBox</Filter>
    </ClCompile>
    <ClCompile Include="..\private\Player.cpp">
      <Filter>GameObject\Player</Filter>
    </ClCompile>
  </ItemGroup>
  <ItemGroup>
    <FxCompile Include="..\bin\ShaderFiles\Shader_CSGSBlur.hlsl">
      <Filter>ShaderFiles</Filter>
    </FxCompile>
    <FxCompile Include="..\bin\ShaderFiles\Shader_Cube.hlsl">
      <Filter>ShaderFiles</Filter>
    </FxCompile>
    <FxCompile Include="..\bin\ShaderFiles\Shader_DownSample.hlsl">
      <Filter>ShaderFiles</Filter>
    </FxCompile>
    <FxCompile Include="..\bin\ShaderFiles\Shader_DSViewPort.hlsl">
      <Filter>ShaderFiles</Filter>
    </FxCompile>
    <FxCompile Include="..\bin\ShaderFiles\Shader_Instance.hlsl">
      <Filter>ShaderFiles</Filter>
    </FxCompile>
    <FxCompile Include="..\bin\ShaderFiles\Shader_Mesh.hlsl">
      <Filter>ShaderFiles</Filter>
    </FxCompile>
    <FxCompile Include="..\bin\ShaderFiles\Shader_MeshAnim.hlsl">
      <Filter>ShaderFiles</Filter>
    </FxCompile>
    <FxCompile Include="..\bin\ShaderFiles\Shader_PointInstance.hlsl">
      <Filter>ShaderFiles</Filter>
    </FxCompile>
    <FxCompile Include="..\bin\ShaderFiles\Shader_Rect.hlsl">
      <Filter>ShaderFiles</Filter>
    </FxCompile>
    <FxCompile Include="..\bin\ShaderFiles\Shader_RectViewport.hlsl">
      <Filter>ShaderFiles</Filter>
    </FxCompile>
    <FxCompile Include="..\bin\ShaderFiles\Shader_StaticMesh.hlsl">
      <Filter>ShaderFiles</Filter>
    </FxCompile>
    <FxCompile Include="..\bin\ShaderFiles\Shader_Terrain.hlsl">
      <Filter>ShaderFiles</Filter>
    </FxCompile>
    <FxCompile Include="..\bin\ShaderFiles\Shader_Triangle.hlsl">
      <Filter>ShaderFiles</Filter>
    </FxCompile>
  </ItemGroup>
</Project>