<?xml version="1.0" encoding="utf-8"?>
<Project ToolsVersion="4.0" xmlns="http://schemas.microsoft.com/developer/msbuild/2003">
  <ItemGroup>
    <Filter Include="99.Default">
      <UniqueIdentifier>{a3a3c5ac-a233-4fc6-b3f3-45ea04e65353}</UniqueIdentifier>
    </Filter>
    <Filter Include="00.MainFrame">
      <UniqueIdentifier>{b2392279-423d-42ee-8bd4-092b41dd2a64}</UniqueIdentifier>
    </Filter>
    <Filter Include="01.ToolView">
      <UniqueIdentifier>{6b671f3b-3401-4f70-af1c-a5bc7c80056d}</UniqueIdentifier>
    </Filter>
    <Filter Include="02.Document">
      <UniqueIdentifier>{2f8f4c58-c899-4cf1-b72c-ea2f93fc3ac2}</UniqueIdentifier>
    </Filter>
    <Filter Include="03.Form">
      <UniqueIdentifier>{75dcb894-271e-4560-97f3-fc8b4c5060a7}</UniqueIdentifier>
    </Filter>
    <Filter Include="97.WinMain">
      <UniqueIdentifier>{58345716-4247-4da8-bfba-eba2e24ebbd8}</UniqueIdentifier>
    </Filter>
    <Filter Include="98.Headers">
      <UniqueIdentifier>{49760d63-ee96-4a28-94cd-e4d230b65d64}</UniqueIdentifier>
    </Filter>
    <Filter Include="98.Headers\Inlcude">
      <UniqueIdentifier>{bff18ab1-bf8d-42ab-bcff-b34ddf77ef12}</UniqueIdentifier>
    </Filter>
    <Filter Include="04.Level">
      <UniqueIdentifier>{d0878e07-0c9e-46ac-be43-5e645707f58b}</UniqueIdentifier>
    </Filter>
    <Filter Include="05.Object">
      <UniqueIdentifier>{637d1aee-22ef-48be-b4d9-be54a8ee37e7}</UniqueIdentifier>
    </Filter>
    <Filter Include="05.Object\00.Model">
      <UniqueIdentifier>{ff4806bb-f4ad-4c3f-a7b8-0eff72b21a78}</UniqueIdentifier>
    </Filter>
    <Filter Include="05.Object\01.Camera">
      <UniqueIdentifier>{5b244491-66be-4fe6-9150-ea84925dcdd3}</UniqueIdentifier>
    </Filter>
  </ItemGroup>
  <ItemGroup>
    <ClInclude Include="pch.h">
      <Filter>99.Default</Filter>
    </ClInclude>
    <ClInclude Include="Resource.h">
      <Filter>99.Default</Filter>
    </ClInclude>
    <ClInclude Include="targetver.h">
      <Filter>99.Default</Filter>
    </ClInclude>
    <ClInclude Include="MainFrm.h">
      <Filter>00.MainFrame</Filter>
    </ClInclude>
    <ClInclude Include="Tool_YASICDoc.h">
      <Filter>02.Document</Filter>
    </ClInclude>
    <ClInclude Include="Tool_YASICView.h">
      <Filter>01.ToolView</Filter>
    </ClInclude>
    <ClInclude Include="Tool_YASIC.h">
      <Filter>97.WinMain</Filter>
    </ClInclude>
    <ClInclude Include="framework.h">
      <Filter>97.WinMain</Filter>
    </ClInclude>
    <ClInclude Include="..\Code\MainForm.h">
      <Filter>03.Form</Filter>
    </ClInclude>
    <ClInclude Include="..\Code\Tool_Include.h">
      <Filter>98.Headers</Filter>
    </ClInclude>
    <ClInclude Include="..\Code\Tool_Define.h">
      <Filter>98.Headers\Inlcude</Filter>
    </ClInclude>
    <ClInclude Include="..\Code\Tool_Enum.h">
      <Filter>98.Headers\Inlcude</Filter>
    </ClInclude>
    <ClInclude Include="..\Code\Tool_Extern.h">
      <Filter>98.Headers\Inlcude</Filter>
    </ClInclude>
    <ClInclude Include="..\Code\Material_Level.h">
      <Filter>04.Level</Filter>
    </ClInclude>
    <ClInclude Include="..\Code\ModelObject.h">
      <Filter>05.Object\00.Model</Filter>
    </ClInclude>
    <ClInclude Include="..\Code\MaterialCamera.h">
      <Filter>05.Object\01.Camera</Filter>
    </ClInclude>
  </ItemGroup>
  <ItemGroup>
    <ClCompile Include="pch.cpp">
      <Filter>99.Default</Filter>
    </ClCompile>
    <ClCompile Include="MainFrm.cpp">
      <Filter>00.MainFrame</Filter>
    </ClCompile>
    <ClCompile Include="Tool_YASICDoc.cpp">
      <Filter>02.Document</Filter>
    </ClCompile>
    <ClCompile Include="Tool_YASICView.cpp">
      <Filter>01.ToolView</Filter>
    </ClCompile>
    <ClCompile Include="Tool_YASIC.cpp">
      <Filter>97.WinMain</Filter>
    </ClCompile>
    <ClCompile Include="..\Code\MainForm.cpp">
      <Filter>03.Form</Filter>
    </ClCompile>
    <ClCompile Include="..\Code\Material_Level.cpp">
      <Filter>04.Level</Filter>
    </ClCompile>
    <ClCompile Include="..\Code\ModelObject.cpp">
      <Filter>05.Object\00.Model</Filter>
    </ClCompile>
    <ClCompile Include="..\Code\MaterialCamera.cpp">
      <Filter>05.Object\01.Camera</Filter>
    </ClCompile>
  </ItemGroup>
  <ItemGroup>
    <Image Include="res\Tool_YASIC.ico">
      <Filter>99.Default</Filter>
    </Image>
    <Image Include="res\Tool_YASICDoc.ico">
      <Filter>99.Default</Filter>
    </Image>
  </ItemGroup>
  <ItemGroup>
    <ResourceCompile Include="ToolYASIC.rc">
      <Filter>99.Default</Filter>
    </ResourceCompile>
  </ItemGroup>
  <ItemGroup>
    <None Include="res\ToolYASIC.rc2">
      <Filter>99.Default</Filter>
    </None>
  </ItemGroup>
</Project>